
Microsoft Visual Studio Solution File, Format Version 12.00
# Visual Studio Version 17
VisualStudioVersion = 17.5.33424.131
MinimumVisualStudioVersion = 10.0.40219.1
Project("{2150E333-8FDC-42A3-9474-1A3956D46DE8}") = "Common", "Common", "{DC45EAC1-1CCC-4BEA-8C1C-EB0BFD6C4F5E}"
EndProject
Project("{9A19103F-16F7-4668-BE54-9A1E7A4F7556}") = "Common.ExtensionsAndHelpers", "Common\Common.ExtensionsAndHelpers\Common.ExtensionsAndHelpers.csproj", "{77E80206-E74E-4834-B7D3-40CBF30C3CFC}"
EndProject
Project("{2150E333-8FDC-42A3-9474-1A3956D46DE8}") = "Mediator", "Mediator", "{9422FD81-F6D3-440C-ABCE-08A71C70BBA2}"
EndProject
Project("{9A19103F-16F7-4668-BE54-9A1E7A4F7556}") = "Common.ExtensionsAndHelpers.Test.Unit", "Common\Common.ExtensionsAndHelpers.Test.Unit\Common.ExtensionsAndHelpers.Test.Unit.csproj", "{5ED88424-F7E3-4541-879E-D1E93FB38F59}"
EndProject
Project("{2150E333-8FDC-42A3-9474-1A3956D46DE8}") = "Terminal", "Terminal", "{DA832325-FC3D-4097-AABB-51AE45950460}"
EndProject
Project("{2150E333-8FDC-42A3-9474-1A3956D46DE8}") = "MetaQuotes", "MetaQuotes", "{1CC6F02C-CB9B-404C-A979-0C9D064C6D44}"
EndProject
Project("{2150E333-8FDC-42A3-9474-1A3956D46DE8}") = "MetaQuotes.MQL5", "MetaQuotes.MQL5", "{18169FF4-5C33-49CD-BF92-BAF66E5BC2BA}"
	ProjectSection(SolutionItems) = preProject
		MetaQuotes\MetaQuotes.MQL5\Ea.mq4 = MetaQuotes\MetaQuotes.MQL5\Ea.mq4
		MetaQuotes\MetaQuotes.MQL5\Indicator.mq5 = MetaQuotes\MetaQuotes.MQL5\Indicator.mq5
		MetaQuotes\MetaQuotes.MQL5\InstallOnUnit1068.bat = MetaQuotes\MetaQuotes.MQL5\InstallOnUnit1068.bat
		MetaQuotes\MetaQuotes.MQL5\readMe.txt = MetaQuotes\MetaQuotes.MQL5\readMe.txt
	EndProjectSection
EndProject
Project("{9A19103F-16F7-4668-BE54-9A1E7A4F7556}") = "Common.MetaQuotes.Mediator", "Common\Common.MetaQuotes.Mediator\Common.MetaQuotes.Mediator.csproj", "{AF58E9B9-93EB-42F4-8322-65330B81AC63}"
EndProject
Project("{9A19103F-16F7-4668-BE54-9A1E7A4F7556}") = "Mediator.Processors", "Mediator\Mediator.Processors\Mediator.Processors.csproj", "{38FD9D00-F24E-49A8-BB33-B6B1B315D57F}"
EndProject
Project("{9A19103F-16F7-4668-BE54-9A1E7A4F7556}") = "Mediator.Console", "Mediator\Mediator.Console\Mediator.Console.csproj", "{D3A04359-FB3D-4D03-AB68-0CDE6A967E52}"
EndProject
Project("{9A19103F-16F7-4668-BE54-9A1E7A4F7556}") = "MetaQuotes.Console", "MetaQuotes\MetaQuotes.Console\MetaQuotes.Console.csproj", "{8C7FA97F-9C6B-4ACC-9AD0-91948633646B}"
EndProject
Project("{9A19103F-16F7-4668-BE54-9A1E7A4F7556}") = "Common.Protos", "Common\Common.Protos\Common.Protos.csproj", "{C6F1BA08-354D-4B0E-B2DD-D1ADD2793F10}"
EndProject
Project("{9A19103F-16F7-4668-BE54-9A1E7A4F7556}") = "Terminal.Console", "Terminal\Terminal.Console\Terminal.Console.csproj", "{3E83322F-E834-4B52-B219-A5A33865F132}"
EndProject
Project("{9A19103F-16F7-4668-BE54-9A1E7A4F7556}") = "Mediator.Client.Mediator.To.Terminal", "Mediator\Mediator.Client.Mediator.To.Terminal\Mediator.Client.Mediator.To.Terminal.csproj", "{11AC005B-A9BD-44CA-9CA0-78EA7A50CE14}"
EndProject
Project("{9A19103F-16F7-4668-BE54-9A1E7A4F7556}") = "Mediator.Administrator", "Mediator\Mediator.Administrator\Mediator.Administrator.csproj", "{29363B78-28B7-4B77-AA6C-A52376F58721}"
EndProject
Project("{9A19103F-16F7-4668-BE54-9A1E7A4F7556}") = "Mediator.Repository", "Mediator\Mediator.Repository\Mediator.Repository.csproj", "{E5D27511-8174-44BA-A740-48B61865BC6A}"
EndProject
Project("{9A19103F-16F7-4668-BE54-9A1E7A4F7556}") = "Mediator.Service.Terminal.To.Mediator", "Mediator\Mediator.Service.Terminal.To.Mediator\Mediator.Service.Terminal.To.Mediator.csproj", "{16DAFB84-7F68-4B09-9005-200998E614B2}"
EndProject
Project("{9A19103F-16F7-4668-BE54-9A1E7A4F7556}") = "Mediator.Service.Indicator.To.Mediator", "Mediator\Mediator.Service.Indicator.To.Mediator\Mediator.Service.Indicator.To.Mediator.csproj", "{5B7F14C0-DE93-49ED-8FA5-E8DBB9B8B811}"
EndProject
Project("{9A19103F-16F7-4668-BE54-9A1E7A4F7556}") = "Common.Entities", "Common\Common.Entities\Common.Entities.csproj", "{5CE390C8-BF60-4FA3-AF4B-48545BEA8B62}"
EndProject
Project("{9A19103F-16F7-4668-BE54-9A1E7A4F7556}") = "MetaQuotes.Client.Indicator.To.Mediator", "MetaQuotes\MetaQuotes.Client.Indicator.To.Mediator\MetaQuotes.Client.Indicator.To.Mediator.csproj", "{ABEF780C-1930-473B-8BC4-AACF56B68032}"
EndProject
Project("{9A19103F-16F7-4668-BE54-9A1E7A4F7556}") = "Terminal.WinUI3", "Terminal\Terminal.WinUI3\Terminal.WinUI3.csproj", "{0D24A2FF-FEB0-4C8E-9EB1-AEB56DE7381A}"
EndProject
Global
	GlobalSection(SolutionConfigurationPlatforms) = preSolution
		Debug|Any CPU = Debug|Any CPU
		Debug|ARM = Debug|ARM
		Debug|ARM64 = Debug|ARM64
		Debug|Win32 = Debug|Win32
		Debug|x64 = Debug|x64
		Debug|x86 = Debug|x86
		NoCppProject|Any CPU = NoCppProject|Any CPU
		NoCppProject|ARM = NoCppProject|ARM
		NoCppProject|ARM64 = NoCppProject|ARM64
		NoCppProject|Win32 = NoCppProject|Win32
		NoCppProject|x64 = NoCppProject|x64
		NoCppProject|x86 = NoCppProject|x86
		Release|Any CPU = Release|Any CPU
		Release|ARM = Release|ARM
		Release|ARM64 = Release|ARM64
		Release|Win32 = Release|Win32
		Release|x64 = Release|x64
		Release|x86 = Release|x86
	EndGlobalSection
	GlobalSection(ProjectConfigurationPlatforms) = postSolution
		{77E80206-E74E-4834-B7D3-40CBF30C3CFC}.Debug|Any CPU.ActiveCfg = Debug|Any CPU
		{77E80206-E74E-4834-B7D3-40CBF30C3CFC}.Debug|Any CPU.Build.0 = Debug|Any CPU
		{77E80206-E74E-4834-B7D3-40CBF30C3CFC}.Debug|ARM.ActiveCfg = Debug|Any CPU
		{77E80206-E74E-4834-B7D3-40CBF30C3CFC}.Debug|ARM.Build.0 = Debug|Any CPU
		{77E80206-E74E-4834-B7D3-40CBF30C3CFC}.Debug|ARM64.ActiveCfg = Debug|Any CPU
		{77E80206-E74E-4834-B7D3-40CBF30C3CFC}.Debug|ARM64.Build.0 = Debug|Any CPU
		{77E80206-E74E-4834-B7D3-40CBF30C3CFC}.Debug|Win32.ActiveCfg = Debug|Any CPU
		{77E80206-E74E-4834-B7D3-40CBF30C3CFC}.Debug|Win32.Build.0 = Debug|Any CPU
		{77E80206-E74E-4834-B7D3-40CBF30C3CFC}.Debug|x64.ActiveCfg = Debug|Any CPU
		{77E80206-E74E-4834-B7D3-40CBF30C3CFC}.Debug|x64.Build.0 = Debug|Any CPU
		{77E80206-E74E-4834-B7D3-40CBF30C3CFC}.Debug|x86.ActiveCfg = Debug|Any CPU
		{77E80206-E74E-4834-B7D3-40CBF30C3CFC}.Debug|x86.Build.0 = Debug|Any CPU
		{77E80206-E74E-4834-B7D3-40CBF30C3CFC}.NoCppProject|Any CPU.ActiveCfg = NoCppProject|Any CPU
		{77E80206-E74E-4834-B7D3-40CBF30C3CFC}.NoCppProject|Any CPU.Build.0 = NoCppProject|Any CPU
		{77E80206-E74E-4834-B7D3-40CBF30C3CFC}.NoCppProject|ARM.ActiveCfg = NoCppProject|Any CPU
		{77E80206-E74E-4834-B7D3-40CBF30C3CFC}.NoCppProject|ARM.Build.0 = NoCppProject|Any CPU
		{77E80206-E74E-4834-B7D3-40CBF30C3CFC}.NoCppProject|ARM64.ActiveCfg = NoCppProject|Any CPU
		{77E80206-E74E-4834-B7D3-40CBF30C3CFC}.NoCppProject|ARM64.Build.0 = NoCppProject|Any CPU
		{77E80206-E74E-4834-B7D3-40CBF30C3CFC}.NoCppProject|Win32.ActiveCfg = NoCppProject|Any CPU
		{77E80206-E74E-4834-B7D3-40CBF30C3CFC}.NoCppProject|Win32.Build.0 = NoCppProject|Any CPU
		{77E80206-E74E-4834-B7D3-40CBF30C3CFC}.NoCppProject|x64.ActiveCfg = NoCppProject|Any CPU
		{77E80206-E74E-4834-B7D3-40CBF30C3CFC}.NoCppProject|x64.Build.0 = NoCppProject|Any CPU
		{77E80206-E74E-4834-B7D3-40CBF30C3CFC}.NoCppProject|x86.ActiveCfg = NoCppProject|Any CPU
		{77E80206-E74E-4834-B7D3-40CBF30C3CFC}.NoCppProject|x86.Build.0 = NoCppProject|Any CPU
		{77E80206-E74E-4834-B7D3-40CBF30C3CFC}.Release|Any CPU.ActiveCfg = Release|Any CPU
		{77E80206-E74E-4834-B7D3-40CBF30C3CFC}.Release|Any CPU.Build.0 = Release|Any CPU
		{77E80206-E74E-4834-B7D3-40CBF30C3CFC}.Release|ARM.ActiveCfg = Release|Any CPU
		{77E80206-E74E-4834-B7D3-40CBF30C3CFC}.Release|ARM.Build.0 = Release|Any CPU
		{77E80206-E74E-4834-B7D3-40CBF30C3CFC}.Release|ARM64.ActiveCfg = Release|Any CPU
		{77E80206-E74E-4834-B7D3-40CBF30C3CFC}.Release|ARM64.Build.0 = Release|Any CPU
		{77E80206-E74E-4834-B7D3-40CBF30C3CFC}.Release|Win32.ActiveCfg = Release|Any CPU
		{77E80206-E74E-4834-B7D3-40CBF30C3CFC}.Release|Win32.Build.0 = Release|Any CPU
		{77E80206-E74E-4834-B7D3-40CBF30C3CFC}.Release|x64.ActiveCfg = Release|Any CPU
		{77E80206-E74E-4834-B7D3-40CBF30C3CFC}.Release|x64.Build.0 = Release|Any CPU
		{77E80206-E74E-4834-B7D3-40CBF30C3CFC}.Release|x86.ActiveCfg = Release|Any CPU
		{77E80206-E74E-4834-B7D3-40CBF30C3CFC}.Release|x86.Build.0 = Release|Any CPU
		{5ED88424-F7E3-4541-879E-D1E93FB38F59}.Debug|Any CPU.ActiveCfg = Debug|Any CPU
		{5ED88424-F7E3-4541-879E-D1E93FB38F59}.Debug|Any CPU.Build.0 = Debug|Any CPU
		{5ED88424-F7E3-4541-879E-D1E93FB38F59}.Debug|ARM.ActiveCfg = Debug|Any CPU
		{5ED88424-F7E3-4541-879E-D1E93FB38F59}.Debug|ARM.Build.0 = Debug|Any CPU
		{5ED88424-F7E3-4541-879E-D1E93FB38F59}.Debug|ARM64.ActiveCfg = Debug|Any CPU
		{5ED88424-F7E3-4541-879E-D1E93FB38F59}.Debug|ARM64.Build.0 = Debug|Any CPU
		{5ED88424-F7E3-4541-879E-D1E93FB38F59}.Debug|Win32.ActiveCfg = Debug|Any CPU
		{5ED88424-F7E3-4541-879E-D1E93FB38F59}.Debug|Win32.Build.0 = Debug|Any CPU
		{5ED88424-F7E3-4541-879E-D1E93FB38F59}.Debug|x64.ActiveCfg = Debug|Any CPU
		{5ED88424-F7E3-4541-879E-D1E93FB38F59}.Debug|x64.Build.0 = Debug|Any CPU
		{5ED88424-F7E3-4541-879E-D1E93FB38F59}.Debug|x86.ActiveCfg = Debug|Any CPU
		{5ED88424-F7E3-4541-879E-D1E93FB38F59}.Debug|x86.Build.0 = Debug|Any CPU
		{5ED88424-F7E3-4541-879E-D1E93FB38F59}.NoCppProject|Any CPU.ActiveCfg = NoCppProject|Any CPU
		{5ED88424-F7E3-4541-879E-D1E93FB38F59}.NoCppProject|Any CPU.Build.0 = NoCppProject|Any CPU
		{5ED88424-F7E3-4541-879E-D1E93FB38F59}.NoCppProject|ARM.ActiveCfg = NoCppProject|Any CPU
		{5ED88424-F7E3-4541-879E-D1E93FB38F59}.NoCppProject|ARM.Build.0 = NoCppProject|Any CPU
		{5ED88424-F7E3-4541-879E-D1E93FB38F59}.NoCppProject|ARM64.ActiveCfg = NoCppProject|Any CPU
		{5ED88424-F7E3-4541-879E-D1E93FB38F59}.NoCppProject|ARM64.Build.0 = NoCppProject|Any CPU
		{5ED88424-F7E3-4541-879E-D1E93FB38F59}.NoCppProject|Win32.ActiveCfg = NoCppProject|Any CPU
		{5ED88424-F7E3-4541-879E-D1E93FB38F59}.NoCppProject|Win32.Build.0 = NoCppProject|Any CPU
		{5ED88424-F7E3-4541-879E-D1E93FB38F59}.NoCppProject|x64.ActiveCfg = NoCppProject|Any CPU
		{5ED88424-F7E3-4541-879E-D1E93FB38F59}.NoCppProject|x64.Build.0 = NoCppProject|Any CPU
		{5ED88424-F7E3-4541-879E-D1E93FB38F59}.NoCppProject|x86.ActiveCfg = NoCppProject|Any CPU
		{5ED88424-F7E3-4541-879E-D1E93FB38F59}.NoCppProject|x86.Build.0 = NoCppProject|Any CPU
		{5ED88424-F7E3-4541-879E-D1E93FB38F59}.Release|Any CPU.ActiveCfg = Release|Any CPU
		{5ED88424-F7E3-4541-879E-D1E93FB38F59}.Release|Any CPU.Build.0 = Release|Any CPU
		{5ED88424-F7E3-4541-879E-D1E93FB38F59}.Release|ARM.ActiveCfg = Release|Any CPU
		{5ED88424-F7E3-4541-879E-D1E93FB38F59}.Release|ARM.Build.0 = Release|Any CPU
		{5ED88424-F7E3-4541-879E-D1E93FB38F59}.Release|ARM64.ActiveCfg = Release|Any CPU
		{5ED88424-F7E3-4541-879E-D1E93FB38F59}.Release|ARM64.Build.0 = Release|Any CPU
		{5ED88424-F7E3-4541-879E-D1E93FB38F59}.Release|Win32.ActiveCfg = Release|Any CPU
		{5ED88424-F7E3-4541-879E-D1E93FB38F59}.Release|Win32.Build.0 = Release|Any CPU
		{5ED88424-F7E3-4541-879E-D1E93FB38F59}.Release|x64.ActiveCfg = Release|Any CPU
		{5ED88424-F7E3-4541-879E-D1E93FB38F59}.Release|x64.Build.0 = Release|Any CPU
		{5ED88424-F7E3-4541-879E-D1E93FB38F59}.Release|x86.ActiveCfg = Release|Any CPU
		{5ED88424-F7E3-4541-879E-D1E93FB38F59}.Release|x86.Build.0 = Release|Any CPU
		{AF58E9B9-93EB-42F4-8322-65330B81AC63}.Debug|Any CPU.ActiveCfg = Debug|Any CPU
		{AF58E9B9-93EB-42F4-8322-65330B81AC63}.Debug|Any CPU.Build.0 = Debug|Any CPU
		{AF58E9B9-93EB-42F4-8322-65330B81AC63}.Debug|ARM.ActiveCfg = Debug|Any CPU
		{AF58E9B9-93EB-42F4-8322-65330B81AC63}.Debug|ARM.Build.0 = Debug|Any CPU
		{AF58E9B9-93EB-42F4-8322-65330B81AC63}.Debug|ARM64.ActiveCfg = Debug|Any CPU
		{AF58E9B9-93EB-42F4-8322-65330B81AC63}.Debug|ARM64.Build.0 = Debug|Any CPU
		{AF58E9B9-93EB-42F4-8322-65330B81AC63}.Debug|Win32.ActiveCfg = Debug|Any CPU
		{AF58E9B9-93EB-42F4-8322-65330B81AC63}.Debug|Win32.Build.0 = Debug|Any CPU
		{AF58E9B9-93EB-42F4-8322-65330B81AC63}.Debug|x64.ActiveCfg = Debug|Any CPU
		{AF58E9B9-93EB-42F4-8322-65330B81AC63}.Debug|x64.Build.0 = Debug|Any CPU
		{AF58E9B9-93EB-42F4-8322-65330B81AC63}.Debug|x86.ActiveCfg = Debug|Any CPU
		{AF58E9B9-93EB-42F4-8322-65330B81AC63}.Debug|x86.Build.0 = Debug|Any CPU
		{AF58E9B9-93EB-42F4-8322-65330B81AC63}.NoCppProject|Any CPU.ActiveCfg = Debug|Any CPU
		{AF58E9B9-93EB-42F4-8322-65330B81AC63}.NoCppProject|Any CPU.Build.0 = Debug|Any CPU
		{AF58E9B9-93EB-42F4-8322-65330B81AC63}.NoCppProject|ARM.ActiveCfg = Debug|Any CPU
		{AF58E9B9-93EB-42F4-8322-65330B81AC63}.NoCppProject|ARM.Build.0 = Debug|Any CPU
		{AF58E9B9-93EB-42F4-8322-65330B81AC63}.NoCppProject|ARM64.ActiveCfg = Debug|Any CPU
		{AF58E9B9-93EB-42F4-8322-65330B81AC63}.NoCppProject|ARM64.Build.0 = Debug|Any CPU
		{AF58E9B9-93EB-42F4-8322-65330B81AC63}.NoCppProject|Win32.ActiveCfg = Debug|Any CPU
		{AF58E9B9-93EB-42F4-8322-65330B81AC63}.NoCppProject|Win32.Build.0 = Debug|Any CPU
		{AF58E9B9-93EB-42F4-8322-65330B81AC63}.NoCppProject|x64.ActiveCfg = Debug|Any CPU
		{AF58E9B9-93EB-42F4-8322-65330B81AC63}.NoCppProject|x64.Build.0 = Debug|Any CPU
		{AF58E9B9-93EB-42F4-8322-65330B81AC63}.NoCppProject|x86.ActiveCfg = Debug|Any CPU
		{AF58E9B9-93EB-42F4-8322-65330B81AC63}.NoCppProject|x86.Build.0 = Debug|Any CPU
		{AF58E9B9-93EB-42F4-8322-65330B81AC63}.Release|Any CPU.ActiveCfg = Release|Any CPU
		{AF58E9B9-93EB-42F4-8322-65330B81AC63}.Release|Any CPU.Build.0 = Release|Any CPU
		{AF58E9B9-93EB-42F4-8322-65330B81AC63}.Release|ARM.ActiveCfg = Release|Any CPU
		{AF58E9B9-93EB-42F4-8322-65330B81AC63}.Release|ARM.Build.0 = Release|Any CPU
		{AF58E9B9-93EB-42F4-8322-65330B81AC63}.Release|ARM64.ActiveCfg = Release|Any CPU
		{AF58E9B9-93EB-42F4-8322-65330B81AC63}.Release|ARM64.Build.0 = Release|Any CPU
		{AF58E9B9-93EB-42F4-8322-65330B81AC63}.Release|Win32.ActiveCfg = Release|Any CPU
		{AF58E9B9-93EB-42F4-8322-65330B81AC63}.Release|Win32.Build.0 = Release|Any CPU
		{AF58E9B9-93EB-42F4-8322-65330B81AC63}.Release|x64.ActiveCfg = Release|Any CPU
		{AF58E9B9-93EB-42F4-8322-65330B81AC63}.Release|x64.Build.0 = Release|Any CPU
		{AF58E9B9-93EB-42F4-8322-65330B81AC63}.Release|x86.ActiveCfg = Release|Any CPU
		{AF58E9B9-93EB-42F4-8322-65330B81AC63}.Release|x86.Build.0 = Release|Any CPU
		{38FD9D00-F24E-49A8-BB33-B6B1B315D57F}.Debug|Any CPU.ActiveCfg = Debug|Any CPU
		{38FD9D00-F24E-49A8-BB33-B6B1B315D57F}.Debug|Any CPU.Build.0 = Debug|Any CPU
		{38FD9D00-F24E-49A8-BB33-B6B1B315D57F}.Debug|ARM.ActiveCfg = Debug|Any CPU
		{38FD9D00-F24E-49A8-BB33-B6B1B315D57F}.Debug|ARM.Build.0 = Debug|Any CPU
		{38FD9D00-F24E-49A8-BB33-B6B1B315D57F}.Debug|ARM64.ActiveCfg = Debug|Any CPU
		{38FD9D00-F24E-49A8-BB33-B6B1B315D57F}.Debug|ARM64.Build.0 = Debug|Any CPU
		{38FD9D00-F24E-49A8-BB33-B6B1B315D57F}.Debug|Win32.ActiveCfg = Debug|Any CPU
		{38FD9D00-F24E-49A8-BB33-B6B1B315D57F}.Debug|Win32.Build.0 = Debug|Any CPU
		{38FD9D00-F24E-49A8-BB33-B6B1B315D57F}.Debug|x64.ActiveCfg = Debug|Any CPU
		{38FD9D00-F24E-49A8-BB33-B6B1B315D57F}.Debug|x64.Build.0 = Debug|Any CPU
		{38FD9D00-F24E-49A8-BB33-B6B1B315D57F}.Debug|x86.ActiveCfg = Debug|Any CPU
		{38FD9D00-F24E-49A8-BB33-B6B1B315D57F}.Debug|x86.Build.0 = Debug|Any CPU
		{38FD9D00-F24E-49A8-BB33-B6B1B315D57F}.NoCppProject|Any CPU.ActiveCfg = Debug|Any CPU
		{38FD9D00-F24E-49A8-BB33-B6B1B315D57F}.NoCppProject|Any CPU.Build.0 = Debug|Any CPU
		{38FD9D00-F24E-49A8-BB33-B6B1B315D57F}.NoCppProject|ARM.ActiveCfg = Debug|Any CPU
		{38FD9D00-F24E-49A8-BB33-B6B1B315D57F}.NoCppProject|ARM.Build.0 = Debug|Any CPU
		{38FD9D00-F24E-49A8-BB33-B6B1B315D57F}.NoCppProject|ARM64.ActiveCfg = Debug|Any CPU
		{38FD9D00-F24E-49A8-BB33-B6B1B315D57F}.NoCppProject|ARM64.Build.0 = Debug|Any CPU
		{38FD9D00-F24E-49A8-BB33-B6B1B315D57F}.NoCppProject|Win32.ActiveCfg = Debug|Any CPU
		{38FD9D00-F24E-49A8-BB33-B6B1B315D57F}.NoCppProject|Win32.Build.0 = Debug|Any CPU
		{38FD9D00-F24E-49A8-BB33-B6B1B315D57F}.NoCppProject|x64.ActiveCfg = Debug|Any CPU
		{38FD9D00-F24E-49A8-BB33-B6B1B315D57F}.NoCppProject|x64.Build.0 = Debug|Any CPU
		{38FD9D00-F24E-49A8-BB33-B6B1B315D57F}.NoCppProject|x86.ActiveCfg = Debug|Any CPU
		{38FD9D00-F24E-49A8-BB33-B6B1B315D57F}.NoCppProject|x86.Build.0 = Debug|Any CPU
		{38FD9D00-F24E-49A8-BB33-B6B1B315D57F}.Release|Any CPU.ActiveCfg = Release|Any CPU
		{38FD9D00-F24E-49A8-BB33-B6B1B315D57F}.Release|Any CPU.Build.0 = Release|Any CPU
		{38FD9D00-F24E-49A8-BB33-B6B1B315D57F}.Release|ARM.ActiveCfg = Release|Any CPU
		{38FD9D00-F24E-49A8-BB33-B6B1B315D57F}.Release|ARM.Build.0 = Release|Any CPU
		{38FD9D00-F24E-49A8-BB33-B6B1B315D57F}.Release|ARM64.ActiveCfg = Release|Any CPU
		{38FD9D00-F24E-49A8-BB33-B6B1B315D57F}.Release|ARM64.Build.0 = Release|Any CPU
		{38FD9D00-F24E-49A8-BB33-B6B1B315D57F}.Release|Win32.ActiveCfg = Release|Any CPU
		{38FD9D00-F24E-49A8-BB33-B6B1B315D57F}.Release|Win32.Build.0 = Release|Any CPU
		{38FD9D00-F24E-49A8-BB33-B6B1B315D57F}.Release|x64.ActiveCfg = Release|Any CPU
		{38FD9D00-F24E-49A8-BB33-B6B1B315D57F}.Release|x64.Build.0 = Release|Any CPU
		{38FD9D00-F24E-49A8-BB33-B6B1B315D57F}.Release|x86.ActiveCfg = Release|Any CPU
		{38FD9D00-F24E-49A8-BB33-B6B1B315D57F}.Release|x86.Build.0 = Release|Any CPU
		{D3A04359-FB3D-4D03-AB68-0CDE6A967E52}.Debug|Any CPU.ActiveCfg = Debug|Any CPU
		{D3A04359-FB3D-4D03-AB68-0CDE6A967E52}.Debug|Any CPU.Build.0 = Debug|Any CPU
		{D3A04359-FB3D-4D03-AB68-0CDE6A967E52}.Debug|ARM.ActiveCfg = Debug|Any CPU
		{D3A04359-FB3D-4D03-AB68-0CDE6A967E52}.Debug|ARM.Build.0 = Debug|Any CPU
		{D3A04359-FB3D-4D03-AB68-0CDE6A967E52}.Debug|ARM64.ActiveCfg = Debug|Any CPU
		{D3A04359-FB3D-4D03-AB68-0CDE6A967E52}.Debug|ARM64.Build.0 = Debug|Any CPU
		{D3A04359-FB3D-4D03-AB68-0CDE6A967E52}.Debug|Win32.ActiveCfg = Debug|Any CPU
		{D3A04359-FB3D-4D03-AB68-0CDE6A967E52}.Debug|Win32.Build.0 = Debug|Any CPU
		{D3A04359-FB3D-4D03-AB68-0CDE6A967E52}.Debug|x64.ActiveCfg = Debug|Any CPU
		{D3A04359-FB3D-4D03-AB68-0CDE6A967E52}.Debug|x64.Build.0 = Debug|Any CPU
		{D3A04359-FB3D-4D03-AB68-0CDE6A967E52}.Debug|x86.ActiveCfg = Debug|Any CPU
		{D3A04359-FB3D-4D03-AB68-0CDE6A967E52}.Debug|x86.Build.0 = Debug|Any CPU
		{D3A04359-FB3D-4D03-AB68-0CDE6A967E52}.NoCppProject|Any CPU.ActiveCfg = Debug|Any CPU
		{D3A04359-FB3D-4D03-AB68-0CDE6A967E52}.NoCppProject|Any CPU.Build.0 = Debug|Any CPU
		{D3A04359-FB3D-4D03-AB68-0CDE6A967E52}.NoCppProject|ARM.ActiveCfg = Debug|Any CPU
		{D3A04359-FB3D-4D03-AB68-0CDE6A967E52}.NoCppProject|ARM.Build.0 = Debug|Any CPU
		{D3A04359-FB3D-4D03-AB68-0CDE6A967E52}.NoCppProject|ARM64.ActiveCfg = Debug|Any CPU
		{D3A04359-FB3D-4D03-AB68-0CDE6A967E52}.NoCppProject|ARM64.Build.0 = Debug|Any CPU
		{D3A04359-FB3D-4D03-AB68-0CDE6A967E52}.NoCppProject|Win32.ActiveCfg = Debug|Any CPU
		{D3A04359-FB3D-4D03-AB68-0CDE6A967E52}.NoCppProject|Win32.Build.0 = Debug|Any CPU
		{D3A04359-FB3D-4D03-AB68-0CDE6A967E52}.NoCppProject|x64.ActiveCfg = Debug|Any CPU
		{D3A04359-FB3D-4D03-AB68-0CDE6A967E52}.NoCppProject|x64.Build.0 = Debug|Any CPU
		{D3A04359-FB3D-4D03-AB68-0CDE6A967E52}.NoCppProject|x86.ActiveCfg = Debug|Any CPU
		{D3A04359-FB3D-4D03-AB68-0CDE6A967E52}.NoCppProject|x86.Build.0 = Debug|Any CPU
		{D3A04359-FB3D-4D03-AB68-0CDE6A967E52}.Release|Any CPU.ActiveCfg = Release|Any CPU
		{D3A04359-FB3D-4D03-AB68-0CDE6A967E52}.Release|Any CPU.Build.0 = Release|Any CPU
		{D3A04359-FB3D-4D03-AB68-0CDE6A967E52}.Release|ARM.ActiveCfg = Release|Any CPU
		{D3A04359-FB3D-4D03-AB68-0CDE6A967E52}.Release|ARM.Build.0 = Release|Any CPU
		{D3A04359-FB3D-4D03-AB68-0CDE6A967E52}.Release|ARM64.ActiveCfg = Release|Any CPU
		{D3A04359-FB3D-4D03-AB68-0CDE6A967E52}.Release|ARM64.Build.0 = Release|Any CPU
		{D3A04359-FB3D-4D03-AB68-0CDE6A967E52}.Release|Win32.ActiveCfg = Release|Any CPU
		{D3A04359-FB3D-4D03-AB68-0CDE6A967E52}.Release|Win32.Build.0 = Release|Any CPU
		{D3A04359-FB3D-4D03-AB68-0CDE6A967E52}.Release|x64.ActiveCfg = Release|Any CPU
		{D3A04359-FB3D-4D03-AB68-0CDE6A967E52}.Release|x64.Build.0 = Release|Any CPU
		{D3A04359-FB3D-4D03-AB68-0CDE6A967E52}.Release|x86.ActiveCfg = Release|Any CPU
		{D3A04359-FB3D-4D03-AB68-0CDE6A967E52}.Release|x86.Build.0 = Release|Any CPU
		{8C7FA97F-9C6B-4ACC-9AD0-91948633646B}.Debug|Any CPU.ActiveCfg = Debug|Any CPU
		{8C7FA97F-9C6B-4ACC-9AD0-91948633646B}.Debug|Any CPU.Build.0 = Debug|Any CPU
		{8C7FA97F-9C6B-4ACC-9AD0-91948633646B}.Debug|ARM.ActiveCfg = Debug|Any CPU
		{8C7FA97F-9C6B-4ACC-9AD0-91948633646B}.Debug|ARM.Build.0 = Debug|Any CPU
		{8C7FA97F-9C6B-4ACC-9AD0-91948633646B}.Debug|ARM64.ActiveCfg = Debug|Any CPU
		{8C7FA97F-9C6B-4ACC-9AD0-91948633646B}.Debug|ARM64.Build.0 = Debug|Any CPU
		{8C7FA97F-9C6B-4ACC-9AD0-91948633646B}.Debug|Win32.ActiveCfg = Debug|Any CPU
		{8C7FA97F-9C6B-4ACC-9AD0-91948633646B}.Debug|Win32.Build.0 = Debug|Any CPU
		{8C7FA97F-9C6B-4ACC-9AD0-91948633646B}.Debug|x64.ActiveCfg = Debug|Any CPU
		{8C7FA97F-9C6B-4ACC-9AD0-91948633646B}.Debug|x64.Build.0 = Debug|Any CPU
		{8C7FA97F-9C6B-4ACC-9AD0-91948633646B}.Debug|x86.ActiveCfg = Debug|Any CPU
		{8C7FA97F-9C6B-4ACC-9AD0-91948633646B}.Debug|x86.Build.0 = Debug|Any CPU
		{8C7FA97F-9C6B-4ACC-9AD0-91948633646B}.NoCppProject|Any CPU.ActiveCfg = Debug|Any CPU
		{8C7FA97F-9C6B-4ACC-9AD0-91948633646B}.NoCppProject|Any CPU.Build.0 = Debug|Any CPU
		{8C7FA97F-9C6B-4ACC-9AD0-91948633646B}.NoCppProject|ARM.ActiveCfg = Debug|Any CPU
		{8C7FA97F-9C6B-4ACC-9AD0-91948633646B}.NoCppProject|ARM.Build.0 = Debug|Any CPU
		{8C7FA97F-9C6B-4ACC-9AD0-91948633646B}.NoCppProject|ARM64.ActiveCfg = Debug|Any CPU
		{8C7FA97F-9C6B-4ACC-9AD0-91948633646B}.NoCppProject|ARM64.Build.0 = Debug|Any CPU
		{8C7FA97F-9C6B-4ACC-9AD0-91948633646B}.NoCppProject|Win32.ActiveCfg = Debug|Any CPU
		{8C7FA97F-9C6B-4ACC-9AD0-91948633646B}.NoCppProject|Win32.Build.0 = Debug|Any CPU
		{8C7FA97F-9C6B-4ACC-9AD0-91948633646B}.NoCppProject|x64.ActiveCfg = Debug|Any CPU
		{8C7FA97F-9C6B-4ACC-9AD0-91948633646B}.NoCppProject|x64.Build.0 = Debug|Any CPU
		{8C7FA97F-9C6B-4ACC-9AD0-91948633646B}.NoCppProject|x86.ActiveCfg = Debug|Any CPU
		{8C7FA97F-9C6B-4ACC-9AD0-91948633646B}.NoCppProject|x86.Build.0 = Debug|Any CPU
		{8C7FA97F-9C6B-4ACC-9AD0-91948633646B}.Release|Any CPU.ActiveCfg = Release|Any CPU
		{8C7FA97F-9C6B-4ACC-9AD0-91948633646B}.Release|Any CPU.Build.0 = Release|Any CPU
		{8C7FA97F-9C6B-4ACC-9AD0-91948633646B}.Release|ARM.ActiveCfg = Release|Any CPU
		{8C7FA97F-9C6B-4ACC-9AD0-91948633646B}.Release|ARM.Build.0 = Release|Any CPU
		{8C7FA97F-9C6B-4ACC-9AD0-91948633646B}.Release|ARM64.ActiveCfg = Release|Any CPU
		{8C7FA97F-9C6B-4ACC-9AD0-91948633646B}.Release|ARM64.Build.0 = Release|Any CPU
		{8C7FA97F-9C6B-4ACC-9AD0-91948633646B}.Release|Win32.ActiveCfg = Release|Any CPU
		{8C7FA97F-9C6B-4ACC-9AD0-91948633646B}.Release|Win32.Build.0 = Release|Any CPU
		{8C7FA97F-9C6B-4ACC-9AD0-91948633646B}.Release|x64.ActiveCfg = Release|Any CPU
		{8C7FA97F-9C6B-4ACC-9AD0-91948633646B}.Release|x64.Build.0 = Release|Any CPU
		{8C7FA97F-9C6B-4ACC-9AD0-91948633646B}.Release|x86.ActiveCfg = Release|Any CPU
		{8C7FA97F-9C6B-4ACC-9AD0-91948633646B}.Release|x86.Build.0 = Release|Any CPU
		{C6F1BA08-354D-4B0E-B2DD-D1ADD2793F10}.Debug|Any CPU.ActiveCfg = Debug|Any CPU
		{C6F1BA08-354D-4B0E-B2DD-D1ADD2793F10}.Debug|Any CPU.Build.0 = Debug|Any CPU
		{C6F1BA08-354D-4B0E-B2DD-D1ADD2793F10}.Debug|ARM.ActiveCfg = Debug|Any CPU
		{C6F1BA08-354D-4B0E-B2DD-D1ADD2793F10}.Debug|ARM.Build.0 = Debug|Any CPU
		{C6F1BA08-354D-4B0E-B2DD-D1ADD2793F10}.Debug|ARM64.ActiveCfg = Debug|Any CPU
		{C6F1BA08-354D-4B0E-B2DD-D1ADD2793F10}.Debug|ARM64.Build.0 = Debug|Any CPU
		{C6F1BA08-354D-4B0E-B2DD-D1ADD2793F10}.Debug|Win32.ActiveCfg = Debug|Any CPU
		{C6F1BA08-354D-4B0E-B2DD-D1ADD2793F10}.Debug|Win32.Build.0 = Debug|Any CPU
		{C6F1BA08-354D-4B0E-B2DD-D1ADD2793F10}.Debug|x64.ActiveCfg = Debug|Any CPU
		{C6F1BA08-354D-4B0E-B2DD-D1ADD2793F10}.Debug|x64.Build.0 = Debug|Any CPU
		{C6F1BA08-354D-4B0E-B2DD-D1ADD2793F10}.Debug|x86.ActiveCfg = Debug|Any CPU
		{C6F1BA08-354D-4B0E-B2DD-D1ADD2793F10}.Debug|x86.Build.0 = Debug|Any CPU
		{C6F1BA08-354D-4B0E-B2DD-D1ADD2793F10}.NoCppProject|Any CPU.ActiveCfg = Debug|Any CPU
		{C6F1BA08-354D-4B0E-B2DD-D1ADD2793F10}.NoCppProject|Any CPU.Build.0 = Debug|Any CPU
		{C6F1BA08-354D-4B0E-B2DD-D1ADD2793F10}.NoCppProject|ARM.ActiveCfg = Debug|Any CPU
		{C6F1BA08-354D-4B0E-B2DD-D1ADD2793F10}.NoCppProject|ARM.Build.0 = Debug|Any CPU
		{C6F1BA08-354D-4B0E-B2DD-D1ADD2793F10}.NoCppProject|ARM64.ActiveCfg = Debug|Any CPU
		{C6F1BA08-354D-4B0E-B2DD-D1ADD2793F10}.NoCppProject|ARM64.Build.0 = Debug|Any CPU
		{C6F1BA08-354D-4B0E-B2DD-D1ADD2793F10}.NoCppProject|Win32.ActiveCfg = Debug|Any CPU
		{C6F1BA08-354D-4B0E-B2DD-D1ADD2793F10}.NoCppProject|Win32.Build.0 = Debug|Any CPU
		{C6F1BA08-354D-4B0E-B2DD-D1ADD2793F10}.NoCppProject|x64.ActiveCfg = Debug|Any CPU
		{C6F1BA08-354D-4B0E-B2DD-D1ADD2793F10}.NoCppProject|x64.Build.0 = Debug|Any CPU
		{C6F1BA08-354D-4B0E-B2DD-D1ADD2793F10}.NoCppProject|x86.ActiveCfg = Debug|Any CPU
		{C6F1BA08-354D-4B0E-B2DD-D1ADD2793F10}.NoCppProject|x86.Build.0 = Debug|Any CPU
		{C6F1BA08-354D-4B0E-B2DD-D1ADD2793F10}.Release|Any CPU.ActiveCfg = Release|Any CPU
		{C6F1BA08-354D-4B0E-B2DD-D1ADD2793F10}.Release|Any CPU.Build.0 = Release|Any CPU
		{C6F1BA08-354D-4B0E-B2DD-D1ADD2793F10}.Release|ARM.ActiveCfg = Release|Any CPU
		{C6F1BA08-354D-4B0E-B2DD-D1ADD2793F10}.Release|ARM.Build.0 = Release|Any CPU
		{C6F1BA08-354D-4B0E-B2DD-D1ADD2793F10}.Release|ARM64.ActiveCfg = Release|Any CPU
		{C6F1BA08-354D-4B0E-B2DD-D1ADD2793F10}.Release|ARM64.Build.0 = Release|Any CPU
		{C6F1BA08-354D-4B0E-B2DD-D1ADD2793F10}.Release|Win32.ActiveCfg = Release|Any CPU
		{C6F1BA08-354D-4B0E-B2DD-D1ADD2793F10}.Release|Win32.Build.0 = Release|Any CPU
		{C6F1BA08-354D-4B0E-B2DD-D1ADD2793F10}.Release|x64.ActiveCfg = Release|Any CPU
		{C6F1BA08-354D-4B0E-B2DD-D1ADD2793F10}.Release|x64.Build.0 = Release|Any CPU
		{C6F1BA08-354D-4B0E-B2DD-D1ADD2793F10}.Release|x86.ActiveCfg = Release|Any CPU
		{C6F1BA08-354D-4B0E-B2DD-D1ADD2793F10}.Release|x86.Build.0 = Release|Any CPU
		{3E83322F-E834-4B52-B219-A5A33865F132}.Debug|Any CPU.ActiveCfg = Debug|Any CPU
		{3E83322F-E834-4B52-B219-A5A33865F132}.Debug|Any CPU.Build.0 = Debug|Any CPU
		{3E83322F-E834-4B52-B219-A5A33865F132}.Debug|ARM.ActiveCfg = Debug|Any CPU
		{3E83322F-E834-4B52-B219-A5A33865F132}.Debug|ARM.Build.0 = Debug|Any CPU
		{3E83322F-E834-4B52-B219-A5A33865F132}.Debug|ARM64.ActiveCfg = Debug|Any CPU
		{3E83322F-E834-4B52-B219-A5A33865F132}.Debug|ARM64.Build.0 = Debug|Any CPU
		{3E83322F-E834-4B52-B219-A5A33865F132}.Debug|Win32.ActiveCfg = Debug|Any CPU
		{3E83322F-E834-4B52-B219-A5A33865F132}.Debug|Win32.Build.0 = Debug|Any CPU
		{3E83322F-E834-4B52-B219-A5A33865F132}.Debug|x64.ActiveCfg = Debug|Any CPU
		{3E83322F-E834-4B52-B219-A5A33865F132}.Debug|x64.Build.0 = Debug|Any CPU
		{3E83322F-E834-4B52-B219-A5A33865F132}.Debug|x86.ActiveCfg = Debug|Any CPU
		{3E83322F-E834-4B52-B219-A5A33865F132}.Debug|x86.Build.0 = Debug|Any CPU
		{3E83322F-E834-4B52-B219-A5A33865F132}.NoCppProject|Any CPU.ActiveCfg = Debug|Any CPU
		{3E83322F-E834-4B52-B219-A5A33865F132}.NoCppProject|Any CPU.Build.0 = Debug|Any CPU
		{3E83322F-E834-4B52-B219-A5A33865F132}.NoCppProject|ARM.ActiveCfg = Debug|Any CPU
		{3E83322F-E834-4B52-B219-A5A33865F132}.NoCppProject|ARM.Build.0 = Debug|Any CPU
		{3E83322F-E834-4B52-B219-A5A33865F132}.NoCppProject|ARM64.ActiveCfg = Debug|Any CPU
		{3E83322F-E834-4B52-B219-A5A33865F132}.NoCppProject|ARM64.Build.0 = Debug|Any CPU
		{3E83322F-E834-4B52-B219-A5A33865F132}.NoCppProject|Win32.ActiveCfg = Debug|Any CPU
		{3E83322F-E834-4B52-B219-A5A33865F132}.NoCppProject|Win32.Build.0 = Debug|Any CPU
		{3E83322F-E834-4B52-B219-A5A33865F132}.NoCppProject|x64.ActiveCfg = Debug|Any CPU
		{3E83322F-E834-4B52-B219-A5A33865F132}.NoCppProject|x64.Build.0 = Debug|Any CPU
		{3E83322F-E834-4B52-B219-A5A33865F132}.NoCppProject|x86.ActiveCfg = Debug|Any CPU
		{3E83322F-E834-4B52-B219-A5A33865F132}.NoCppProject|x86.Build.0 = Debug|Any CPU
		{3E83322F-E834-4B52-B219-A5A33865F132}.Release|Any CPU.ActiveCfg = Release|Any CPU
		{3E83322F-E834-4B52-B219-A5A33865F132}.Release|Any CPU.Build.0 = Release|Any CPU
		{3E83322F-E834-4B52-B219-A5A33865F132}.Release|ARM.ActiveCfg = Release|Any CPU
		{3E83322F-E834-4B52-B219-A5A33865F132}.Release|ARM.Build.0 = Release|Any CPU
		{3E83322F-E834-4B52-B219-A5A33865F132}.Release|ARM64.ActiveCfg = Release|Any CPU
		{3E83322F-E834-4B52-B219-A5A33865F132}.Release|ARM64.Build.0 = Release|Any CPU
		{3E83322F-E834-4B52-B219-A5A33865F132}.Release|Win32.ActiveCfg = Release|Any CPU
		{3E83322F-E834-4B52-B219-A5A33865F132}.Release|Win32.Build.0 = Release|Any CPU
		{3E83322F-E834-4B52-B219-A5A33865F132}.Release|x64.ActiveCfg = Release|Any CPU
		{3E83322F-E834-4B52-B219-A5A33865F132}.Release|x64.Build.0 = Release|Any CPU
		{3E83322F-E834-4B52-B219-A5A33865F132}.Release|x86.ActiveCfg = Release|Any CPU
		{3E83322F-E834-4B52-B219-A5A33865F132}.Release|x86.Build.0 = Release|Any CPU
		{11AC005B-A9BD-44CA-9CA0-78EA7A50CE14}.Debug|Any CPU.ActiveCfg = Debug|Any CPU
		{11AC005B-A9BD-44CA-9CA0-78EA7A50CE14}.Debug|Any CPU.Build.0 = Debug|Any CPU
		{11AC005B-A9BD-44CA-9CA0-78EA7A50CE14}.Debug|ARM.ActiveCfg = Debug|Any CPU
		{11AC005B-A9BD-44CA-9CA0-78EA7A50CE14}.Debug|ARM.Build.0 = Debug|Any CPU
		{11AC005B-A9BD-44CA-9CA0-78EA7A50CE14}.Debug|ARM64.ActiveCfg = Debug|Any CPU
		{11AC005B-A9BD-44CA-9CA0-78EA7A50CE14}.Debug|ARM64.Build.0 = Debug|Any CPU
		{11AC005B-A9BD-44CA-9CA0-78EA7A50CE14}.Debug|Win32.ActiveCfg = Debug|Any CPU
		{11AC005B-A9BD-44CA-9CA0-78EA7A50CE14}.Debug|Win32.Build.0 = Debug|Any CPU
		{11AC005B-A9BD-44CA-9CA0-78EA7A50CE14}.Debug|x64.ActiveCfg = Debug|Any CPU
		{11AC005B-A9BD-44CA-9CA0-78EA7A50CE14}.Debug|x64.Build.0 = Debug|Any CPU
		{11AC005B-A9BD-44CA-9CA0-78EA7A50CE14}.Debug|x86.ActiveCfg = Debug|Any CPU
		{11AC005B-A9BD-44CA-9CA0-78EA7A50CE14}.Debug|x86.Build.0 = Debug|Any CPU
		{11AC005B-A9BD-44CA-9CA0-78EA7A50CE14}.NoCppProject|Any CPU.ActiveCfg = Debug|Any CPU
		{11AC005B-A9BD-44CA-9CA0-78EA7A50CE14}.NoCppProject|Any CPU.Build.0 = Debug|Any CPU
		{11AC005B-A9BD-44CA-9CA0-78EA7A50CE14}.NoCppProject|ARM.ActiveCfg = Debug|Any CPU
		{11AC005B-A9BD-44CA-9CA0-78EA7A50CE14}.NoCppProject|ARM.Build.0 = Debug|Any CPU
		{11AC005B-A9BD-44CA-9CA0-78EA7A50CE14}.NoCppProject|ARM64.ActiveCfg = Debug|Any CPU
		{11AC005B-A9BD-44CA-9CA0-78EA7A50CE14}.NoCppProject|ARM64.Build.0 = Debug|Any CPU
		{11AC005B-A9BD-44CA-9CA0-78EA7A50CE14}.NoCppProject|Win32.ActiveCfg = Debug|Any CPU
		{11AC005B-A9BD-44CA-9CA0-78EA7A50CE14}.NoCppProject|Win32.Build.0 = Debug|Any CPU
		{11AC005B-A9BD-44CA-9CA0-78EA7A50CE14}.NoCppProject|x64.ActiveCfg = Debug|Any CPU
		{11AC005B-A9BD-44CA-9CA0-78EA7A50CE14}.NoCppProject|x64.Build.0 = Debug|Any CPU
		{11AC005B-A9BD-44CA-9CA0-78EA7A50CE14}.NoCppProject|x86.ActiveCfg = Debug|Any CPU
		{11AC005B-A9BD-44CA-9CA0-78EA7A50CE14}.NoCppProject|x86.Build.0 = Debug|Any CPU
		{11AC005B-A9BD-44CA-9CA0-78EA7A50CE14}.Release|Any CPU.ActiveCfg = Release|Any CPU
		{11AC005B-A9BD-44CA-9CA0-78EA7A50CE14}.Release|Any CPU.Build.0 = Release|Any CPU
		{11AC005B-A9BD-44CA-9CA0-78EA7A50CE14}.Release|ARM.ActiveCfg = Release|Any CPU
		{11AC005B-A9BD-44CA-9CA0-78EA7A50CE14}.Release|ARM.Build.0 = Release|Any CPU
		{11AC005B-A9BD-44CA-9CA0-78EA7A50CE14}.Release|ARM64.ActiveCfg = Release|Any CPU
		{11AC005B-A9BD-44CA-9CA0-78EA7A50CE14}.Release|ARM64.Build.0 = Release|Any CPU
		{11AC005B-A9BD-44CA-9CA0-78EA7A50CE14}.Release|Win32.ActiveCfg = Release|Any CPU
		{11AC005B-A9BD-44CA-9CA0-78EA7A50CE14}.Release|Win32.Build.0 = Release|Any CPU
		{11AC005B-A9BD-44CA-9CA0-78EA7A50CE14}.Release|x64.ActiveCfg = Release|Any CPU
		{11AC005B-A9BD-44CA-9CA0-78EA7A50CE14}.Release|x64.Build.0 = Release|Any CPU
		{11AC005B-A9BD-44CA-9CA0-78EA7A50CE14}.Release|x86.ActiveCfg = Release|Any CPU
		{11AC005B-A9BD-44CA-9CA0-78EA7A50CE14}.Release|x86.Build.0 = Release|Any CPU
		{29363B78-28B7-4B77-AA6C-A52376F58721}.Debug|Any CPU.ActiveCfg = Debug|Any CPU
		{29363B78-28B7-4B77-AA6C-A52376F58721}.Debug|Any CPU.Build.0 = Debug|Any CPU
		{29363B78-28B7-4B77-AA6C-A52376F58721}.Debug|ARM.ActiveCfg = Debug|Any CPU
		{29363B78-28B7-4B77-AA6C-A52376F58721}.Debug|ARM.Build.0 = Debug|Any CPU
		{29363B78-28B7-4B77-AA6C-A52376F58721}.Debug|ARM64.ActiveCfg = Debug|Any CPU
		{29363B78-28B7-4B77-AA6C-A52376F58721}.Debug|ARM64.Build.0 = Debug|Any CPU
		{29363B78-28B7-4B77-AA6C-A52376F58721}.Debug|Win32.ActiveCfg = Debug|Any CPU
		{29363B78-28B7-4B77-AA6C-A52376F58721}.Debug|Win32.Build.0 = Debug|Any CPU
		{29363B78-28B7-4B77-AA6C-A52376F58721}.Debug|x64.ActiveCfg = Debug|Any CPU
		{29363B78-28B7-4B77-AA6C-A52376F58721}.Debug|x64.Build.0 = Debug|Any CPU
		{29363B78-28B7-4B77-AA6C-A52376F58721}.Debug|x86.ActiveCfg = Debug|Any CPU
		{29363B78-28B7-4B77-AA6C-A52376F58721}.Debug|x86.Build.0 = Debug|Any CPU
		{29363B78-28B7-4B77-AA6C-A52376F58721}.NoCppProject|Any CPU.ActiveCfg = Debug|Any CPU
		{29363B78-28B7-4B77-AA6C-A52376F58721}.NoCppProject|Any CPU.Build.0 = Debug|Any CPU
		{29363B78-28B7-4B77-AA6C-A52376F58721}.NoCppProject|ARM.ActiveCfg = Debug|Any CPU
		{29363B78-28B7-4B77-AA6C-A52376F58721}.NoCppProject|ARM.Build.0 = Debug|Any CPU
		{29363B78-28B7-4B77-AA6C-A52376F58721}.NoCppProject|ARM64.ActiveCfg = Debug|Any CPU
		{29363B78-28B7-4B77-AA6C-A52376F58721}.NoCppProject|ARM64.Build.0 = Debug|Any CPU
		{29363B78-28B7-4B77-AA6C-A52376F58721}.NoCppProject|Win32.ActiveCfg = Debug|Any CPU
		{29363B78-28B7-4B77-AA6C-A52376F58721}.NoCppProject|Win32.Build.0 = Debug|Any CPU
		{29363B78-28B7-4B77-AA6C-A52376F58721}.NoCppProject|x64.ActiveCfg = Debug|Any CPU
		{29363B78-28B7-4B77-AA6C-A52376F58721}.NoCppProject|x64.Build.0 = Debug|Any CPU
		{29363B78-28B7-4B77-AA6C-A52376F58721}.NoCppProject|x86.ActiveCfg = Debug|Any CPU
		{29363B78-28B7-4B77-AA6C-A52376F58721}.NoCppProject|x86.Build.0 = Debug|Any CPU
		{29363B78-28B7-4B77-AA6C-A52376F58721}.Release|Any CPU.ActiveCfg = Release|Any CPU
		{29363B78-28B7-4B77-AA6C-A52376F58721}.Release|Any CPU.Build.0 = Release|Any CPU
		{29363B78-28B7-4B77-AA6C-A52376F58721}.Release|ARM.ActiveCfg = Release|Any CPU
		{29363B78-28B7-4B77-AA6C-A52376F58721}.Release|ARM.Build.0 = Release|Any CPU
		{29363B78-28B7-4B77-AA6C-A52376F58721}.Release|ARM64.ActiveCfg = Release|Any CPU
		{29363B78-28B7-4B77-AA6C-A52376F58721}.Release|ARM64.Build.0 = Release|Any CPU
		{29363B78-28B7-4B77-AA6C-A52376F58721}.Release|Win32.ActiveCfg = Release|Any CPU
		{29363B78-28B7-4B77-AA6C-A52376F58721}.Release|Win32.Build.0 = Release|Any CPU
		{29363B78-28B7-4B77-AA6C-A52376F58721}.Release|x64.ActiveCfg = Release|Any CPU
		{29363B78-28B7-4B77-AA6C-A52376F58721}.Release|x64.Build.0 = Release|Any CPU
		{29363B78-28B7-4B77-AA6C-A52376F58721}.Release|x86.ActiveCfg = Release|Any CPU
		{29363B78-28B7-4B77-AA6C-A52376F58721}.Release|x86.Build.0 = Release|Any CPU
		{E5D27511-8174-44BA-A740-48B61865BC6A}.Debug|Any CPU.ActiveCfg = Debug|Any CPU
		{E5D27511-8174-44BA-A740-48B61865BC6A}.Debug|Any CPU.Build.0 = Debug|Any CPU
		{E5D27511-8174-44BA-A740-48B61865BC6A}.Debug|ARM.ActiveCfg = Debug|Any CPU
		{E5D27511-8174-44BA-A740-48B61865BC6A}.Debug|ARM.Build.0 = Debug|Any CPU
		{E5D27511-8174-44BA-A740-48B61865BC6A}.Debug|ARM64.ActiveCfg = Debug|Any CPU
		{E5D27511-8174-44BA-A740-48B61865BC6A}.Debug|ARM64.Build.0 = Debug|Any CPU
		{E5D27511-8174-44BA-A740-48B61865BC6A}.Debug|Win32.ActiveCfg = Debug|Any CPU
		{E5D27511-8174-44BA-A740-48B61865BC6A}.Debug|Win32.Build.0 = Debug|Any CPU
		{E5D27511-8174-44BA-A740-48B61865BC6A}.Debug|x64.ActiveCfg = Debug|Any CPU
		{E5D27511-8174-44BA-A740-48B61865BC6A}.Debug|x64.Build.0 = Debug|Any CPU
		{E5D27511-8174-44BA-A740-48B61865BC6A}.Debug|x86.ActiveCfg = Debug|Any CPU
		{E5D27511-8174-44BA-A740-48B61865BC6A}.Debug|x86.Build.0 = Debug|Any CPU
		{E5D27511-8174-44BA-A740-48B61865BC6A}.NoCppProject|Any CPU.ActiveCfg = NoCppProject|Any CPU
		{E5D27511-8174-44BA-A740-48B61865BC6A}.NoCppProject|Any CPU.Build.0 = NoCppProject|Any CPU
		{E5D27511-8174-44BA-A740-48B61865BC6A}.NoCppProject|ARM.ActiveCfg = NoCppProject|Any CPU
		{E5D27511-8174-44BA-A740-48B61865BC6A}.NoCppProject|ARM.Build.0 = NoCppProject|Any CPU
		{E5D27511-8174-44BA-A740-48B61865BC6A}.NoCppProject|ARM64.ActiveCfg = NoCppProject|Any CPU
		{E5D27511-8174-44BA-A740-48B61865BC6A}.NoCppProject|ARM64.Build.0 = NoCppProject|Any CPU
		{E5D27511-8174-44BA-A740-48B61865BC6A}.NoCppProject|Win32.ActiveCfg = NoCppProject|Any CPU
		{E5D27511-8174-44BA-A740-48B61865BC6A}.NoCppProject|Win32.Build.0 = NoCppProject|Any CPU
		{E5D27511-8174-44BA-A740-48B61865BC6A}.NoCppProject|x64.ActiveCfg = NoCppProject|Any CPU
		{E5D27511-8174-44BA-A740-48B61865BC6A}.NoCppProject|x64.Build.0 = NoCppProject|Any CPU
		{E5D27511-8174-44BA-A740-48B61865BC6A}.NoCppProject|x86.ActiveCfg = NoCppProject|Any CPU
		{E5D27511-8174-44BA-A740-48B61865BC6A}.NoCppProject|x86.Build.0 = NoCppProject|Any CPU
		{E5D27511-8174-44BA-A740-48B61865BC6A}.Release|Any CPU.ActiveCfg = Release|Any CPU
		{E5D27511-8174-44BA-A740-48B61865BC6A}.Release|Any CPU.Build.0 = Release|Any CPU
		{E5D27511-8174-44BA-A740-48B61865BC6A}.Release|ARM.ActiveCfg = Release|Any CPU
		{E5D27511-8174-44BA-A740-48B61865BC6A}.Release|ARM.Build.0 = Release|Any CPU
		{E5D27511-8174-44BA-A740-48B61865BC6A}.Release|ARM64.ActiveCfg = Release|Any CPU
		{E5D27511-8174-44BA-A740-48B61865BC6A}.Release|ARM64.Build.0 = Release|Any CPU
		{E5D27511-8174-44BA-A740-48B61865BC6A}.Release|Win32.ActiveCfg = Release|Any CPU
		{E5D27511-8174-44BA-A740-48B61865BC6A}.Release|Win32.Build.0 = Release|Any CPU
		{E5D27511-8174-44BA-A740-48B61865BC6A}.Release|x64.ActiveCfg = Release|Any CPU
		{E5D27511-8174-44BA-A740-48B61865BC6A}.Release|x64.Build.0 = Release|Any CPU
		{E5D27511-8174-44BA-A740-48B61865BC6A}.Release|x86.ActiveCfg = Release|Any CPU
		{E5D27511-8174-44BA-A740-48B61865BC6A}.Release|x86.Build.0 = Release|Any CPU
		{16DAFB84-7F68-4B09-9005-200998E614B2}.Debug|Any CPU.ActiveCfg = Debug|Any CPU
		{16DAFB84-7F68-4B09-9005-200998E614B2}.Debug|Any CPU.Build.0 = Debug|Any CPU
		{16DAFB84-7F68-4B09-9005-200998E614B2}.Debug|ARM.ActiveCfg = Debug|Any CPU
		{16DAFB84-7F68-4B09-9005-200998E614B2}.Debug|ARM.Build.0 = Debug|Any CPU
		{16DAFB84-7F68-4B09-9005-200998E614B2}.Debug|ARM64.ActiveCfg = Debug|Any CPU
		{16DAFB84-7F68-4B09-9005-200998E614B2}.Debug|ARM64.Build.0 = Debug|Any CPU
		{16DAFB84-7F68-4B09-9005-200998E614B2}.Debug|Win32.ActiveCfg = Debug|Any CPU
		{16DAFB84-7F68-4B09-9005-200998E614B2}.Debug|Win32.Build.0 = Debug|Any CPU
		{16DAFB84-7F68-4B09-9005-200998E614B2}.Debug|x64.ActiveCfg = Debug|Any CPU
		{16DAFB84-7F68-4B09-9005-200998E614B2}.Debug|x64.Build.0 = Debug|Any CPU
		{16DAFB84-7F68-4B09-9005-200998E614B2}.Debug|x86.ActiveCfg = Debug|Any CPU
		{16DAFB84-7F68-4B09-9005-200998E614B2}.Debug|x86.Build.0 = Debug|Any CPU
		{16DAFB84-7F68-4B09-9005-200998E614B2}.NoCppProject|Any CPU.ActiveCfg = Debug|Any CPU
		{16DAFB84-7F68-4B09-9005-200998E614B2}.NoCppProject|Any CPU.Build.0 = Debug|Any CPU
		{16DAFB84-7F68-4B09-9005-200998E614B2}.NoCppProject|ARM.ActiveCfg = Debug|Any CPU
		{16DAFB84-7F68-4B09-9005-200998E614B2}.NoCppProject|ARM.Build.0 = Debug|Any CPU
		{16DAFB84-7F68-4B09-9005-200998E614B2}.NoCppProject|ARM64.ActiveCfg = Debug|Any CPU
		{16DAFB84-7F68-4B09-9005-200998E614B2}.NoCppProject|ARM64.Build.0 = Debug|Any CPU
		{16DAFB84-7F68-4B09-9005-200998E614B2}.NoCppProject|Win32.ActiveCfg = Debug|Any CPU
		{16DAFB84-7F68-4B09-9005-200998E614B2}.NoCppProject|Win32.Build.0 = Debug|Any CPU
		{16DAFB84-7F68-4B09-9005-200998E614B2}.NoCppProject|x64.ActiveCfg = Debug|Any CPU
		{16DAFB84-7F68-4B09-9005-200998E614B2}.NoCppProject|x64.Build.0 = Debug|Any CPU
		{16DAFB84-7F68-4B09-9005-200998E614B2}.NoCppProject|x86.ActiveCfg = Debug|Any CPU
		{16DAFB84-7F68-4B09-9005-200998E614B2}.NoCppProject|x86.Build.0 = Debug|Any CPU
		{16DAFB84-7F68-4B09-9005-200998E614B2}.Release|Any CPU.ActiveCfg = Release|Any CPU
		{16DAFB84-7F68-4B09-9005-200998E614B2}.Release|Any CPU.Build.0 = Release|Any CPU
		{16DAFB84-7F68-4B09-9005-200998E614B2}.Release|ARM.ActiveCfg = Release|Any CPU
		{16DAFB84-7F68-4B09-9005-200998E614B2}.Release|ARM.Build.0 = Release|Any CPU
		{16DAFB84-7F68-4B09-9005-200998E614B2}.Release|ARM64.ActiveCfg = Release|Any CPU
		{16DAFB84-7F68-4B09-9005-200998E614B2}.Release|ARM64.Build.0 = Release|Any CPU
		{16DAFB84-7F68-4B09-9005-200998E614B2}.Release|Win32.ActiveCfg = Release|Any CPU
		{16DAFB84-7F68-4B09-9005-200998E614B2}.Release|Win32.Build.0 = Release|Any CPU
		{16DAFB84-7F68-4B09-9005-200998E614B2}.Release|x64.ActiveCfg = Release|Any CPU
		{16DAFB84-7F68-4B09-9005-200998E614B2}.Release|x64.Build.0 = Release|Any CPU
		{16DAFB84-7F68-4B09-9005-200998E614B2}.Release|x86.ActiveCfg = Release|Any CPU
		{16DAFB84-7F68-4B09-9005-200998E614B2}.Release|x86.Build.0 = Release|Any CPU
		{5B7F14C0-DE93-49ED-8FA5-E8DBB9B8B811}.Debug|Any CPU.ActiveCfg = Debug|Any CPU
		{5B7F14C0-DE93-49ED-8FA5-E8DBB9B8B811}.Debug|Any CPU.Build.0 = Debug|Any CPU
		{5B7F14C0-DE93-49ED-8FA5-E8DBB9B8B811}.Debug|ARM.ActiveCfg = Debug|Any CPU
		{5B7F14C0-DE93-49ED-8FA5-E8DBB9B8B811}.Debug|ARM.Build.0 = Debug|Any CPU
		{5B7F14C0-DE93-49ED-8FA5-E8DBB9B8B811}.Debug|ARM64.ActiveCfg = Debug|Any CPU
		{5B7F14C0-DE93-49ED-8FA5-E8DBB9B8B811}.Debug|ARM64.Build.0 = Debug|Any CPU
		{5B7F14C0-DE93-49ED-8FA5-E8DBB9B8B811}.Debug|Win32.ActiveCfg = Debug|Any CPU
		{5B7F14C0-DE93-49ED-8FA5-E8DBB9B8B811}.Debug|Win32.Build.0 = Debug|Any CPU
		{5B7F14C0-DE93-49ED-8FA5-E8DBB9B8B811}.Debug|x64.ActiveCfg = Debug|Any CPU
		{5B7F14C0-DE93-49ED-8FA5-E8DBB9B8B811}.Debug|x64.Build.0 = Debug|Any CPU
		{5B7F14C0-DE93-49ED-8FA5-E8DBB9B8B811}.Debug|x86.ActiveCfg = Debug|Any CPU
		{5B7F14C0-DE93-49ED-8FA5-E8DBB9B8B811}.Debug|x86.Build.0 = Debug|Any CPU
		{5B7F14C0-DE93-49ED-8FA5-E8DBB9B8B811}.NoCppProject|Any CPU.ActiveCfg = Debug|Any CPU
		{5B7F14C0-DE93-49ED-8FA5-E8DBB9B8B811}.NoCppProject|Any CPU.Build.0 = Debug|Any CPU
		{5B7F14C0-DE93-49ED-8FA5-E8DBB9B8B811}.NoCppProject|ARM.ActiveCfg = Debug|Any CPU
		{5B7F14C0-DE93-49ED-8FA5-E8DBB9B8B811}.NoCppProject|ARM.Build.0 = Debug|Any CPU
		{5B7F14C0-DE93-49ED-8FA5-E8DBB9B8B811}.NoCppProject|ARM64.ActiveCfg = Debug|Any CPU
		{5B7F14C0-DE93-49ED-8FA5-E8DBB9B8B811}.NoCppProject|ARM64.Build.0 = Debug|Any CPU
		{5B7F14C0-DE93-49ED-8FA5-E8DBB9B8B811}.NoCppProject|Win32.ActiveCfg = Debug|Any CPU
		{5B7F14C0-DE93-49ED-8FA5-E8DBB9B8B811}.NoCppProject|Win32.Build.0 = Debug|Any CPU
		{5B7F14C0-DE93-49ED-8FA5-E8DBB9B8B811}.NoCppProject|x64.ActiveCfg = Debug|Any CPU
		{5B7F14C0-DE93-49ED-8FA5-E8DBB9B8B811}.NoCppProject|x64.Build.0 = Debug|Any CPU
		{5B7F14C0-DE93-49ED-8FA5-E8DBB9B8B811}.NoCppProject|x86.ActiveCfg = Debug|Any CPU
		{5B7F14C0-DE93-49ED-8FA5-E8DBB9B8B811}.NoCppProject|x86.Build.0 = Debug|Any CPU
		{5B7F14C0-DE93-49ED-8FA5-E8DBB9B8B811}.Release|Any CPU.ActiveCfg = Release|Any CPU
		{5B7F14C0-DE93-49ED-8FA5-E8DBB9B8B811}.Release|Any CPU.Build.0 = Release|Any CPU
		{5B7F14C0-DE93-49ED-8FA5-E8DBB9B8B811}.Release|ARM.ActiveCfg = Release|Any CPU
		{5B7F14C0-DE93-49ED-8FA5-E8DBB9B8B811}.Release|ARM.Build.0 = Release|Any CPU
		{5B7F14C0-DE93-49ED-8FA5-E8DBB9B8B811}.Release|ARM64.ActiveCfg = Release|Any CPU
		{5B7F14C0-DE93-49ED-8FA5-E8DBB9B8B811}.Release|ARM64.Build.0 = Release|Any CPU
		{5B7F14C0-DE93-49ED-8FA5-E8DBB9B8B811}.Release|Win32.ActiveCfg = Release|Any CPU
		{5B7F14C0-DE93-49ED-8FA5-E8DBB9B8B811}.Release|Win32.Build.0 = Release|Any CPU
		{5B7F14C0-DE93-49ED-8FA5-E8DBB9B8B811}.Release|x64.ActiveCfg = Release|Any CPU
		{5B7F14C0-DE93-49ED-8FA5-E8DBB9B8B811}.Release|x64.Build.0 = Release|Any CPU
		{5B7F14C0-DE93-49ED-8FA5-E8DBB9B8B811}.Release|x86.ActiveCfg = Release|Any CPU
		{5B7F14C0-DE93-49ED-8FA5-E8DBB9B8B811}.Release|x86.Build.0 = Release|Any CPU
		{5CE390C8-BF60-4FA3-AF4B-48545BEA8B62}.Debug|Any CPU.ActiveCfg = Debug|Any CPU
		{5CE390C8-BF60-4FA3-AF4B-48545BEA8B62}.Debug|Any CPU.Build.0 = Debug|Any CPU
		{5CE390C8-BF60-4FA3-AF4B-48545BEA8B62}.Debug|ARM.ActiveCfg = Debug|Any CPU
		{5CE390C8-BF60-4FA3-AF4B-48545BEA8B62}.Debug|ARM.Build.0 = Debug|Any CPU
		{5CE390C8-BF60-4FA3-AF4B-48545BEA8B62}.Debug|ARM64.ActiveCfg = Debug|Any CPU
		{5CE390C8-BF60-4FA3-AF4B-48545BEA8B62}.Debug|ARM64.Build.0 = Debug|Any CPU
		{5CE390C8-BF60-4FA3-AF4B-48545BEA8B62}.Debug|Win32.ActiveCfg = Debug|Any CPU
		{5CE390C8-BF60-4FA3-AF4B-48545BEA8B62}.Debug|Win32.Build.0 = Debug|Any CPU
		{5CE390C8-BF60-4FA3-AF4B-48545BEA8B62}.Debug|x64.ActiveCfg = Debug|Any CPU
		{5CE390C8-BF60-4FA3-AF4B-48545BEA8B62}.Debug|x64.Build.0 = Debug|Any CPU
		{5CE390C8-BF60-4FA3-AF4B-48545BEA8B62}.Debug|x86.ActiveCfg = Debug|Any CPU
		{5CE390C8-BF60-4FA3-AF4B-48545BEA8B62}.Debug|x86.Build.0 = Debug|Any CPU
		{5CE390C8-BF60-4FA3-AF4B-48545BEA8B62}.NoCppProject|Any CPU.ActiveCfg = Debug|Any CPU
		{5CE390C8-BF60-4FA3-AF4B-48545BEA8B62}.NoCppProject|Any CPU.Build.0 = Debug|Any CPU
		{5CE390C8-BF60-4FA3-AF4B-48545BEA8B62}.NoCppProject|ARM.ActiveCfg = Debug|Any CPU
		{5CE390C8-BF60-4FA3-AF4B-48545BEA8B62}.NoCppProject|ARM.Build.0 = Debug|Any CPU
		{5CE390C8-BF60-4FA3-AF4B-48545BEA8B62}.NoCppProject|ARM64.ActiveCfg = Debug|Any CPU
		{5CE390C8-BF60-4FA3-AF4B-48545BEA8B62}.NoCppProject|ARM64.Build.0 = Debug|Any CPU
		{5CE390C8-BF60-4FA3-AF4B-48545BEA8B62}.NoCppProject|Win32.ActiveCfg = Debug|Any CPU
		{5CE390C8-BF60-4FA3-AF4B-48545BEA8B62}.NoCppProject|Win32.Build.0 = Debug|Any CPU
		{5CE390C8-BF60-4FA3-AF4B-48545BEA8B62}.NoCppProject|x64.ActiveCfg = Debug|Any CPU
		{5CE390C8-BF60-4FA3-AF4B-48545BEA8B62}.NoCppProject|x64.Build.0 = Debug|Any CPU
		{5CE390C8-BF60-4FA3-AF4B-48545BEA8B62}.NoCppProject|x86.ActiveCfg = Debug|Any CPU
		{5CE390C8-BF60-4FA3-AF4B-48545BEA8B62}.NoCppProject|x86.Build.0 = Debug|Any CPU
		{5CE390C8-BF60-4FA3-AF4B-48545BEA8B62}.Release|Any CPU.ActiveCfg = Release|Any CPU
		{5CE390C8-BF60-4FA3-AF4B-48545BEA8B62}.Release|Any CPU.Build.0 = Release|Any CPU
		{5CE390C8-BF60-4FA3-AF4B-48545BEA8B62}.Release|ARM.ActiveCfg = Release|Any CPU
		{5CE390C8-BF60-4FA3-AF4B-48545BEA8B62}.Release|ARM.Build.0 = Release|Any CPU
		{5CE390C8-BF60-4FA3-AF4B-48545BEA8B62}.Release|ARM64.ActiveCfg = Release|Any CPU
		{5CE390C8-BF60-4FA3-AF4B-48545BEA8B62}.Release|ARM64.Build.0 = Release|Any CPU
		{5CE390C8-BF60-4FA3-AF4B-48545BEA8B62}.Release|Win32.ActiveCfg = Release|Any CPU
		{5CE390C8-BF60-4FA3-AF4B-48545BEA8B62}.Release|Win32.Build.0 = Release|Any CPU
		{5CE390C8-BF60-4FA3-AF4B-48545BEA8B62}.Release|x64.ActiveCfg = Release|Any CPU
		{5CE390C8-BF60-4FA3-AF4B-48545BEA8B62}.Release|x64.Build.0 = Release|Any CPU
		{5CE390C8-BF60-4FA3-AF4B-48545BEA8B62}.Release|x86.ActiveCfg = Release|Any CPU
		{5CE390C8-BF60-4FA3-AF4B-48545BEA8B62}.Release|x86.Build.0 = Release|Any CPU
		{ABEF780C-1930-473B-8BC4-AACF56B68032}.Debug|Any CPU.ActiveCfg = Debug|Any CPU
		{ABEF780C-1930-473B-8BC4-AACF56B68032}.Debug|Any CPU.Build.0 = Debug|Any CPU
		{ABEF780C-1930-473B-8BC4-AACF56B68032}.Debug|ARM.ActiveCfg = Debug|Any CPU
		{ABEF780C-1930-473B-8BC4-AACF56B68032}.Debug|ARM.Build.0 = Debug|Any CPU
		{ABEF780C-1930-473B-8BC4-AACF56B68032}.Debug|ARM64.ActiveCfg = Debug|Any CPU
		{ABEF780C-1930-473B-8BC4-AACF56B68032}.Debug|ARM64.Build.0 = Debug|Any CPU
		{ABEF780C-1930-473B-8BC4-AACF56B68032}.Debug|Win32.ActiveCfg = Debug|Any CPU
		{ABEF780C-1930-473B-8BC4-AACF56B68032}.Debug|Win32.Build.0 = Debug|Any CPU
		{ABEF780C-1930-473B-8BC4-AACF56B68032}.Debug|x64.ActiveCfg = Debug|Any CPU
		{ABEF780C-1930-473B-8BC4-AACF56B68032}.Debug|x64.Build.0 = Debug|Any CPU
		{ABEF780C-1930-473B-8BC4-AACF56B68032}.Debug|x86.ActiveCfg = Debug|Any CPU
		{ABEF780C-1930-473B-8BC4-AACF56B68032}.Debug|x86.Build.0 = Debug|Any CPU
		{ABEF780C-1930-473B-8BC4-AACF56B68032}.NoCppProject|Any CPU.ActiveCfg = Debug|Any CPU
		{ABEF780C-1930-473B-8BC4-AACF56B68032}.NoCppProject|Any CPU.Build.0 = Debug|Any CPU
		{ABEF780C-1930-473B-8BC4-AACF56B68032}.NoCppProject|ARM.ActiveCfg = Debug|Any CPU
		{ABEF780C-1930-473B-8BC4-AACF56B68032}.NoCppProject|ARM.Build.0 = Debug|Any CPU
		{ABEF780C-1930-473B-8BC4-AACF56B68032}.NoCppProject|ARM64.ActiveCfg = Debug|Any CPU
		{ABEF780C-1930-473B-8BC4-AACF56B68032}.NoCppProject|ARM64.Build.0 = Debug|Any CPU
		{ABEF780C-1930-473B-8BC4-AACF56B68032}.NoCppProject|Win32.ActiveCfg = Debug|Any CPU
		{ABEF780C-1930-473B-8BC4-AACF56B68032}.NoCppProject|Win32.Build.0 = Debug|Any CPU
		{ABEF780C-1930-473B-8BC4-AACF56B68032}.NoCppProject|x64.ActiveCfg = Debug|Any CPU
		{ABEF780C-1930-473B-8BC4-AACF56B68032}.NoCppProject|x64.Build.0 = Debug|Any CPU
		{ABEF780C-1930-473B-8BC4-AACF56B68032}.NoCppProject|x86.ActiveCfg = Debug|Any CPU
		{ABEF780C-1930-473B-8BC4-AACF56B68032}.NoCppProject|x86.Build.0 = Debug|Any CPU
		{ABEF780C-1930-473B-8BC4-AACF56B68032}.Release|Any CPU.ActiveCfg = Release|Any CPU
		{ABEF780C-1930-473B-8BC4-AACF56B68032}.Release|Any CPU.Build.0 = Release|Any CPU
		{ABEF780C-1930-473B-8BC4-AACF56B68032}.Release|ARM.ActiveCfg = Release|Any CPU
		{ABEF780C-1930-473B-8BC4-AACF56B68032}.Release|ARM.Build.0 = Release|Any CPU
		{ABEF780C-1930-473B-8BC4-AACF56B68032}.Release|ARM64.ActiveCfg = Release|Any CPU
		{ABEF780C-1930-473B-8BC4-AACF56B68032}.Release|ARM64.Build.0 = Release|Any CPU
		{ABEF780C-1930-473B-8BC4-AACF56B68032}.Release|Win32.ActiveCfg = Release|Any CPU
		{ABEF780C-1930-473B-8BC4-AACF56B68032}.Release|Win32.Build.0 = Release|Any CPU
		{ABEF780C-1930-473B-8BC4-AACF56B68032}.Release|x64.ActiveCfg = Release|Any CPU
		{ABEF780C-1930-473B-8BC4-AACF56B68032}.Release|x64.Build.0 = Release|Any CPU
		{ABEF780C-1930-473B-8BC4-AACF56B68032}.Release|x86.ActiveCfg = Release|Any CPU
		{ABEF780C-1930-473B-8BC4-AACF56B68032}.Release|x86.Build.0 = Release|Any CPU
		{0D24A2FF-FEB0-4C8E-9EB1-AEB56DE7381A}.Debug|Any CPU.ActiveCfg = Debug|x64
		{0D24A2FF-FEB0-4C8E-9EB1-AEB56DE7381A}.Debug|Any CPU.Build.0 = Debug|x64
		{0D24A2FF-FEB0-4C8E-9EB1-AEB56DE7381A}.Debug|Any CPU.Deploy.0 = Debug|x64
		{0D24A2FF-FEB0-4C8E-9EB1-AEB56DE7381A}.Debug|ARM.ActiveCfg = Debug|x64
		{0D24A2FF-FEB0-4C8E-9EB1-AEB56DE7381A}.Debug|ARM.Build.0 = Debug|x64
		{0D24A2FF-FEB0-4C8E-9EB1-AEB56DE7381A}.Debug|ARM.Deploy.0 = Debug|x64
		{0D24A2FF-FEB0-4C8E-9EB1-AEB56DE7381A}.Debug|ARM64.ActiveCfg = Debug|arm64
		{0D24A2FF-FEB0-4C8E-9EB1-AEB56DE7381A}.Debug|ARM64.Build.0 = Debug|arm64
		{0D24A2FF-FEB0-4C8E-9EB1-AEB56DE7381A}.Debug|ARM64.Deploy.0 = Debug|arm64
		{0D24A2FF-FEB0-4C8E-9EB1-AEB56DE7381A}.Debug|Win32.ActiveCfg = Debug|x86
		{0D24A2FF-FEB0-4C8E-9EB1-AEB56DE7381A}.Debug|Win32.Build.0 = Debug|x86
		{0D24A2FF-FEB0-4C8E-9EB1-AEB56DE7381A}.Debug|Win32.Deploy.0 = Debug|x86
		{0D24A2FF-FEB0-4C8E-9EB1-AEB56DE7381A}.Debug|x64.ActiveCfg = Debug|x64
		{0D24A2FF-FEB0-4C8E-9EB1-AEB56DE7381A}.Debug|x64.Build.0 = Debug|x64
		{0D24A2FF-FEB0-4C8E-9EB1-AEB56DE7381A}.Debug|x64.Deploy.0 = Debug|x64
		{0D24A2FF-FEB0-4C8E-9EB1-AEB56DE7381A}.Debug|x86.ActiveCfg = Debug|x86
		{0D24A2FF-FEB0-4C8E-9EB1-AEB56DE7381A}.Debug|x86.Build.0 = Debug|x86
		{0D24A2FF-FEB0-4C8E-9EB1-AEB56DE7381A}.Debug|x86.Deploy.0 = Debug|x86
		{0D24A2FF-FEB0-4C8E-9EB1-AEB56DE7381A}.NoCppProject|Any CPU.ActiveCfg = Debug|x64
		{0D24A2FF-FEB0-4C8E-9EB1-AEB56DE7381A}.NoCppProject|Any CPU.Build.0 = Debug|x64
		{0D24A2FF-FEB0-4C8E-9EB1-AEB56DE7381A}.NoCppProject|Any CPU.Deploy.0 = Debug|x64
		{0D24A2FF-FEB0-4C8E-9EB1-AEB56DE7381A}.NoCppProject|ARM.ActiveCfg = Debug|x64
		{0D24A2FF-FEB0-4C8E-9EB1-AEB56DE7381A}.NoCppProject|ARM.Build.0 = Debug|x64
		{0D24A2FF-FEB0-4C8E-9EB1-AEB56DE7381A}.NoCppProject|ARM.Deploy.0 = Debug|x64
		{0D24A2FF-FEB0-4C8E-9EB1-AEB56DE7381A}.NoCppProject|ARM64.ActiveCfg = Debug|arm64
		{0D24A2FF-FEB0-4C8E-9EB1-AEB56DE7381A}.NoCppProject|ARM64.Build.0 = Debug|arm64
		{0D24A2FF-FEB0-4C8E-9EB1-AEB56DE7381A}.NoCppProject|ARM64.Deploy.0 = Debug|arm64
		{0D24A2FF-FEB0-4C8E-9EB1-AEB56DE7381A}.NoCppProject|Win32.ActiveCfg = Debug|x86
		{0D24A2FF-FEB0-4C8E-9EB1-AEB56DE7381A}.NoCppProject|Win32.Build.0 = Debug|x86
		{0D24A2FF-FEB0-4C8E-9EB1-AEB56DE7381A}.NoCppProject|Win32.Deploy.0 = Debug|x86
		{0D24A2FF-FEB0-4C8E-9EB1-AEB56DE7381A}.NoCppProject|x64.ActiveCfg = Debug|x64
		{0D24A2FF-FEB0-4C8E-9EB1-AEB56DE7381A}.NoCppProject|x64.Build.0 = Debug|x64
		{0D24A2FF-FEB0-4C8E-9EB1-AEB56DE7381A}.NoCppProject|x64.Deploy.0 = Debug|x64
		{0D24A2FF-FEB0-4C8E-9EB1-AEB56DE7381A}.NoCppProject|x86.ActiveCfg = Debug|x86
		{0D24A2FF-FEB0-4C8E-9EB1-AEB56DE7381A}.NoCppProject|x86.Build.0 = Debug|x86
		{0D24A2FF-FEB0-4C8E-9EB1-AEB56DE7381A}.NoCppProject|x86.Deploy.0 = Debug|x86
		{0D24A2FF-FEB0-4C8E-9EB1-AEB56DE7381A}.Release|Any CPU.ActiveCfg = Release|x64
		{0D24A2FF-FEB0-4C8E-9EB1-AEB56DE7381A}.Release|Any CPU.Build.0 = Release|x64
		{0D24A2FF-FEB0-4C8E-9EB1-AEB56DE7381A}.Release|Any CPU.Deploy.0 = Release|x64
		{0D24A2FF-FEB0-4C8E-9EB1-AEB56DE7381A}.Release|ARM.ActiveCfg = Release|x64
		{0D24A2FF-FEB0-4C8E-9EB1-AEB56DE7381A}.Release|ARM.Build.0 = Release|x64
		{0D24A2FF-FEB0-4C8E-9EB1-AEB56DE7381A}.Release|ARM.Deploy.0 = Release|x64
		{0D24A2FF-FEB0-4C8E-9EB1-AEB56DE7381A}.Release|ARM64.ActiveCfg = Release|arm64
		{0D24A2FF-FEB0-4C8E-9EB1-AEB56DE7381A}.Release|ARM64.Build.0 = Release|arm64
		{0D24A2FF-FEB0-4C8E-9EB1-AEB56DE7381A}.Release|ARM64.Deploy.0 = Release|arm64
		{0D24A2FF-FEB0-4C8E-9EB1-AEB56DE7381A}.Release|Win32.ActiveCfg = Release|x86
		{0D24A2FF-FEB0-4C8E-9EB1-AEB56DE7381A}.Release|Win32.Build.0 = Release|x86
		{0D24A2FF-FEB0-4C8E-9EB1-AEB56DE7381A}.Release|Win32.Deploy.0 = Release|x86
		{0D24A2FF-FEB0-4C8E-9EB1-AEB56DE7381A}.Release|x64.ActiveCfg = Release|x64
		{0D24A2FF-FEB0-4C8E-9EB1-AEB56DE7381A}.Release|x64.Build.0 = Release|x64
		{0D24A2FF-FEB0-4C8E-9EB1-AEB56DE7381A}.Release|x64.Deploy.0 = Release|x64
		{0D24A2FF-FEB0-4C8E-9EB1-AEB56DE7381A}.Release|x86.ActiveCfg = Release|x86
		{0D24A2FF-FEB0-4C8E-9EB1-AEB56DE7381A}.Release|x86.Build.0 = Release|x86
		{0D24A2FF-FEB0-4C8E-9EB1-AEB56DE7381A}.Release|x86.Deploy.0 = Release|x86
	EndGlobalSection
	GlobalSection(SolutionProperties) = preSolution
		HideSolutionNode = FALSE
	EndGlobalSection
	GlobalSection(NestedProjects) = preSolution
		{77E80206-E74E-4834-B7D3-40CBF30C3CFC} = {DC45EAC1-1CCC-4BEA-8C1C-EB0BFD6C4F5E}
		{5ED88424-F7E3-4541-879E-D1E93FB38F59} = {DC45EAC1-1CCC-4BEA-8C1C-EB0BFD6C4F5E}
		{18169FF4-5C33-49CD-BF92-BAF66E5BC2BA} = {1CC6F02C-CB9B-404C-A979-0C9D064C6D44}
		{AF58E9B9-93EB-42F4-8322-65330B81AC63} = {DC45EAC1-1CCC-4BEA-8C1C-EB0BFD6C4F5E}
		{38FD9D00-F24E-49A8-BB33-B6B1B315D57F} = {9422FD81-F6D3-440C-ABCE-08A71C70BBA2}
		{D3A04359-FB3D-4D03-AB68-0CDE6A967E52} = {9422FD81-F6D3-440C-ABCE-08A71C70BBA2}
		{8C7FA97F-9C6B-4ACC-9AD0-91948633646B} = {1CC6F02C-CB9B-404C-A979-0C9D064C6D44}
		{C6F1BA08-354D-4B0E-B2DD-D1ADD2793F10} = {DC45EAC1-1CCC-4BEA-8C1C-EB0BFD6C4F5E}
		{3E83322F-E834-4B52-B219-A5A33865F132} = {DA832325-FC3D-4097-AABB-51AE45950460}
		{11AC005B-A9BD-44CA-9CA0-78EA7A50CE14} = {9422FD81-F6D3-440C-ABCE-08A71C70BBA2}
		{29363B78-28B7-4B77-AA6C-A52376F58721} = {9422FD81-F6D3-440C-ABCE-08A71C70BBA2}
		{E5D27511-8174-44BA-A740-48B61865BC6A} = {9422FD81-F6D3-440C-ABCE-08A71C70BBA2}
		{16DAFB84-7F68-4B09-9005-200998E614B2} = {9422FD81-F6D3-440C-ABCE-08A71C70BBA2}
		{5B7F14C0-DE93-49ED-8FA5-E8DBB9B8B811} = {9422FD81-F6D3-440C-ABCE-08A71C70BBA2}
		{5CE390C8-BF60-4FA3-AF4B-48545BEA8B62} = {DC45EAC1-1CCC-4BEA-8C1C-EB0BFD6C4F5E}
		{ABEF780C-1930-473B-8BC4-AACF56B68032} = {1CC6F02C-CB9B-404C-A979-0C9D064C6D44}
		{0D24A2FF-FEB0-4C8E-9EB1-AEB56DE7381A} = {DA832325-FC3D-4097-AABB-51AE45950460}
	EndGlobalSection
	GlobalSection(ExtensibilityGlobals) = postSolution
		SolutionGuid = {1F0D73AF-03B2-46C6-85FC-4001F40459D5}
	EndGlobalSection
EndGlobal
