
Microsoft Visual Studio Solution File, Format Version 12.00
# Visual Studio Version 17
VisualStudioVersion = 17.5.33424.131
MinimumVisualStudioVersion = 10.0.40219.1
Project("{2150E333-8FDC-42A3-9474-1A3956D46DE8}") = "Common", "Common", "{DC45EAC1-1CCC-4BEA-8C1C-EB0BFD6C4F5E}"
EndProject
Project("{9A19103F-16F7-4668-BE54-9A1E7A4F7556}") = "Common.ExtensionsAndHelpers", "Common\Common.ExtensionsAndHelpers\Common.ExtensionsAndHelpers.csproj", "{77E80206-E74E-4834-B7D3-40CBF30C3CFC}"
EndProject
Project("{2150E333-8FDC-42A3-9474-1A3956D46DE8}") = "Mediator", "Mediator", "{9422FD81-F6D3-440C-ABCE-08A71C70BBA2}"
EndProject
Project("{9A19103F-16F7-4668-BE54-9A1E7A4F7556}") = "Common.ExtensionsAndHelpers.Test.Unit", "Common\Common.ExtensionsAndHelpers.Test.Unit\Common.ExtensionsAndHelpers.Test.Unit.csproj", "{5ED88424-F7E3-4541-879E-D1E93FB38F59}"
EndProject
Project("{2150E333-8FDC-42A3-9474-1A3956D46DE8}") = "Terminal", "Terminal", "{DA832325-FC3D-4097-AABB-51AE45950460}"
EndProject
Project("{2150E333-8FDC-42A3-9474-1A3956D46DE8}") = "MetaQuotes", "MetaQuotes", "{1CC6F02C-CB9B-404C-A979-0C9D064C6D44}"
EndProject
Project("{2150E333-8FDC-42A3-9474-1A3956D46DE8}") = "MetaQuotes.MQL5", "MetaQuotes.MQL5", "{18169FF4-5C33-49CD-BF92-BAF66E5BC2BA}"
	ProjectSection(SolutionItems) = preProject
		MetaQuotes\MetaQuotes.MQL5\Ea.mq4 = MetaQuotes\MetaQuotes.MQL5\Ea.mq4
		MetaQuotes\MetaQuotes.MQL5\Indicator.mq5 = MetaQuotes\MetaQuotes.MQL5\Indicator.mq5
		MetaQuotes\MetaQuotes.MQL5\InstallOnUnit1068.bat = MetaQuotes\MetaQuotes.MQL5\InstallOnUnit1068.bat
		MetaQuotes\MetaQuotes.MQL5\readMe.txt = MetaQuotes\MetaQuotes.MQL5\readMe.txt
	EndProjectSection
EndProject
Project("{9A19103F-16F7-4668-BE54-9A1E7A4F7556}") = "Common.MetaQuotes.Mediator", "Common\Common.MetaQuotes.Mediator\Common.MetaQuotes.Mediator.csproj", "{AF58E9B9-93EB-42F4-8322-65330B81AC63}"
EndProject
Project("{9A19103F-16F7-4668-BE54-9A1E7A4F7556}") = "Mediator.Processors", "Mediator\Mediator.Processors\Mediator.Processors.csproj", "{38FD9D00-F24E-49A8-BB33-B6B1B315D57F}"
EndProject
Project("{9A19103F-16F7-4668-BE54-9A1E7A4F7556}") = "Common.Entities", "Common\Common.Entities\Common.Entities.csproj", "{80C75396-6385-49F3-B6D3-642576F10AED}"
EndProject
Project("{9A19103F-16F7-4668-BE54-9A1E7A4F7556}") = "Mediator.Console", "Mediator\Mediator.Console\Mediator.Console.csproj", "{D3A04359-FB3D-4D03-AB68-0CDE6A967E52}"
EndProject
Project("{9A19103F-16F7-4668-BE54-9A1E7A4F7556}") = "MetaQuotes.Console", "MetaQuotes\MetaQuotes.Console\MetaQuotes.Console.csproj", "{8C7FA97F-9C6B-4ACC-9AD0-91948633646B}"
EndProject
Project("{9A19103F-16F7-4668-BE54-9A1E7A4F7556}") = "MetaQuotes.Client.IndicatorToMediator", "MetaQuotes\MetaQuotes.Client.IndicatorToMediator\MetaQuotes.Client.IndicatorToMediator.csproj", "{7550BC93-0604-4EBF-9755-5D7EC17F4B8D}"
EndProject
Project("{9A19103F-16F7-4668-BE54-9A1E7A4F7556}") = "Mediator.Server.Indicator.To.Mediator", "Mediator\Mediator.Server.Indicator.To.Mediator\Mediator.Server.Indicator.To.Mediator.csproj", "{EBA9880C-D72E-4005-91AA-D7C752ED9021}"
EndProject
Project("{9A19103F-16F7-4668-BE54-9A1E7A4F7556}") = "Common.Protos", "Common\Common.Protos\Common.Protos.csproj", "{C6F1BA08-354D-4B0E-B2DD-D1ADD2793F10}"
EndProject
Project("{9A19103F-16F7-4668-BE54-9A1E7A4F7556}") = "Terminal.Console", "Terminal\Terminal.Console\Terminal.Console.csproj", "{3E83322F-E834-4B52-B219-A5A33865F132}"
EndProject
Project("{9A19103F-16F7-4668-BE54-9A1E7A4F7556}") = "Mediator.Server.Terminal.To.Mediator", "Mediator\Mediator.Server.Terminal.To.Mediator\Mediator.Server.Terminal.To.Mediator.csproj", "{F3C32A9F-3DD3-4339-87B1-1481B44D8958}"
EndProject
Project("{9A19103F-16F7-4668-BE54-9A1E7A4F7556}") = "Mediator.Client.Mediator.To.Terminal", "Mediator\Mediator.Client.Mediator.To.Terminal\Mediator.Client.Mediator.To.Terminal.csproj", "{11AC005B-A9BD-44CA-9CA0-78EA7A50CE14}"
EndProject
Project("{9A19103F-16F7-4668-BE54-9A1E7A4F7556}") = "Mediator.Administrator", "Mediator\Mediator.Administrator\Mediator.Administrator.csproj", "{29363B78-28B7-4B77-AA6C-A52376F58721}"
EndProject
Project("{2150E333-8FDC-42A3-9474-1A3956D46DE8}") = "we", "we", "{BBF1C129-1097-43CC-9877-DECBBE4353DB}"
EndProject
Project("{9A19103F-16F7-4668-BE54-9A1E7A4F7556}") = "ConsoleApp1", "we\ConsoleApp1\ConsoleApp1.csproj", "{230E41B3-7CAE-4B06-BEC5-786CD941BCF4}"
EndProject
Project("{9A19103F-16F7-4668-BE54-9A1E7A4F7556}") = "Mediator.Repository", "Mediator\Mediator.Repository\Mediator.Repository.csproj", "{E5D27511-8174-44BA-A740-48B61865BC6A}"
EndProject
Global
	GlobalSection(SolutionConfigurationPlatforms) = preSolution
		Debug|Any CPU = Debug|Any CPU
		Debug|ARM = Debug|ARM
		Debug|ARM64 = Debug|ARM64
		Debug|Win32 = Debug|Win32
		Debug|x64 = Debug|x64
		Debug|x86 = Debug|x86
		NoCppProject|Any CPU = NoCppProject|Any CPU
		NoCppProject|ARM = NoCppProject|ARM
		NoCppProject|ARM64 = NoCppProject|ARM64
		NoCppProject|Win32 = NoCppProject|Win32
		NoCppProject|x64 = NoCppProject|x64
		NoCppProject|x86 = NoCppProject|x86
		Release|Any CPU = Release|Any CPU
		Release|ARM = Release|ARM
		Release|ARM64 = Release|ARM64
		Release|Win32 = Release|Win32
		Release|x64 = Release|x64
		Release|x86 = Release|x86
	EndGlobalSection
	GlobalSection(ProjectConfigurationPlatforms) = postSolution
		{77E80206-E74E-4834-B7D3-40CBF30C3CFC}.Debug|Any CPU.ActiveCfg = Debug|Any CPU
		{77E80206-E74E-4834-B7D3-40CBF30C3CFC}.Debug|Any CPU.Build.0 = Debug|Any CPU
		{77E80206-E74E-4834-B7D3-40CBF30C3CFC}.Debug|ARM.ActiveCfg = Debug|Any CPU
		{77E80206-E74E-4834-B7D3-40CBF30C3CFC}.Debug|ARM.Build.0 = Debug|Any CPU
		{77E80206-E74E-4834-B7D3-40CBF30C3CFC}.Debug|ARM64.ActiveCfg = Debug|Any CPU
		{77E80206-E74E-4834-B7D3-40CBF30C3CFC}.Debug|ARM64.Build.0 = Debug|Any CPU
		{77E80206-E74E-4834-B7D3-40CBF30C3CFC}.Debug|Win32.ActiveCfg = Debug|Any CPU
		{77E80206-E74E-4834-B7D3-40CBF30C3CFC}.Debug|Win32.Build.0 = Debug|Any CPU
		{77E80206-E74E-4834-B7D3-40CBF30C3CFC}.Debug|x64.ActiveCfg = Debug|Any CPU
		{77E80206-E74E-4834-B7D3-40CBF30C3CFC}.Debug|x64.Build.0 = Debug|Any CPU
		{77E80206-E74E-4834-B7D3-40CBF30C3CFC}.Debug|x86.ActiveCfg = Debug|Any CPU
		{77E80206-E74E-4834-B7D3-40CBF30C3CFC}.Debug|x86.Build.0 = Debug|Any CPU
		{77E80206-E74E-4834-B7D3-40CBF30C3CFC}.NoCppProject|Any CPU.ActiveCfg = NoCppProject|Any CPU
		{77E80206-E74E-4834-B7D3-40CBF30C3CFC}.NoCppProject|Any CPU.Build.0 = NoCppProject|Any CPU
		{77E80206-E74E-4834-B7D3-40CBF30C3CFC}.NoCppProject|ARM.ActiveCfg = NoCppProject|Any CPU
		{77E80206-E74E-4834-B7D3-40CBF30C3CFC}.NoCppProject|ARM.Build.0 = NoCppProject|Any CPU
		{77E80206-E74E-4834-B7D3-40CBF30C3CFC}.NoCppProject|ARM64.ActiveCfg = NoCppProject|Any CPU
		{77E80206-E74E-4834-B7D3-40CBF30C3CFC}.NoCppProject|ARM64.Build.0 = NoCppProject|Any CPU
		{77E80206-E74E-4834-B7D3-40CBF30C3CFC}.NoCppProject|Win32.ActiveCfg = NoCppProject|Any CPU
		{77E80206-E74E-4834-B7D3-40CBF30C3CFC}.NoCppProject|Win32.Build.0 = NoCppProject|Any CPU
		{77E80206-E74E-4834-B7D3-40CBF30C3CFC}.NoCppProject|x64.ActiveCfg = NoCppProject|Any CPU
		{77E80206-E74E-4834-B7D3-40CBF30C3CFC}.NoCppProject|x64.Build.0 = NoCppProject|Any CPU
		{77E80206-E74E-4834-B7D3-40CBF30C3CFC}.NoCppProject|x86.ActiveCfg = NoCppProject|Any CPU
		{77E80206-E74E-4834-B7D3-40CBF30C3CFC}.NoCppProject|x86.Build.0 = NoCppProject|Any CPU
		{77E80206-E74E-4834-B7D3-40CBF30C3CFC}.Release|Any CPU.ActiveCfg = Release|Any CPU
		{77E80206-E74E-4834-B7D3-40CBF30C3CFC}.Release|Any CPU.Build.0 = Release|Any CPU
		{77E80206-E74E-4834-B7D3-40CBF30C3CFC}.Release|ARM.ActiveCfg = Release|Any CPU
		{77E80206-E74E-4834-B7D3-40CBF30C3CFC}.Release|ARM.Build.0 = Release|Any CPU
		{77E80206-E74E-4834-B7D3-40CBF30C3CFC}.Release|ARM64.ActiveCfg = Release|Any CPU
		{77E80206-E74E-4834-B7D3-40CBF30C3CFC}.Release|ARM64.Build.0 = Release|Any CPU
		{77E80206-E74E-4834-B7D3-40CBF30C3CFC}.Release|Win32.ActiveCfg = Release|Any CPU
		{77E80206-E74E-4834-B7D3-40CBF30C3CFC}.Release|Win32.Build.0 = Release|Any CPU
		{77E80206-E74E-4834-B7D3-40CBF30C3CFC}.Release|x64.ActiveCfg = Release|Any CPU
		{77E80206-E74E-4834-B7D3-40CBF30C3CFC}.Release|x64.Build.0 = Release|Any CPU
		{77E80206-E74E-4834-B7D3-40CBF30C3CFC}.Release|x86.ActiveCfg = Release|Any CPU
		{77E80206-E74E-4834-B7D3-40CBF30C3CFC}.Release|x86.Build.0 = Release|Any CPU
		{5ED88424-F7E3-4541-879E-D1E93FB38F59}.Debug|Any CPU.ActiveCfg = Debug|Any CPU
		{5ED88424-F7E3-4541-879E-D1E93FB38F59}.Debug|Any CPU.Build.0 = Debug|Any CPU
		{5ED88424-F7E3-4541-879E-D1E93FB38F59}.Debug|ARM.ActiveCfg = Debug|Any CPU
		{5ED88424-F7E3-4541-879E-D1E93FB38F59}.Debug|ARM.Build.0 = Debug|Any CPU
		{5ED88424-F7E3-4541-879E-D1E93FB38F59}.Debug|ARM64.ActiveCfg = Debug|Any CPU
		{5ED88424-F7E3-4541-879E-D1E93FB38F59}.Debug|ARM64.Build.0 = Debug|Any CPU
		{5ED88424-F7E3-4541-879E-D1E93FB38F59}.Debug|Win32.ActiveCfg = Debug|Any CPU
		{5ED88424-F7E3-4541-879E-D1E93FB38F59}.Debug|Win32.Build.0 = Debug|Any CPU
		{5ED88424-F7E3-4541-879E-D1E93FB38F59}.Debug|x64.ActiveCfg = Debug|Any CPU
		{5ED88424-F7E3-4541-879E-D1E93FB38F59}.Debug|x64.Build.0 = Debug|Any CPU
		{5ED88424-F7E3-4541-879E-D1E93FB38F59}.Debug|x86.ActiveCfg = Debug|Any CPU
		{5ED88424-F7E3-4541-879E-D1E93FB38F59}.Debug|x86.Build.0 = Debug|Any CPU
		{5ED88424-F7E3-4541-879E-D1E93FB38F59}.NoCppProject|Any CPU.ActiveCfg = NoCppProject|Any CPU
		{5ED88424-F7E3-4541-879E-D1E93FB38F59}.NoCppProject|Any CPU.Build.0 = NoCppProject|Any CPU
		{5ED88424-F7E3-4541-879E-D1E93FB38F59}.NoCppProject|ARM.ActiveCfg = NoCppProject|Any CPU
		{5ED88424-F7E3-4541-879E-D1E93FB38F59}.NoCppProject|ARM.Build.0 = NoCppProject|Any CPU
		{5ED88424-F7E3-4541-879E-D1E93FB38F59}.NoCppProject|ARM64.ActiveCfg = NoCppProject|Any CPU
		{5ED88424-F7E3-4541-879E-D1E93FB38F59}.NoCppProject|ARM64.Build.0 = NoCppProject|Any CPU
		{5ED88424-F7E3-4541-879E-D1E93FB38F59}.NoCppProject|Win32.ActiveCfg = NoCppProject|Any CPU
		{5ED88424-F7E3-4541-879E-D1E93FB38F59}.NoCppProject|Win32.Build.0 = NoCppProject|Any CPU
		{5ED88424-F7E3-4541-879E-D1E93FB38F59}.NoCppProject|x64.ActiveCfg = NoCppProject|Any CPU
		{5ED88424-F7E3-4541-879E-D1E93FB38F59}.NoCppProject|x64.Build.0 = NoCppProject|Any CPU
		{5ED88424-F7E3-4541-879E-D1E93FB38F59}.NoCppProject|x86.ActiveCfg = NoCppProject|Any CPU
		{5ED88424-F7E3-4541-879E-D1E93FB38F59}.NoCppProject|x86.Build.0 = NoCppProject|Any CPU
		{5ED88424-F7E3-4541-879E-D1E93FB38F59}.Release|Any CPU.ActiveCfg = Release|Any CPU
		{5ED88424-F7E3-4541-879E-D1E93FB38F59}.Release|Any CPU.Build.0 = Release|Any CPU
		{5ED88424-F7E3-4541-879E-D1E93FB38F59}.Release|ARM.ActiveCfg = Release|Any CPU
		{5ED88424-F7E3-4541-879E-D1E93FB38F59}.Release|ARM.Build.0 = Release|Any CPU
		{5ED88424-F7E3-4541-879E-D1E93FB38F59}.Release|ARM64.ActiveCfg = Release|Any CPU
		{5ED88424-F7E3-4541-879E-D1E93FB38F59}.Release|ARM64.Build.0 = Release|Any CPU
		{5ED88424-F7E3-4541-879E-D1E93FB38F59}.Release|Win32.ActiveCfg = Release|Any CPU
		{5ED88424-F7E3-4541-879E-D1E93FB38F59}.Release|Win32.Build.0 = Release|Any CPU
		{5ED88424-F7E3-4541-879E-D1E93FB38F59}.Release|x64.ActiveCfg = Release|Any CPU
		{5ED88424-F7E3-4541-879E-D1E93FB38F59}.Release|x64.Build.0 = Release|Any CPU
		{5ED88424-F7E3-4541-879E-D1E93FB38F59}.Release|x86.ActiveCfg = Release|Any CPU
		{5ED88424-F7E3-4541-879E-D1E93FB38F59}.Release|x86.Build.0 = Release|Any CPU
		{AF58E9B9-93EB-42F4-8322-65330B81AC63}.Debug|Any CPU.ActiveCfg = Debug|Any CPU
		{AF58E9B9-93EB-42F4-8322-65330B81AC63}.Debug|Any CPU.Build.0 = Debug|Any CPU
		{AF58E9B9-93EB-42F4-8322-65330B81AC63}.Debug|ARM.ActiveCfg = Debug|Any CPU
		{AF58E9B9-93EB-42F4-8322-65330B81AC63}.Debug|ARM.Build.0 = Debug|Any CPU
		{AF58E9B9-93EB-42F4-8322-65330B81AC63}.Debug|ARM64.ActiveCfg = Debug|Any CPU
		{AF58E9B9-93EB-42F4-8322-65330B81AC63}.Debug|ARM64.Build.0 = Debug|Any CPU
		{AF58E9B9-93EB-42F4-8322-65330B81AC63}.Debug|Win32.ActiveCfg = Debug|Any CPU
		{AF58E9B9-93EB-42F4-8322-65330B81AC63}.Debug|Win32.Build.0 = Debug|Any CPU
		{AF58E9B9-93EB-42F4-8322-65330B81AC63}.Debug|x64.ActiveCfg = Debug|Any CPU
		{AF58E9B9-93EB-42F4-8322-65330B81AC63}.Debug|x64.Build.0 = Debug|Any CPU
		{AF58E9B9-93EB-42F4-8322-65330B81AC63}.Debug|x86.ActiveCfg = Debug|Any CPU
		{AF58E9B9-93EB-42F4-8322-65330B81AC63}.Debug|x86.Build.0 = Debug|Any CPU
		{AF58E9B9-93EB-42F4-8322-65330B81AC63}.NoCppProject|Any CPU.ActiveCfg = Debug|Any CPU
		{AF58E9B9-93EB-42F4-8322-65330B81AC63}.NoCppProject|Any CPU.Build.0 = Debug|Any CPU
		{AF58E9B9-93EB-42F4-8322-65330B81AC63}.NoCppProject|ARM.ActiveCfg = Debug|Any CPU
		{AF58E9B9-93EB-42F4-8322-65330B81AC63}.NoCppProject|ARM.Build.0 = Debug|Any CPU
		{AF58E9B9-93EB-42F4-8322-65330B81AC63}.NoCppProject|ARM64.ActiveCfg = Debug|Any CPU
		{AF58E9B9-93EB-42F4-8322-65330B81AC63}.NoCppProject|ARM64.Build.0 = Debug|Any CPU
		{AF58E9B9-93EB-42F4-8322-65330B81AC63}.NoCppProject|Win32.ActiveCfg = Debug|Any CPU
		{AF58E9B9-93EB-42F4-8322-65330B81AC63}.NoCppProject|Win32.Build.0 = Debug|Any CPU
		{AF58E9B9-93EB-42F4-8322-65330B81AC63}.NoCppProject|x64.ActiveCfg = Debug|Any CPU
		{AF58E9B9-93EB-42F4-8322-65330B81AC63}.NoCppProject|x64.Build.0 = Debug|Any CPU
		{AF58E9B9-93EB-42F4-8322-65330B81AC63}.NoCppProject|x86.ActiveCfg = Debug|Any CPU
		{AF58E9B9-93EB-42F4-8322-65330B81AC63}.NoCppProject|x86.Build.0 = Debug|Any CPU
		{AF58E9B9-93EB-42F4-8322-65330B81AC63}.Release|Any CPU.ActiveCfg = Release|Any CPU
		{AF58E9B9-93EB-42F4-8322-65330B81AC63}.Release|Any CPU.Build.0 = Release|Any CPU
		{AF58E9B9-93EB-42F4-8322-65330B81AC63}.Release|ARM.ActiveCfg = Release|Any CPU
		{AF58E9B9-93EB-42F4-8322-65330B81AC63}.Release|ARM.Build.0 = Release|Any CPU
		{AF58E9B9-93EB-42F4-8322-65330B81AC63}.Release|ARM64.ActiveCfg = Release|Any CPU
		{AF58E9B9-93EB-42F4-8322-65330B81AC63}.Release|ARM64.Build.0 = Release|Any CPU
		{AF58E9B9-93EB-42F4-8322-65330B81AC63}.Release|Win32.ActiveCfg = Release|Any CPU
		{AF58E9B9-93EB-42F4-8322-65330B81AC63}.Release|Win32.Build.0 = Release|Any CPU
		{AF58E9B9-93EB-42F4-8322-65330B81AC63}.Release|x64.ActiveCfg = Release|Any CPU
		{AF58E9B9-93EB-42F4-8322-65330B81AC63}.Release|x64.Build.0 = Release|Any CPU
		{AF58E9B9-93EB-42F4-8322-65330B81AC63}.Release|x86.ActiveCfg = Release|Any CPU
		{AF58E9B9-93EB-42F4-8322-65330B81AC63}.Release|x86.Build.0 = Release|Any CPU
		{38FD9D00-F24E-49A8-BB33-B6B1B315D57F}.Debug|Any CPU.ActiveCfg = Debug|Any CPU
		{38FD9D00-F24E-49A8-BB33-B6B1B315D57F}.Debug|Any CPU.Build.0 = Debug|Any CPU
		{38FD9D00-F24E-49A8-BB33-B6B1B315D57F}.Debug|ARM.ActiveCfg = Debug|Any CPU
		{38FD9D00-F24E-49A8-BB33-B6B1B315D57F}.Debug|ARM.Build.0 = Debug|Any CPU
		{38FD9D00-F24E-49A8-BB33-B6B1B315D57F}.Debug|ARM64.ActiveCfg = Debug|Any CPU
		{38FD9D00-F24E-49A8-BB33-B6B1B315D57F}.Debug|ARM64.Build.0 = Debug|Any CPU
		{38FD9D00-F24E-49A8-BB33-B6B1B315D57F}.Debug|Win32.ActiveCfg = Debug|Any CPU
		{38FD9D00-F24E-49A8-BB33-B6B1B315D57F}.Debug|Win32.Build.0 = Debug|Any CPU
		{38FD9D00-F24E-49A8-BB33-B6B1B315D57F}.Debug|x64.ActiveCfg = Debug|Any CPU
		{38FD9D00-F24E-49A8-BB33-B6B1B315D57F}.Debug|x64.Build.0 = Debug|Any CPU
		{38FD9D00-F24E-49A8-BB33-B6B1B315D57F}.Debug|x86.ActiveCfg = Debug|Any CPU
		{38FD9D00-F24E-49A8-BB33-B6B1B315D57F}.Debug|x86.Build.0 = Debug|Any CPU
		{38FD9D00-F24E-49A8-BB33-B6B1B315D57F}.NoCppProject|Any CPU.ActiveCfg = Debug|Any CPU
		{38FD9D00-F24E-49A8-BB33-B6B1B315D57F}.NoCppProject|Any CPU.Build.0 = Debug|Any CPU
		{38FD9D00-F24E-49A8-BB33-B6B1B315D57F}.NoCppProject|ARM.ActiveCfg = Debug|Any CPU
		{38FD9D00-F24E-49A8-BB33-B6B1B315D57F}.NoCppProject|ARM.Build.0 = Debug|Any CPU
		{38FD9D00-F24E-49A8-BB33-B6B1B315D57F}.NoCppProject|ARM64.ActiveCfg = Debug|Any CPU
		{38FD9D00-F24E-49A8-BB33-B6B1B315D57F}.NoCppProject|ARM64.Build.0 = Debug|Any CPU
		{38FD9D00-F24E-49A8-BB33-B6B1B315D57F}.NoCppProject|Win32.ActiveCfg = Debug|Any CPU
		{38FD9D00-F24E-49A8-BB33-B6B1B315D57F}.NoCppProject|Win32.Build.0 = Debug|Any CPU
		{38FD9D00-F24E-49A8-BB33-B6B1B315D57F}.NoCppProject|x64.ActiveCfg = Debug|Any CPU
		{38FD9D00-F24E-49A8-BB33-B6B1B315D57F}.NoCppProject|x64.Build.0 = Debug|Any CPU
		{38FD9D00-F24E-49A8-BB33-B6B1B315D57F}.NoCppProject|x86.ActiveCfg = Debug|Any CPU
		{38FD9D00-F24E-49A8-BB33-B6B1B315D57F}.NoCppProject|x86.Build.0 = Debug|Any CPU
		{38FD9D00-F24E-49A8-BB33-B6B1B315D57F}.Release|Any CPU.ActiveCfg = Release|Any CPU
		{38FD9D00-F24E-49A8-BB33-B6B1B315D57F}.Release|Any CPU.Build.0 = Release|Any CPU
		{38FD9D00-F24E-49A8-BB33-B6B1B315D57F}.Release|ARM.ActiveCfg = Release|Any CPU
		{38FD9D00-F24E-49A8-BB33-B6B1B315D57F}.Release|ARM.Build.0 = Release|Any CPU
		{38FD9D00-F24E-49A8-BB33-B6B1B315D57F}.Release|ARM64.ActiveCfg = Release|Any CPU
		{38FD9D00-F24E-49A8-BB33-B6B1B315D57F}.Release|ARM64.Build.0 = Release|Any CPU
		{38FD9D00-F24E-49A8-BB33-B6B1B315D57F}.Release|Win32.ActiveCfg = Release|Any CPU
		{38FD9D00-F24E-49A8-BB33-B6B1B315D57F}.Release|Win32.Build.0 = Release|Any CPU
		{38FD9D00-F24E-49A8-BB33-B6B1B315D57F}.Release|x64.ActiveCfg = Release|Any CPU
		{38FD9D00-F24E-49A8-BB33-B6B1B315D57F}.Release|x64.Build.0 = Release|Any CPU
		{38FD9D00-F24E-49A8-BB33-B6B1B315D57F}.Release|x86.ActiveCfg = Release|Any CPU
		{38FD9D00-F24E-49A8-BB33-B6B1B315D57F}.Release|x86.Build.0 = Release|Any CPU
		{80C75396-6385-49F3-B6D3-642576F10AED}.Debug|Any CPU.ActiveCfg = Debug|Any CPU
		{80C75396-6385-49F3-B6D3-642576F10AED}.Debug|Any CPU.Build.0 = Debug|Any CPU
		{80C75396-6385-49F3-B6D3-642576F10AED}.Debug|ARM.ActiveCfg = Debug|Any CPU
		{80C75396-6385-49F3-B6D3-642576F10AED}.Debug|ARM.Build.0 = Debug|Any CPU
		{80C75396-6385-49F3-B6D3-642576F10AED}.Debug|ARM64.ActiveCfg = Debug|Any CPU
		{80C75396-6385-49F3-B6D3-642576F10AED}.Debug|ARM64.Build.0 = Debug|Any CPU
		{80C75396-6385-49F3-B6D3-642576F10AED}.Debug|Win32.ActiveCfg = Debug|Any CPU
		{80C75396-6385-49F3-B6D3-642576F10AED}.Debug|Win32.Build.0 = Debug|Any CPU
		{80C75396-6385-49F3-B6D3-642576F10AED}.Debug|x64.ActiveCfg = Debug|Any CPU
		{80C75396-6385-49F3-B6D3-642576F10AED}.Debug|x64.Build.0 = Debug|Any CPU
		{80C75396-6385-49F3-B6D3-642576F10AED}.Debug|x86.ActiveCfg = Debug|Any CPU
		{80C75396-6385-49F3-B6D3-642576F10AED}.Debug|x86.Build.0 = Debug|Any CPU
		{80C75396-6385-49F3-B6D3-642576F10AED}.NoCppProject|Any CPU.ActiveCfg = Debug|Any CPU
		{80C75396-6385-49F3-B6D3-642576F10AED}.NoCppProject|Any CPU.Build.0 = Debug|Any CPU
		{80C75396-6385-49F3-B6D3-642576F10AED}.NoCppProject|ARM.ActiveCfg = Debug|Any CPU
		{80C75396-6385-49F3-B6D3-642576F10AED}.NoCppProject|ARM.Build.0 = Debug|Any CPU
		{80C75396-6385-49F3-B6D3-642576F10AED}.NoCppProject|ARM64.ActiveCfg = Debug|Any CPU
		{80C75396-6385-49F3-B6D3-642576F10AED}.NoCppProject|ARM64.Build.0 = Debug|Any CPU
		{80C75396-6385-49F3-B6D3-642576F10AED}.NoCppProject|Win32.ActiveCfg = Debug|Any CPU
		{80C75396-6385-49F3-B6D3-642576F10AED}.NoCppProject|Win32.Build.0 = Debug|Any CPU
		{80C75396-6385-49F3-B6D3-642576F10AED}.NoCppProject|x64.ActiveCfg = Debug|Any CPU
		{80C75396-6385-49F3-B6D3-642576F10AED}.NoCppProject|x64.Build.0 = Debug|Any CPU
		{80C75396-6385-49F3-B6D3-642576F10AED}.NoCppProject|x86.ActiveCfg = Debug|Any CPU
		{80C75396-6385-49F3-B6D3-642576F10AED}.NoCppProject|x86.Build.0 = Debug|Any CPU
		{80C75396-6385-49F3-B6D3-642576F10AED}.Release|Any CPU.ActiveCfg = Release|Any CPU
		{80C75396-6385-49F3-B6D3-642576F10AED}.Release|Any CPU.Build.0 = Release|Any CPU
		{80C75396-6385-49F3-B6D3-642576F10AED}.Release|ARM.ActiveCfg = Release|Any CPU
		{80C75396-6385-49F3-B6D3-642576F10AED}.Release|ARM.Build.0 = Release|Any CPU
		{80C75396-6385-49F3-B6D3-642576F10AED}.Release|ARM64.ActiveCfg = Release|Any CPU
		{80C75396-6385-49F3-B6D3-642576F10AED}.Release|ARM64.Build.0 = Release|Any CPU
		{80C75396-6385-49F3-B6D3-642576F10AED}.Release|Win32.ActiveCfg = Release|Any CPU
		{80C75396-6385-49F3-B6D3-642576F10AED}.Release|Win32.Build.0 = Release|Any CPU
		{80C75396-6385-49F3-B6D3-642576F10AED}.Release|x64.ActiveCfg = Release|Any CPU
		{80C75396-6385-49F3-B6D3-642576F10AED}.Release|x64.Build.0 = Release|Any CPU
		{80C75396-6385-49F3-B6D3-642576F10AED}.Release|x86.ActiveCfg = Release|Any CPU
		{80C75396-6385-49F3-B6D3-642576F10AED}.Release|x86.Build.0 = Release|Any CPU
		{D3A04359-FB3D-4D03-AB68-0CDE6A967E52}.Debug|Any CPU.ActiveCfg = Debug|Any CPU
		{D3A04359-FB3D-4D03-AB68-0CDE6A967E52}.Debug|Any CPU.Build.0 = Debug|Any CPU
		{D3A04359-FB3D-4D03-AB68-0CDE6A967E52}.Debug|ARM.ActiveCfg = Debug|Any CPU
		{D3A04359-FB3D-4D03-AB68-0CDE6A967E52}.Debug|ARM.Build.0 = Debug|Any CPU
		{D3A04359-FB3D-4D03-AB68-0CDE6A967E52}.Debug|ARM64.ActiveCfg = Debug|Any CPU
		{D3A04359-FB3D-4D03-AB68-0CDE6A967E52}.Debug|ARM64.Build.0 = Debug|Any CPU
		{D3A04359-FB3D-4D03-AB68-0CDE6A967E52}.Debug|Win32.ActiveCfg = Debug|Any CPU
		{D3A04359-FB3D-4D03-AB68-0CDE6A967E52}.Debug|Win32.Build.0 = Debug|Any CPU
		{D3A04359-FB3D-4D03-AB68-0CDE6A967E52}.Debug|x64.ActiveCfg = Debug|Any CPU
		{D3A04359-FB3D-4D03-AB68-0CDE6A967E52}.Debug|x64.Build.0 = Debug|Any CPU
		{D3A04359-FB3D-4D03-AB68-0CDE6A967E52}.Debug|x86.ActiveCfg = Debug|Any CPU
		{D3A04359-FB3D-4D03-AB68-0CDE6A967E52}.Debug|x86.Build.0 = Debug|Any CPU
		{D3A04359-FB3D-4D03-AB68-0CDE6A967E52}.NoCppProject|Any CPU.ActiveCfg = Debug|Any CPU
		{D3A04359-FB3D-4D03-AB68-0CDE6A967E52}.NoCppProject|Any CPU.Build.0 = Debug|Any CPU
		{D3A04359-FB3D-4D03-AB68-0CDE6A967E52}.NoCppProject|ARM.ActiveCfg = Debug|Any CPU
		{D3A04359-FB3D-4D03-AB68-0CDE6A967E52}.NoCppProject|ARM.Build.0 = Debug|Any CPU
		{D3A04359-FB3D-4D03-AB68-0CDE6A967E52}.NoCppProject|ARM64.ActiveCfg = Debug|Any CPU
		{D3A04359-FB3D-4D03-AB68-0CDE6A967E52}.NoCppProject|ARM64.Build.0 = Debug|Any CPU
		{D3A04359-FB3D-4D03-AB68-0CDE6A967E52}.NoCppProject|Win32.ActiveCfg = Debug|Any CPU
		{D3A04359-FB3D-4D03-AB68-0CDE6A967E52}.NoCppProject|Win32.Build.0 = Debug|Any CPU
		{D3A04359-FB3D-4D03-AB68-0CDE6A967E52}.NoCppProject|x64.ActiveCfg = Debug|Any CPU
		{D3A04359-FB3D-4D03-AB68-0CDE6A967E52}.NoCppProject|x64.Build.0 = Debug|Any CPU
		{D3A04359-FB3D-4D03-AB68-0CDE6A967E52}.NoCppProject|x86.ActiveCfg = Debug|Any CPU
		{D3A04359-FB3D-4D03-AB68-0CDE6A967E52}.NoCppProject|x86.Build.0 = Debug|Any CPU
		{D3A04359-FB3D-4D03-AB68-0CDE6A967E52}.Release|Any CPU.ActiveCfg = Release|Any CPU
		{D3A04359-FB3D-4D03-AB68-0CDE6A967E52}.Release|Any CPU.Build.0 = Release|Any CPU
		{D3A04359-FB3D-4D03-AB68-0CDE6A967E52}.Release|ARM.ActiveCfg = Release|Any CPU
		{D3A04359-FB3D-4D03-AB68-0CDE6A967E52}.Release|ARM.Build.0 = Release|Any CPU
		{D3A04359-FB3D-4D03-AB68-0CDE6A967E52}.Release|ARM64.ActiveCfg = Release|Any CPU
		{D3A04359-FB3D-4D03-AB68-0CDE6A967E52}.Release|ARM64.Build.0 = Release|Any CPU
		{D3A04359-FB3D-4D03-AB68-0CDE6A967E52}.Release|Win32.ActiveCfg = Release|Any CPU
		{D3A04359-FB3D-4D03-AB68-0CDE6A967E52}.Release|Win32.Build.0 = Release|Any CPU
		{D3A04359-FB3D-4D03-AB68-0CDE6A967E52}.Release|x64.ActiveCfg = Release|Any CPU
		{D3A04359-FB3D-4D03-AB68-0CDE6A967E52}.Release|x64.Build.0 = Release|Any CPU
		{D3A04359-FB3D-4D03-AB68-0CDE6A967E52}.Release|x86.ActiveCfg = Release|Any CPU
		{D3A04359-FB3D-4D03-AB68-0CDE6A967E52}.Release|x86.Build.0 = Release|Any CPU
		{8C7FA97F-9C6B-4ACC-9AD0-91948633646B}.Debug|Any CPU.ActiveCfg = Debug|Any CPU
		{8C7FA97F-9C6B-4ACC-9AD0-91948633646B}.Debug|Any CPU.Build.0 = Debug|Any CPU
		{8C7FA97F-9C6B-4ACC-9AD0-91948633646B}.Debug|ARM.ActiveCfg = Debug|Any CPU
		{8C7FA97F-9C6B-4ACC-9AD0-91948633646B}.Debug|ARM.Build.0 = Debug|Any CPU
		{8C7FA97F-9C6B-4ACC-9AD0-91948633646B}.Debug|ARM64.ActiveCfg = Debug|Any CPU
		{8C7FA97F-9C6B-4ACC-9AD0-91948633646B}.Debug|ARM64.Build.0 = Debug|Any CPU
		{8C7FA97F-9C6B-4ACC-9AD0-91948633646B}.Debug|Win32.ActiveCfg = Debug|Any CPU
		{8C7FA97F-9C6B-4ACC-9AD0-91948633646B}.Debug|Win32.Build.0 = Debug|Any CPU
		{8C7FA97F-9C6B-4ACC-9AD0-91948633646B}.Debug|x64.ActiveCfg = Debug|Any CPU
		{8C7FA97F-9C6B-4ACC-9AD0-91948633646B}.Debug|x64.Build.0 = Debug|Any CPU
		{8C7FA97F-9C6B-4ACC-9AD0-91948633646B}.Debug|x86.ActiveCfg = Debug|Any CPU
		{8C7FA97F-9C6B-4ACC-9AD0-91948633646B}.Debug|x86.Build.0 = Debug|Any CPU
		{8C7FA97F-9C6B-4ACC-9AD0-91948633646B}.NoCppProject|Any CPU.ActiveCfg = Debug|Any CPU
		{8C7FA97F-9C6B-4ACC-9AD0-91948633646B}.NoCppProject|Any CPU.Build.0 = Debug|Any CPU
		{8C7FA97F-9C6B-4ACC-9AD0-91948633646B}.NoCppProject|ARM.ActiveCfg = Debug|Any CPU
		{8C7FA97F-9C6B-4ACC-9AD0-91948633646B}.NoCppProject|ARM.Build.0 = Debug|Any CPU
		{8C7FA97F-9C6B-4ACC-9AD0-91948633646B}.NoCppProject|ARM64.ActiveCfg = Debug|Any CPU
		{8C7FA97F-9C6B-4ACC-9AD0-91948633646B}.NoCppProject|ARM64.Build.0 = Debug|Any CPU
		{8C7FA97F-9C6B-4ACC-9AD0-91948633646B}.NoCppProject|Win32.ActiveCfg = Debug|Any CPU
		{8C7FA97F-9C6B-4ACC-9AD0-91948633646B}.NoCppProject|Win32.Build.0 = Debug|Any CPU
		{8C7FA97F-9C6B-4ACC-9AD0-91948633646B}.NoCppProject|x64.ActiveCfg = Debug|Any CPU
		{8C7FA97F-9C6B-4ACC-9AD0-91948633646B}.NoCppProject|x64.Build.0 = Debug|Any CPU
		{8C7FA97F-9C6B-4ACC-9AD0-91948633646B}.NoCppProject|x86.ActiveCfg = Debug|Any CPU
		{8C7FA97F-9C6B-4ACC-9AD0-91948633646B}.NoCppProject|x86.Build.0 = Debug|Any CPU
		{8C7FA97F-9C6B-4ACC-9AD0-91948633646B}.Release|Any CPU.ActiveCfg = Release|Any CPU
		{8C7FA97F-9C6B-4ACC-9AD0-91948633646B}.Release|Any CPU.Build.0 = Release|Any CPU
		{8C7FA97F-9C6B-4ACC-9AD0-91948633646B}.Release|ARM.ActiveCfg = Release|Any CPU
		{8C7FA97F-9C6B-4ACC-9AD0-91948633646B}.Release|ARM.Build.0 = Release|Any CPU
		{8C7FA97F-9C6B-4ACC-9AD0-91948633646B}.Release|ARM64.ActiveCfg = Release|Any CPU
		{8C7FA97F-9C6B-4ACC-9AD0-91948633646B}.Release|ARM64.Build.0 = Release|Any CPU
		{8C7FA97F-9C6B-4ACC-9AD0-91948633646B}.Release|Win32.ActiveCfg = Release|Any CPU
		{8C7FA97F-9C6B-4ACC-9AD0-91948633646B}.Release|Win32.Build.0 = Release|Any CPU
		{8C7FA97F-9C6B-4ACC-9AD0-91948633646B}.Release|x64.ActiveCfg = Release|Any CPU
		{8C7FA97F-9C6B-4ACC-9AD0-91948633646B}.Release|x64.Build.0 = Release|Any CPU
		{8C7FA97F-9C6B-4ACC-9AD0-91948633646B}.Release|x86.ActiveCfg = Release|Any CPU
		{8C7FA97F-9C6B-4ACC-9AD0-91948633646B}.Release|x86.Build.0 = Release|Any CPU
		{7550BC93-0604-4EBF-9755-5D7EC17F4B8D}.Debug|Any CPU.ActiveCfg = Debug|Any CPU
		{7550BC93-0604-4EBF-9755-5D7EC17F4B8D}.Debug|Any CPU.Build.0 = Debug|Any CPU
		{7550BC93-0604-4EBF-9755-5D7EC17F4B8D}.Debug|ARM.ActiveCfg = Debug|Any CPU
		{7550BC93-0604-4EBF-9755-5D7EC17F4B8D}.Debug|ARM.Build.0 = Debug|Any CPU
		{7550BC93-0604-4EBF-9755-5D7EC17F4B8D}.Debug|ARM64.ActiveCfg = Debug|Any CPU
		{7550BC93-0604-4EBF-9755-5D7EC17F4B8D}.Debug|ARM64.Build.0 = Debug|Any CPU
		{7550BC93-0604-4EBF-9755-5D7EC17F4B8D}.Debug|Win32.ActiveCfg = Debug|Any CPU
		{7550BC93-0604-4EBF-9755-5D7EC17F4B8D}.Debug|Win32.Build.0 = Debug|Any CPU
		{7550BC93-0604-4EBF-9755-5D7EC17F4B8D}.Debug|x64.ActiveCfg = Debug|Any CPU
		{7550BC93-0604-4EBF-9755-5D7EC17F4B8D}.Debug|x64.Build.0 = Debug|Any CPU
		{7550BC93-0604-4EBF-9755-5D7EC17F4B8D}.Debug|x86.ActiveCfg = Debug|Any CPU
		{7550BC93-0604-4EBF-9755-5D7EC17F4B8D}.Debug|x86.Build.0 = Debug|Any CPU
		{7550BC93-0604-4EBF-9755-5D7EC17F4B8D}.NoCppProject|Any CPU.ActiveCfg = Debug|Any CPU
		{7550BC93-0604-4EBF-9755-5D7EC17F4B8D}.NoCppProject|Any CPU.Build.0 = Debug|Any CPU
		{7550BC93-0604-4EBF-9755-5D7EC17F4B8D}.NoCppProject|ARM.ActiveCfg = Debug|Any CPU
		{7550BC93-0604-4EBF-9755-5D7EC17F4B8D}.NoCppProject|ARM.Build.0 = Debug|Any CPU
		{7550BC93-0604-4EBF-9755-5D7EC17F4B8D}.NoCppProject|ARM64.ActiveCfg = Debug|Any CPU
		{7550BC93-0604-4EBF-9755-5D7EC17F4B8D}.NoCppProject|ARM64.Build.0 = Debug|Any CPU
		{7550BC93-0604-4EBF-9755-5D7EC17F4B8D}.NoCppProject|Win32.ActiveCfg = Debug|Any CPU
		{7550BC93-0604-4EBF-9755-5D7EC17F4B8D}.NoCppProject|Win32.Build.0 = Debug|Any CPU
		{7550BC93-0604-4EBF-9755-5D7EC17F4B8D}.NoCppProject|x64.ActiveCfg = Debug|Any CPU
		{7550BC93-0604-4EBF-9755-5D7EC17F4B8D}.NoCppProject|x64.Build.0 = Debug|Any CPU
		{7550BC93-0604-4EBF-9755-5D7EC17F4B8D}.NoCppProject|x86.ActiveCfg = Debug|Any CPU
		{7550BC93-0604-4EBF-9755-5D7EC17F4B8D}.NoCppProject|x86.Build.0 = Debug|Any CPU
		{7550BC93-0604-4EBF-9755-5D7EC17F4B8D}.Release|Any CPU.ActiveCfg = Release|Any CPU
		{7550BC93-0604-4EBF-9755-5D7EC17F4B8D}.Release|Any CPU.Build.0 = Release|Any CPU
		{7550BC93-0604-4EBF-9755-5D7EC17F4B8D}.Release|ARM.ActiveCfg = Release|Any CPU
		{7550BC93-0604-4EBF-9755-5D7EC17F4B8D}.Release|ARM.Build.0 = Release|Any CPU
		{7550BC93-0604-4EBF-9755-5D7EC17F4B8D}.Release|ARM64.ActiveCfg = Release|Any CPU
		{7550BC93-0604-4EBF-9755-5D7EC17F4B8D}.Release|ARM64.Build.0 = Release|Any CPU
		{7550BC93-0604-4EBF-9755-5D7EC17F4B8D}.Release|Win32.ActiveCfg = Release|Any CPU
		{7550BC93-0604-4EBF-9755-5D7EC17F4B8D}.Release|Win32.Build.0 = Release|Any CPU
		{7550BC93-0604-4EBF-9755-5D7EC17F4B8D}.Release|x64.ActiveCfg = Release|Any CPU
		{7550BC93-0604-4EBF-9755-5D7EC17F4B8D}.Release|x64.Build.0 = Release|Any CPU
		{7550BC93-0604-4EBF-9755-5D7EC17F4B8D}.Release|x86.ActiveCfg = Release|Any CPU
		{7550BC93-0604-4EBF-9755-5D7EC17F4B8D}.Release|x86.Build.0 = Release|Any CPU
		{EBA9880C-D72E-4005-91AA-D7C752ED9021}.Debug|Any CPU.ActiveCfg = Debug|Any CPU
		{EBA9880C-D72E-4005-91AA-D7C752ED9021}.Debug|Any CPU.Build.0 = Debug|Any CPU
		{EBA9880C-D72E-4005-91AA-D7C752ED9021}.Debug|ARM.ActiveCfg = Debug|Any CPU
		{EBA9880C-D72E-4005-91AA-D7C752ED9021}.Debug|ARM.Build.0 = Debug|Any CPU
		{EBA9880C-D72E-4005-91AA-D7C752ED9021}.Debug|ARM64.ActiveCfg = Debug|Any CPU
		{EBA9880C-D72E-4005-91AA-D7C752ED9021}.Debug|ARM64.Build.0 = Debug|Any CPU
		{EBA9880C-D72E-4005-91AA-D7C752ED9021}.Debug|Win32.ActiveCfg = Debug|Any CPU
		{EBA9880C-D72E-4005-91AA-D7C752ED9021}.Debug|Win32.Build.0 = Debug|Any CPU
		{EBA9880C-D72E-4005-91AA-D7C752ED9021}.Debug|x64.ActiveCfg = Debug|Any CPU
		{EBA9880C-D72E-4005-91AA-D7C752ED9021}.Debug|x64.Build.0 = Debug|Any CPU
		{EBA9880C-D72E-4005-91AA-D7C752ED9021}.Debug|x86.ActiveCfg = Debug|Any CPU
		{EBA9880C-D72E-4005-91AA-D7C752ED9021}.Debug|x86.Build.0 = Debug|Any CPU
		{EBA9880C-D72E-4005-91AA-D7C752ED9021}.NoCppProject|Any CPU.ActiveCfg = Debug|Any CPU
		{EBA9880C-D72E-4005-91AA-D7C752ED9021}.NoCppProject|Any CPU.Build.0 = Debug|Any CPU
		{EBA9880C-D72E-4005-91AA-D7C752ED9021}.NoCppProject|ARM.ActiveCfg = Debug|Any CPU
		{EBA9880C-D72E-4005-91AA-D7C752ED9021}.NoCppProject|ARM.Build.0 = Debug|Any CPU
		{EBA9880C-D72E-4005-91AA-D7C752ED9021}.NoCppProject|ARM64.ActiveCfg = Debug|Any CPU
		{EBA9880C-D72E-4005-91AA-D7C752ED9021}.NoCppProject|ARM64.Build.0 = Debug|Any CPU
		{EBA9880C-D72E-4005-91AA-D7C752ED9021}.NoCppProject|Win32.ActiveCfg = Debug|Any CPU
		{EBA9880C-D72E-4005-91AA-D7C752ED9021}.NoCppProject|Win32.Build.0 = Debug|Any CPU
		{EBA9880C-D72E-4005-91AA-D7C752ED9021}.NoCppProject|x64.ActiveCfg = Debug|Any CPU
		{EBA9880C-D72E-4005-91AA-D7C752ED9021}.NoCppProject|x64.Build.0 = Debug|Any CPU
		{EBA9880C-D72E-4005-91AA-D7C752ED9021}.NoCppProject|x86.ActiveCfg = Debug|Any CPU
		{EBA9880C-D72E-4005-91AA-D7C752ED9021}.NoCppProject|x86.Build.0 = Debug|Any CPU
		{EBA9880C-D72E-4005-91AA-D7C752ED9021}.Release|Any CPU.ActiveCfg = Release|Any CPU
		{EBA9880C-D72E-4005-91AA-D7C752ED9021}.Release|Any CPU.Build.0 = Release|Any CPU
		{EBA9880C-D72E-4005-91AA-D7C752ED9021}.Release|ARM.ActiveCfg = Release|Any CPU
		{EBA9880C-D72E-4005-91AA-D7C752ED9021}.Release|ARM.Build.0 = Release|Any CPU
		{EBA9880C-D72E-4005-91AA-D7C752ED9021}.Release|ARM64.ActiveCfg = Release|Any CPU
		{EBA9880C-D72E-4005-91AA-D7C752ED9021}.Release|ARM64.Build.0 = Release|Any CPU
		{EBA9880C-D72E-4005-91AA-D7C752ED9021}.Release|Win32.ActiveCfg = Release|Any CPU
		{EBA9880C-D72E-4005-91AA-D7C752ED9021}.Release|Win32.Build.0 = Release|Any CPU
		{EBA9880C-D72E-4005-91AA-D7C752ED9021}.Release|x64.ActiveCfg = Release|Any CPU
		{EBA9880C-D72E-4005-91AA-D7C752ED9021}.Release|x64.Build.0 = Release|Any CPU
		{EBA9880C-D72E-4005-91AA-D7C752ED9021}.Release|x86.ActiveCfg = Release|Any CPU
		{EBA9880C-D72E-4005-91AA-D7C752ED9021}.Release|x86.Build.0 = Release|Any CPU
		{C6F1BA08-354D-4B0E-B2DD-D1ADD2793F10}.Debug|Any CPU.ActiveCfg = Debug|Any CPU
		{C6F1BA08-354D-4B0E-B2DD-D1ADD2793F10}.Debug|Any CPU.Build.0 = Debug|Any CPU
		{C6F1BA08-354D-4B0E-B2DD-D1ADD2793F10}.Debug|ARM.ActiveCfg = Debug|Any CPU
		{C6F1BA08-354D-4B0E-B2DD-D1ADD2793F10}.Debug|ARM.Build.0 = Debug|Any CPU
		{C6F1BA08-354D-4B0E-B2DD-D1ADD2793F10}.Debug|ARM64.ActiveCfg = Debug|Any CPU
		{C6F1BA08-354D-4B0E-B2DD-D1ADD2793F10}.Debug|ARM64.Build.0 = Debug|Any CPU
		{C6F1BA08-354D-4B0E-B2DD-D1ADD2793F10}.Debug|Win32.ActiveCfg = Debug|Any CPU
		{C6F1BA08-354D-4B0E-B2DD-D1ADD2793F10}.Debug|Win32.Build.0 = Debug|Any CPU
		{C6F1BA08-354D-4B0E-B2DD-D1ADD2793F10}.Debug|x64.ActiveCfg = Debug|Any CPU
		{C6F1BA08-354D-4B0E-B2DD-D1ADD2793F10}.Debug|x64.Build.0 = Debug|Any CPU
		{C6F1BA08-354D-4B0E-B2DD-D1ADD2793F10}.Debug|x86.ActiveCfg = Debug|Any CPU
		{C6F1BA08-354D-4B0E-B2DD-D1ADD2793F10}.Debug|x86.Build.0 = Debug|Any CPU
		{C6F1BA08-354D-4B0E-B2DD-D1ADD2793F10}.NoCppProject|Any CPU.ActiveCfg = Debug|Any CPU
		{C6F1BA08-354D-4B0E-B2DD-D1ADD2793F10}.NoCppProject|Any CPU.Build.0 = Debug|Any CPU
		{C6F1BA08-354D-4B0E-B2DD-D1ADD2793F10}.NoCppProject|ARM.ActiveCfg = Debug|Any CPU
		{C6F1BA08-354D-4B0E-B2DD-D1ADD2793F10}.NoCppProject|ARM.Build.0 = Debug|Any CPU
		{C6F1BA08-354D-4B0E-B2DD-D1ADD2793F10}.NoCppProject|ARM64.ActiveCfg = Debug|Any CPU
		{C6F1BA08-354D-4B0E-B2DD-D1ADD2793F10}.NoCppProject|ARM64.Build.0 = Debug|Any CPU
		{C6F1BA08-354D-4B0E-B2DD-D1ADD2793F10}.NoCppProject|Win32.ActiveCfg = Debug|Any CPU
		{C6F1BA08-354D-4B0E-B2DD-D1ADD2793F10}.NoCppProject|Win32.Build.0 = Debug|Any CPU
		{C6F1BA08-354D-4B0E-B2DD-D1ADD2793F10}.NoCppProject|x64.ActiveCfg = Debug|Any CPU
		{C6F1BA08-354D-4B0E-B2DD-D1ADD2793F10}.NoCppProject|x64.Build.0 = Debug|Any CPU
		{C6F1BA08-354D-4B0E-B2DD-D1ADD2793F10}.NoCppProject|x86.ActiveCfg = Debug|Any CPU
		{C6F1BA08-354D-4B0E-B2DD-D1ADD2793F10}.NoCppProject|x86.Build.0 = Debug|Any CPU
		{C6F1BA08-354D-4B0E-B2DD-D1ADD2793F10}.Release|Any CPU.ActiveCfg = Release|Any CPU
		{C6F1BA08-354D-4B0E-B2DD-D1ADD2793F10}.Release|Any CPU.Build.0 = Release|Any CPU
		{C6F1BA08-354D-4B0E-B2DD-D1ADD2793F10}.Release|ARM.ActiveCfg = Release|Any CPU
		{C6F1BA08-354D-4B0E-B2DD-D1ADD2793F10}.Release|ARM.Build.0 = Release|Any CPU
		{C6F1BA08-354D-4B0E-B2DD-D1ADD2793F10}.Release|ARM64.ActiveCfg = Release|Any CPU
		{C6F1BA08-354D-4B0E-B2DD-D1ADD2793F10}.Release|ARM64.Build.0 = Release|Any CPU
		{C6F1BA08-354D-4B0E-B2DD-D1ADD2793F10}.Release|Win32.ActiveCfg = Release|Any CPU
		{C6F1BA08-354D-4B0E-B2DD-D1ADD2793F10}.Release|Win32.Build.0 = Release|Any CPU
		{C6F1BA08-354D-4B0E-B2DD-D1ADD2793F10}.Release|x64.ActiveCfg = Release|Any CPU
		{C6F1BA08-354D-4B0E-B2DD-D1ADD2793F10}.Release|x64.Build.0 = Release|Any CPU
		{C6F1BA08-354D-4B0E-B2DD-D1ADD2793F10}.Release|x86.ActiveCfg = Release|Any CPU
		{C6F1BA08-354D-4B0E-B2DD-D1ADD2793F10}.Release|x86.Build.0 = Release|Any CPU
		{3E83322F-E834-4B52-B219-A5A33865F132}.Debug|Any CPU.ActiveCfg = Debug|Any CPU
		{3E83322F-E834-4B52-B219-A5A33865F132}.Debug|Any CPU.Build.0 = Debug|Any CPU
		{3E83322F-E834-4B52-B219-A5A33865F132}.Debug|ARM.ActiveCfg = Debug|Any CPU
		{3E83322F-E834-4B52-B219-A5A33865F132}.Debug|ARM.Build.0 = Debug|Any CPU
		{3E83322F-E834-4B52-B219-A5A33865F132}.Debug|ARM64.ActiveCfg = Debug|Any CPU
		{3E83322F-E834-4B52-B219-A5A33865F132}.Debug|ARM64.Build.0 = Debug|Any CPU
		{3E83322F-E834-4B52-B219-A5A33865F132}.Debug|Win32.ActiveCfg = Debug|Any CPU
		{3E83322F-E834-4B52-B219-A5A33865F132}.Debug|Win32.Build.0 = Debug|Any CPU
		{3E83322F-E834-4B52-B219-A5A33865F132}.Debug|x64.ActiveCfg = Debug|Any CPU
		{3E83322F-E834-4B52-B219-A5A33865F132}.Debug|x64.Build.0 = Debug|Any CPU
		{3E83322F-E834-4B52-B219-A5A33865F132}.Debug|x86.ActiveCfg = Debug|Any CPU
		{3E83322F-E834-4B52-B219-A5A33865F132}.Debug|x86.Build.0 = Debug|Any CPU
		{3E83322F-E834-4B52-B219-A5A33865F132}.NoCppProject|Any CPU.ActiveCfg = Debug|Any CPU
		{3E83322F-E834-4B52-B219-A5A33865F132}.NoCppProject|Any CPU.Build.0 = Debug|Any CPU
		{3E83322F-E834-4B52-B219-A5A33865F132}.NoCppProject|ARM.ActiveCfg = Debug|Any CPU
		{3E83322F-E834-4B52-B219-A5A33865F132}.NoCppProject|ARM.Build.0 = Debug|Any CPU
		{3E83322F-E834-4B52-B219-A5A33865F132}.NoCppProject|ARM64.ActiveCfg = Debug|Any CPU
		{3E83322F-E834-4B52-B219-A5A33865F132}.NoCppProject|ARM64.Build.0 = Debug|Any CPU
		{3E83322F-E834-4B52-B219-A5A33865F132}.NoCppProject|Win32.ActiveCfg = Debug|Any CPU
		{3E83322F-E834-4B52-B219-A5A33865F132}.NoCppProject|Win32.Build.0 = Debug|Any CPU
		{3E83322F-E834-4B52-B219-A5A33865F132}.NoCppProject|x64.ActiveCfg = Debug|Any CPU
		{3E83322F-E834-4B52-B219-A5A33865F132}.NoCppProject|x64.Build.0 = Debug|Any CPU
		{3E83322F-E834-4B52-B219-A5A33865F132}.NoCppProject|x86.ActiveCfg = Debug|Any CPU
		{3E83322F-E834-4B52-B219-A5A33865F132}.NoCppProject|x86.Build.0 = Debug|Any CPU
		{3E83322F-E834-4B52-B219-A5A33865F132}.Release|Any CPU.ActiveCfg = Release|Any CPU
		{3E83322F-E834-4B52-B219-A5A33865F132}.Release|Any CPU.Build.0 = Release|Any CPU
		{3E83322F-E834-4B52-B219-A5A33865F132}.Release|ARM.ActiveCfg = Release|Any CPU
		{3E83322F-E834-4B52-B219-A5A33865F132}.Release|ARM.Build.0 = Release|Any CPU
		{3E83322F-E834-4B52-B219-A5A33865F132}.Release|ARM64.ActiveCfg = Release|Any CPU
		{3E83322F-E834-4B52-B219-A5A33865F132}.Release|ARM64.Build.0 = Release|Any CPU
		{3E83322F-E834-4B52-B219-A5A33865F132}.Release|Win32.ActiveCfg = Release|Any CPU
		{3E83322F-E834-4B52-B219-A5A33865F132}.Release|Win32.Build.0 = Release|Any CPU
		{3E83322F-E834-4B52-B219-A5A33865F132}.Release|x64.ActiveCfg = Release|Any CPU
		{3E83322F-E834-4B52-B219-A5A33865F132}.Release|x64.Build.0 = Release|Any CPU
		{3E83322F-E834-4B52-B219-A5A33865F132}.Release|x86.ActiveCfg = Release|Any CPU
		{3E83322F-E834-4B52-B219-A5A33865F132}.Release|x86.Build.0 = Release|Any CPU
		{F3C32A9F-3DD3-4339-87B1-1481B44D8958}.Debug|Any CPU.ActiveCfg = Debug|Any CPU
		{F3C32A9F-3DD3-4339-87B1-1481B44D8958}.Debug|Any CPU.Build.0 = Debug|Any CPU
		{F3C32A9F-3DD3-4339-87B1-1481B44D8958}.Debug|ARM.ActiveCfg = Debug|Any CPU
		{F3C32A9F-3DD3-4339-87B1-1481B44D8958}.Debug|ARM.Build.0 = Debug|Any CPU
		{F3C32A9F-3DD3-4339-87B1-1481B44D8958}.Debug|ARM64.ActiveCfg = Debug|Any CPU
		{F3C32A9F-3DD3-4339-87B1-1481B44D8958}.Debug|ARM64.Build.0 = Debug|Any CPU
		{F3C32A9F-3DD3-4339-87B1-1481B44D8958}.Debug|Win32.ActiveCfg = Debug|Any CPU
		{F3C32A9F-3DD3-4339-87B1-1481B44D8958}.Debug|Win32.Build.0 = Debug|Any CPU
		{F3C32A9F-3DD3-4339-87B1-1481B44D8958}.Debug|x64.ActiveCfg = Debug|Any CPU
		{F3C32A9F-3DD3-4339-87B1-1481B44D8958}.Debug|x64.Build.0 = Debug|Any CPU
		{F3C32A9F-3DD3-4339-87B1-1481B44D8958}.Debug|x86.ActiveCfg = Debug|Any CPU
		{F3C32A9F-3DD3-4339-87B1-1481B44D8958}.Debug|x86.Build.0 = Debug|Any CPU
		{F3C32A9F-3DD3-4339-87B1-1481B44D8958}.NoCppProject|Any CPU.ActiveCfg = Debug|Any CPU
		{F3C32A9F-3DD3-4339-87B1-1481B44D8958}.NoCppProject|Any CPU.Build.0 = Debug|Any CPU
		{F3C32A9F-3DD3-4339-87B1-1481B44D8958}.NoCppProject|ARM.ActiveCfg = Debug|Any CPU
		{F3C32A9F-3DD3-4339-87B1-1481B44D8958}.NoCppProject|ARM.Build.0 = Debug|Any CPU
		{F3C32A9F-3DD3-4339-87B1-1481B44D8958}.NoCppProject|ARM64.ActiveCfg = Debug|Any CPU
		{F3C32A9F-3DD3-4339-87B1-1481B44D8958}.NoCppProject|ARM64.Build.0 = Debug|Any CPU
		{F3C32A9F-3DD3-4339-87B1-1481B44D8958}.NoCppProject|Win32.ActiveCfg = Debug|Any CPU
		{F3C32A9F-3DD3-4339-87B1-1481B44D8958}.NoCppProject|Win32.Build.0 = Debug|Any CPU
		{F3C32A9F-3DD3-4339-87B1-1481B44D8958}.NoCppProject|x64.ActiveCfg = Debug|Any CPU
		{F3C32A9F-3DD3-4339-87B1-1481B44D8958}.NoCppProject|x64.Build.0 = Debug|Any CPU
		{F3C32A9F-3DD3-4339-87B1-1481B44D8958}.NoCppProject|x86.ActiveCfg = Debug|Any CPU
		{F3C32A9F-3DD3-4339-87B1-1481B44D8958}.NoCppProject|x86.Build.0 = Debug|Any CPU
		{F3C32A9F-3DD3-4339-87B1-1481B44D8958}.Release|Any CPU.ActiveCfg = Release|Any CPU
		{F3C32A9F-3DD3-4339-87B1-1481B44D8958}.Release|Any CPU.Build.0 = Release|Any CPU
		{F3C32A9F-3DD3-4339-87B1-1481B44D8958}.Release|ARM.ActiveCfg = Release|Any CPU
		{F3C32A9F-3DD3-4339-87B1-1481B44D8958}.Release|ARM.Build.0 = Release|Any CPU
		{F3C32A9F-3DD3-4339-87B1-1481B44D8958}.Release|ARM64.ActiveCfg = Release|Any CPU
		{F3C32A9F-3DD3-4339-87B1-1481B44D8958}.Release|ARM64.Build.0 = Release|Any CPU
		{F3C32A9F-3DD3-4339-87B1-1481B44D8958}.Release|Win32.ActiveCfg = Release|Any CPU
		{F3C32A9F-3DD3-4339-87B1-1481B44D8958}.Release|Win32.Build.0 = Release|Any CPU
		{F3C32A9F-3DD3-4339-87B1-1481B44D8958}.Release|x64.ActiveCfg = Release|Any CPU
		{F3C32A9F-3DD3-4339-87B1-1481B44D8958}.Release|x64.Build.0 = Release|Any CPU
		{F3C32A9F-3DD3-4339-87B1-1481B44D8958}.Release|x86.ActiveCfg = Release|Any CPU
		{F3C32A9F-3DD3-4339-87B1-1481B44D8958}.Release|x86.Build.0 = Release|Any CPU
		{11AC005B-A9BD-44CA-9CA0-78EA7A50CE14}.Debug|Any CPU.ActiveCfg = Debug|Any CPU
		{11AC005B-A9BD-44CA-9CA0-78EA7A50CE14}.Debug|Any CPU.Build.0 = Debug|Any CPU
		{11AC005B-A9BD-44CA-9CA0-78EA7A50CE14}.Debug|ARM.ActiveCfg = Debug|Any CPU
		{11AC005B-A9BD-44CA-9CA0-78EA7A50CE14}.Debug|ARM.Build.0 = Debug|Any CPU
		{11AC005B-A9BD-44CA-9CA0-78EA7A50CE14}.Debug|ARM64.ActiveCfg = Debug|Any CPU
		{11AC005B-A9BD-44CA-9CA0-78EA7A50CE14}.Debug|ARM64.Build.0 = Debug|Any CPU
		{11AC005B-A9BD-44CA-9CA0-78EA7A50CE14}.Debug|Win32.ActiveCfg = Debug|Any CPU
		{11AC005B-A9BD-44CA-9CA0-78EA7A50CE14}.Debug|Win32.Build.0 = Debug|Any CPU
		{11AC005B-A9BD-44CA-9CA0-78EA7A50CE14}.Debug|x64.ActiveCfg = Debug|Any CPU
		{11AC005B-A9BD-44CA-9CA0-78EA7A50CE14}.Debug|x64.Build.0 = Debug|Any CPU
		{11AC005B-A9BD-44CA-9CA0-78EA7A50CE14}.Debug|x86.ActiveCfg = Debug|Any CPU
		{11AC005B-A9BD-44CA-9CA0-78EA7A50CE14}.Debug|x86.Build.0 = Debug|Any CPU
		{11AC005B-A9BD-44CA-9CA0-78EA7A50CE14}.NoCppProject|Any CPU.ActiveCfg = Debug|Any CPU
		{11AC005B-A9BD-44CA-9CA0-78EA7A50CE14}.NoCppProject|Any CPU.Build.0 = Debug|Any CPU
		{11AC005B-A9BD-44CA-9CA0-78EA7A50CE14}.NoCppProject|ARM.ActiveCfg = Debug|Any CPU
		{11AC005B-A9BD-44CA-9CA0-78EA7A50CE14}.NoCppProject|ARM.Build.0 = Debug|Any CPU
		{11AC005B-A9BD-44CA-9CA0-78EA7A50CE14}.NoCppProject|ARM64.ActiveCfg = Debug|Any CPU
		{11AC005B-A9BD-44CA-9CA0-78EA7A50CE14}.NoCppProject|ARM64.Build.0 = Debug|Any CPU
		{11AC005B-A9BD-44CA-9CA0-78EA7A50CE14}.NoCppProject|Win32.ActiveCfg = Debug|Any CPU
		{11AC005B-A9BD-44CA-9CA0-78EA7A50CE14}.NoCppProject|Win32.Build.0 = Debug|Any CPU
		{11AC005B-A9BD-44CA-9CA0-78EA7A50CE14}.NoCppProject|x64.ActiveCfg = Debug|Any CPU
		{11AC005B-A9BD-44CA-9CA0-78EA7A50CE14}.NoCppProject|x64.Build.0 = Debug|Any CPU
		{11AC005B-A9BD-44CA-9CA0-78EA7A50CE14}.NoCppProject|x86.ActiveCfg = Debug|Any CPU
		{11AC005B-A9BD-44CA-9CA0-78EA7A50CE14}.NoCppProject|x86.Build.0 = Debug|Any CPU
		{11AC005B-A9BD-44CA-9CA0-78EA7A50CE14}.Release|Any CPU.ActiveCfg = Release|Any CPU
		{11AC005B-A9BD-44CA-9CA0-78EA7A50CE14}.Release|Any CPU.Build.0 = Release|Any CPU
		{11AC005B-A9BD-44CA-9CA0-78EA7A50CE14}.Release|ARM.ActiveCfg = Release|Any CPU
		{11AC005B-A9BD-44CA-9CA0-78EA7A50CE14}.Release|ARM.Build.0 = Release|Any CPU
		{11AC005B-A9BD-44CA-9CA0-78EA7A50CE14}.Release|ARM64.ActiveCfg = Release|Any CPU
		{11AC005B-A9BD-44CA-9CA0-78EA7A50CE14}.Release|ARM64.Build.0 = Release|Any CPU
		{11AC005B-A9BD-44CA-9CA0-78EA7A50CE14}.Release|Win32.ActiveCfg = Release|Any CPU
		{11AC005B-A9BD-44CA-9CA0-78EA7A50CE14}.Release|Win32.Build.0 = Release|Any CPU
		{11AC005B-A9BD-44CA-9CA0-78EA7A50CE14}.Release|x64.ActiveCfg = Release|Any CPU
		{11AC005B-A9BD-44CA-9CA0-78EA7A50CE14}.Release|x64.Build.0 = Release|Any CPU
		{11AC005B-A9BD-44CA-9CA0-78EA7A50CE14}.Release|x86.ActiveCfg = Release|Any CPU
		{11AC005B-A9BD-44CA-9CA0-78EA7A50CE14}.Release|x86.Build.0 = Release|Any CPU
		{29363B78-28B7-4B77-AA6C-A52376F58721}.Debug|Any CPU.ActiveCfg = Debug|Any CPU
		{29363B78-28B7-4B77-AA6C-A52376F58721}.Debug|Any CPU.Build.0 = Debug|Any CPU
		{29363B78-28B7-4B77-AA6C-A52376F58721}.Debug|ARM.ActiveCfg = Debug|Any CPU
		{29363B78-28B7-4B77-AA6C-A52376F58721}.Debug|ARM.Build.0 = Debug|Any CPU
		{29363B78-28B7-4B77-AA6C-A52376F58721}.Debug|ARM64.ActiveCfg = Debug|Any CPU
		{29363B78-28B7-4B77-AA6C-A52376F58721}.Debug|ARM64.Build.0 = Debug|Any CPU
		{29363B78-28B7-4B77-AA6C-A52376F58721}.Debug|Win32.ActiveCfg = Debug|Any CPU
		{29363B78-28B7-4B77-AA6C-A52376F58721}.Debug|Win32.Build.0 = Debug|Any CPU
		{29363B78-28B7-4B77-AA6C-A52376F58721}.Debug|x64.ActiveCfg = Debug|Any CPU
		{29363B78-28B7-4B77-AA6C-A52376F58721}.Debug|x64.Build.0 = Debug|Any CPU
		{29363B78-28B7-4B77-AA6C-A52376F58721}.Debug|x86.ActiveCfg = Debug|Any CPU
		{29363B78-28B7-4B77-AA6C-A52376F58721}.Debug|x86.Build.0 = Debug|Any CPU
		{29363B78-28B7-4B77-AA6C-A52376F58721}.NoCppProject|Any CPU.ActiveCfg = Debug|Any CPU
		{29363B78-28B7-4B77-AA6C-A52376F58721}.NoCppProject|Any CPU.Build.0 = Debug|Any CPU
		{29363B78-28B7-4B77-AA6C-A52376F58721}.NoCppProject|ARM.ActiveCfg = Debug|Any CPU
		{29363B78-28B7-4B77-AA6C-A52376F58721}.NoCppProject|ARM.Build.0 = Debug|Any CPU
		{29363B78-28B7-4B77-AA6C-A52376F58721}.NoCppProject|ARM64.ActiveCfg = Debug|Any CPU
		{29363B78-28B7-4B77-AA6C-A52376F58721}.NoCppProject|ARM64.Build.0 = Debug|Any CPU
		{29363B78-28B7-4B77-AA6C-A52376F58721}.NoCppProject|Win32.ActiveCfg = Debug|Any CPU
		{29363B78-28B7-4B77-AA6C-A52376F58721}.NoCppProject|Win32.Build.0 = Debug|Any CPU
		{29363B78-28B7-4B77-AA6C-A52376F58721}.NoCppProject|x64.ActiveCfg = Debug|Any CPU
		{29363B78-28B7-4B77-AA6C-A52376F58721}.NoCppProject|x64.Build.0 = Debug|Any CPU
		{29363B78-28B7-4B77-AA6C-A52376F58721}.NoCppProject|x86.ActiveCfg = Debug|Any CPU
		{29363B78-28B7-4B77-AA6C-A52376F58721}.NoCppProject|x86.Build.0 = Debug|Any CPU
		{29363B78-28B7-4B77-AA6C-A52376F58721}.Release|Any CPU.ActiveCfg = Release|Any CPU
		{29363B78-28B7-4B77-AA6C-A52376F58721}.Release|Any CPU.Build.0 = Release|Any CPU
		{29363B78-28B7-4B77-AA6C-A52376F58721}.Release|ARM.ActiveCfg = Release|Any CPU
		{29363B78-28B7-4B77-AA6C-A52376F58721}.Release|ARM.Build.0 = Release|Any CPU
		{29363B78-28B7-4B77-AA6C-A52376F58721}.Release|ARM64.ActiveCfg = Release|Any CPU
		{29363B78-28B7-4B77-AA6C-A52376F58721}.Release|ARM64.Build.0 = Release|Any CPU
		{29363B78-28B7-4B77-AA6C-A52376F58721}.Release|Win32.ActiveCfg = Release|Any CPU
		{29363B78-28B7-4B77-AA6C-A52376F58721}.Release|Win32.Build.0 = Release|Any CPU
		{29363B78-28B7-4B77-AA6C-A52376F58721}.Release|x64.ActiveCfg = Release|Any CPU
		{29363B78-28B7-4B77-AA6C-A52376F58721}.Release|x64.Build.0 = Release|Any CPU
		{29363B78-28B7-4B77-AA6C-A52376F58721}.Release|x86.ActiveCfg = Release|Any CPU
		{29363B78-28B7-4B77-AA6C-A52376F58721}.Release|x86.Build.0 = Release|Any CPU
		{230E41B3-7CAE-4B06-BEC5-786CD941BCF4}.Debug|Any CPU.ActiveCfg = Debug|Any CPU
		{230E41B3-7CAE-4B06-BEC5-786CD941BCF4}.Debug|Any CPU.Build.0 = Debug|Any CPU
		{230E41B3-7CAE-4B06-BEC5-786CD941BCF4}.Debug|ARM.ActiveCfg = Debug|Any CPU
		{230E41B3-7CAE-4B06-BEC5-786CD941BCF4}.Debug|ARM.Build.0 = Debug|Any CPU
		{230E41B3-7CAE-4B06-BEC5-786CD941BCF4}.Debug|ARM64.ActiveCfg = Debug|Any CPU
		{230E41B3-7CAE-4B06-BEC5-786CD941BCF4}.Debug|ARM64.Build.0 = Debug|Any CPU
		{230E41B3-7CAE-4B06-BEC5-786CD941BCF4}.Debug|Win32.ActiveCfg = Debug|Any CPU
		{230E41B3-7CAE-4B06-BEC5-786CD941BCF4}.Debug|Win32.Build.0 = Debug|Any CPU
		{230E41B3-7CAE-4B06-BEC5-786CD941BCF4}.Debug|x64.ActiveCfg = Debug|Any CPU
		{230E41B3-7CAE-4B06-BEC5-786CD941BCF4}.Debug|x64.Build.0 = Debug|Any CPU
		{230E41B3-7CAE-4B06-BEC5-786CD941BCF4}.Debug|x86.ActiveCfg = Debug|Any CPU
		{230E41B3-7CAE-4B06-BEC5-786CD941BCF4}.Debug|x86.Build.0 = Debug|Any CPU
		{230E41B3-7CAE-4B06-BEC5-786CD941BCF4}.NoCppProject|Any CPU.ActiveCfg = Debug|Any CPU
		{230E41B3-7CAE-4B06-BEC5-786CD941BCF4}.NoCppProject|Any CPU.Build.0 = Debug|Any CPU
		{230E41B3-7CAE-4B06-BEC5-786CD941BCF4}.NoCppProject|ARM.ActiveCfg = Debug|Any CPU
		{230E41B3-7CAE-4B06-BEC5-786CD941BCF4}.NoCppProject|ARM.Build.0 = Debug|Any CPU
		{230E41B3-7CAE-4B06-BEC5-786CD941BCF4}.NoCppProject|ARM64.ActiveCfg = Debug|Any CPU
		{230E41B3-7CAE-4B06-BEC5-786CD941BCF4}.NoCppProject|ARM64.Build.0 = Debug|Any CPU
		{230E41B3-7CAE-4B06-BEC5-786CD941BCF4}.NoCppProject|Win32.ActiveCfg = Debug|Any CPU
		{230E41B3-7CAE-4B06-BEC5-786CD941BCF4}.NoCppProject|Win32.Build.0 = Debug|Any CPU
		{230E41B3-7CAE-4B06-BEC5-786CD941BCF4}.NoCppProject|x64.ActiveCfg = Debug|Any CPU
		{230E41B3-7CAE-4B06-BEC5-786CD941BCF4}.NoCppProject|x64.Build.0 = Debug|Any CPU
		{230E41B3-7CAE-4B06-BEC5-786CD941BCF4}.NoCppProject|x86.ActiveCfg = Debug|Any CPU
		{230E41B3-7CAE-4B06-BEC5-786CD941BCF4}.NoCppProject|x86.Build.0 = Debug|Any CPU
		{230E41B3-7CAE-4B06-BEC5-786CD941BCF4}.Release|Any CPU.ActiveCfg = Release|Any CPU
		{230E41B3-7CAE-4B06-BEC5-786CD941BCF4}.Release|Any CPU.Build.0 = Release|Any CPU
		{230E41B3-7CAE-4B06-BEC5-786CD941BCF4}.Release|ARM.ActiveCfg = Release|Any CPU
		{230E41B3-7CAE-4B06-BEC5-786CD941BCF4}.Release|ARM.Build.0 = Release|Any CPU
		{230E41B3-7CAE-4B06-BEC5-786CD941BCF4}.Release|ARM64.ActiveCfg = Release|Any CPU
		{230E41B3-7CAE-4B06-BEC5-786CD941BCF4}.Release|ARM64.Build.0 = Release|Any CPU
		{230E41B3-7CAE-4B06-BEC5-786CD941BCF4}.Release|Win32.ActiveCfg = Release|Any CPU
		{230E41B3-7CAE-4B06-BEC5-786CD941BCF4}.Release|Win32.Build.0 = Release|Any CPU
		{230E41B3-7CAE-4B06-BEC5-786CD941BCF4}.Release|x64.ActiveCfg = Release|Any CPU
		{230E41B3-7CAE-4B06-BEC5-786CD941BCF4}.Release|x64.Build.0 = Release|Any CPU
		{230E41B3-7CAE-4B06-BEC5-786CD941BCF4}.Release|x86.ActiveCfg = Release|Any CPU
		{230E41B3-7CAE-4B06-BEC5-786CD941BCF4}.Release|x86.Build.0 = Release|Any CPU
		{E5D27511-8174-44BA-A740-48B61865BC6A}.Debug|Any CPU.ActiveCfg = Debug|Any CPU
		{E5D27511-8174-44BA-A740-48B61865BC6A}.Debug|Any CPU.Build.0 = Debug|Any CPU
		{E5D27511-8174-44BA-A740-48B61865BC6A}.Debug|ARM.ActiveCfg = Debug|Any CPU
		{E5D27511-8174-44BA-A740-48B61865BC6A}.Debug|ARM.Build.0 = Debug|Any CPU
		{E5D27511-8174-44BA-A740-48B61865BC6A}.Debug|ARM64.ActiveCfg = Debug|Any CPU
		{E5D27511-8174-44BA-A740-48B61865BC6A}.Debug|ARM64.Build.0 = Debug|Any CPU
		{E5D27511-8174-44BA-A740-48B61865BC6A}.Debug|Win32.ActiveCfg = Debug|Any CPU
		{E5D27511-8174-44BA-A740-48B61865BC6A}.Debug|Win32.Build.0 = Debug|Any CPU
		{E5D27511-8174-44BA-A740-48B61865BC6A}.Debug|x64.ActiveCfg = Debug|Any CPU
		{E5D27511-8174-44BA-A740-48B61865BC6A}.Debug|x64.Build.0 = Debug|Any CPU
		{E5D27511-8174-44BA-A740-48B61865BC6A}.Debug|x86.ActiveCfg = Debug|Any CPU
		{E5D27511-8174-44BA-A740-48B61865BC6A}.Debug|x86.Build.0 = Debug|Any CPU
		{E5D27511-8174-44BA-A740-48B61865BC6A}.NoCppProject|Any CPU.ActiveCfg = NoCppProject|Any CPU
		{E5D27511-8174-44BA-A740-48B61865BC6A}.NoCppProject|Any CPU.Build.0 = NoCppProject|Any CPU
		{E5D27511-8174-44BA-A740-48B61865BC6A}.NoCppProject|ARM.ActiveCfg = NoCppProject|Any CPU
		{E5D27511-8174-44BA-A740-48B61865BC6A}.NoCppProject|ARM.Build.0 = NoCppProject|Any CPU
		{E5D27511-8174-44BA-A740-48B61865BC6A}.NoCppProject|ARM64.ActiveCfg = NoCppProject|Any CPU
		{E5D27511-8174-44BA-A740-48B61865BC6A}.NoCppProject|ARM64.Build.0 = NoCppProject|Any CPU
		{E5D27511-8174-44BA-A740-48B61865BC6A}.NoCppProject|Win32.ActiveCfg = NoCppProject|Any CPU
		{E5D27511-8174-44BA-A740-48B61865BC6A}.NoCppProject|Win32.Build.0 = NoCppProject|Any CPU
		{E5D27511-8174-44BA-A740-48B61865BC6A}.NoCppProject|x64.ActiveCfg = NoCppProject|Any CPU
		{E5D27511-8174-44BA-A740-48B61865BC6A}.NoCppProject|x64.Build.0 = NoCppProject|Any CPU
		{E5D27511-8174-44BA-A740-48B61865BC6A}.NoCppProject|x86.ActiveCfg = NoCppProject|Any CPU
		{E5D27511-8174-44BA-A740-48B61865BC6A}.NoCppProject|x86.Build.0 = NoCppProject|Any CPU
		{E5D27511-8174-44BA-A740-48B61865BC6A}.Release|Any CPU.ActiveCfg = Release|Any CPU
		{E5D27511-8174-44BA-A740-48B61865BC6A}.Release|Any CPU.Build.0 = Release|Any CPU
		{E5D27511-8174-44BA-A740-48B61865BC6A}.Release|ARM.ActiveCfg = Release|Any CPU
		{E5D27511-8174-44BA-A740-48B61865BC6A}.Release|ARM.Build.0 = Release|Any CPU
		{E5D27511-8174-44BA-A740-48B61865BC6A}.Release|ARM64.ActiveCfg = Release|Any CPU
		{E5D27511-8174-44BA-A740-48B61865BC6A}.Release|ARM64.Build.0 = Release|Any CPU
		{E5D27511-8174-44BA-A740-48B61865BC6A}.Release|Win32.ActiveCfg = Release|Any CPU
		{E5D27511-8174-44BA-A740-48B61865BC6A}.Release|Win32.Build.0 = Release|Any CPU
		{E5D27511-8174-44BA-A740-48B61865BC6A}.Release|x64.ActiveCfg = Release|Any CPU
		{E5D27511-8174-44BA-A740-48B61865BC6A}.Release|x64.Build.0 = Release|Any CPU
		{E5D27511-8174-44BA-A740-48B61865BC6A}.Release|x86.ActiveCfg = Release|Any CPU
		{E5D27511-8174-44BA-A740-48B61865BC6A}.Release|x86.Build.0 = Release|Any CPU
	EndGlobalSection
	GlobalSection(SolutionProperties) = preSolution
		HideSolutionNode = FALSE
	EndGlobalSection
	GlobalSection(NestedProjects) = preSolution
		{77E80206-E74E-4834-B7D3-40CBF30C3CFC} = {DC45EAC1-1CCC-4BEA-8C1C-EB0BFD6C4F5E}
		{5ED88424-F7E3-4541-879E-D1E93FB38F59} = {DC45EAC1-1CCC-4BEA-8C1C-EB0BFD6C4F5E}
		{18169FF4-5C33-49CD-BF92-BAF66E5BC2BA} = {1CC6F02C-CB9B-404C-A979-0C9D064C6D44}
		{AF58E9B9-93EB-42F4-8322-65330B81AC63} = {DC45EAC1-1CCC-4BEA-8C1C-EB0BFD6C4F5E}
		{38FD9D00-F24E-49A8-BB33-B6B1B315D57F} = {9422FD81-F6D3-440C-ABCE-08A71C70BBA2}
		{80C75396-6385-49F3-B6D3-642576F10AED} = {DC45EAC1-1CCC-4BEA-8C1C-EB0BFD6C4F5E}
		{D3A04359-FB3D-4D03-AB68-0CDE6A967E52} = {9422FD81-F6D3-440C-ABCE-08A71C70BBA2}
		{8C7FA97F-9C6B-4ACC-9AD0-91948633646B} = {1CC6F02C-CB9B-404C-A979-0C9D064C6D44}
		{7550BC93-0604-4EBF-9755-5D7EC17F4B8D} = {1CC6F02C-CB9B-404C-A979-0C9D064C6D44}
		{EBA9880C-D72E-4005-91AA-D7C752ED9021} = {9422FD81-F6D3-440C-ABCE-08A71C70BBA2}
		{C6F1BA08-354D-4B0E-B2DD-D1ADD2793F10} = {DC45EAC1-1CCC-4BEA-8C1C-EB0BFD6C4F5E}
		{3E83322F-E834-4B52-B219-A5A33865F132} = {DA832325-FC3D-4097-AABB-51AE45950460}
		{F3C32A9F-3DD3-4339-87B1-1481B44D8958} = {9422FD81-F6D3-440C-ABCE-08A71C70BBA2}
		{11AC005B-A9BD-44CA-9CA0-78EA7A50CE14} = {9422FD81-F6D3-440C-ABCE-08A71C70BBA2}
		{29363B78-28B7-4B77-AA6C-A52376F58721} = {9422FD81-F6D3-440C-ABCE-08A71C70BBA2}
		{230E41B3-7CAE-4B06-BEC5-786CD941BCF4} = {BBF1C129-1097-43CC-9877-DECBBE4353DB}
		{E5D27511-8174-44BA-A740-48B61865BC6A} = {9422FD81-F6D3-440C-ABCE-08A71C70BBA2}
	EndGlobalSection
	GlobalSection(ExtensibilityGlobals) = postSolution
		SolutionGuid = {1F0D73AF-03B2-46C6-85FC-4001F40459D5}
	EndGlobalSection
EndGlobal
