
Microsoft Visual Studio Solution File, Format Version 12.00
# Visual Studio Version 17
VisualStudioVersion = 17.5.33424.131
MinimumVisualStudioVersion = 10.0.40219.1
Project("{2150E333-8FDC-42A3-9474-1A3956D46DE8}") = "Common", "Common", "{DC45EAC1-1CCC-4BEA-8C1C-EB0BFD6C4F5E}"
EndProject
Project("{9A19103F-16F7-4668-BE54-9A1E7A4F7556}") = "Common.ExtensionsAndHelpers", "Common\Common.ExtensionsAndHelpers\Common.ExtensionsAndHelpers.csproj", "{77E80206-E74E-4834-B7D3-40CBF30C3CFC}"
EndProject
Project("{9A19103F-16F7-4668-BE54-9A1E7A4F7556}") = "Common.ExtensionsAndHelpers.Test.Unit", "Common\Common.ExtensionsAndHelpers.Test.Unit\Common.ExtensionsAndHelpers.Test.Unit.csproj", "{5ED88424-F7E3-4541-879E-D1E93FB38F59}"
EndProject
Project("{2150E333-8FDC-42A3-9474-1A3956D46DE8}") = "Terminal", "Terminal", "{DA832325-FC3D-4097-AABB-51AE45950460}"
EndProject
Project("{2150E333-8FDC-42A3-9474-1A3956D46DE8}") = "MetaQuotes", "MetaQuotes", "{1CC6F02C-CB9B-404C-A979-0C9D064C6D44}"
EndProject
Project("{2150E333-8FDC-42A3-9474-1A3956D46DE8}") = "MetaQuotes.MQL5", "MetaQuotes.MQL5", "{18169FF4-5C33-49CD-BF92-BAF66E5BC2BA}"
	ProjectSection(SolutionItems) = preProject
		MetaQuotes\MetaQuotes.MQL5\Ea.mq4 = MetaQuotes\MetaQuotes.MQL5\Ea.mq4
		MetaQuotes\MetaQuotes.MQL5\Indicator.mq5 = MetaQuotes\MetaQuotes.MQL5\Indicator.mq5
		MetaQuotes\MetaQuotes.MQL5\InstallOnUnit1068.bat = MetaQuotes\MetaQuotes.MQL5\InstallOnUnit1068.bat
		MetaQuotes\MetaQuotes.MQL5\readMe.txt = MetaQuotes\MetaQuotes.MQL5\readMe.txt
	EndProjectSection
EndProject
Project("{9A19103F-16F7-4668-BE54-9A1E7A4F7556}") = "Common.MetaQuotes.Mediator", "Common\Common.MetaQuotes.Mediator\Common.MetaQuotes.Mediator.csproj", "{AF58E9B9-93EB-42F4-8322-65330B81AC63}"
EndProject
Project("{9A19103F-16F7-4668-BE54-9A1E7A4F7556}") = "MetaQuotes.Console", "MetaQuotes\MetaQuotes.Console\MetaQuotes.Console.csproj", "{8C7FA97F-9C6B-4ACC-9AD0-91948633646B}"
EndProject
Project("{9A19103F-16F7-4668-BE54-9A1E7A4F7556}") = "Common.Protos", "Common\Common.Protos\Common.Protos.csproj", "{C6F1BA08-354D-4B0E-B2DD-D1ADD2793F10}"
EndProject
Project("{9A19103F-16F7-4668-BE54-9A1E7A4F7556}") = "Terminal.Console", "Terminal\Terminal.Console\Terminal.Console.csproj", "{3E83322F-E834-4B52-B219-A5A33865F132}"
EndProject
Project("{9A19103F-16F7-4668-BE54-9A1E7A4F7556}") = "Common.Entities", "Common\Common.Entities\Common.Entities.csproj", "{5CE390C8-BF60-4FA3-AF4B-48545BEA8B62}"
EndProject
Project("{9A19103F-16F7-4668-BE54-9A1E7A4F7556}") = "MetaQuotes.Client.Indicator.To.Mediator", "MetaQuotes\MetaQuotes.Client.Indicator.To.Mediator\MetaQuotes.Client.Indicator.To.Mediator.csproj", "{ABEF780C-1930-473B-8BC4-AACF56B68032}"
EndProject
Project("{9A19103F-16F7-4668-BE54-9A1E7A4F7556}") = "Terminal.WinUI3", "Terminal\Terminal.WinUI3\Terminal.WinUI3.csproj", "{0D24A2FF-FEB0-4C8E-9EB1-AEB56DE7381A}"
EndProject
Project("{9A19103F-16F7-4668-BE54-9A1E7A4F7556}") = "Common.DataSource", "Common\Common.DataSource\Common.DataSource.csproj", "{43FD8F03-59E0-4E64-A482-AB948E719335}"
EndProject
Project("{2150E333-8FDC-42A3-9474-1A3956D46DE8}") = "Mediator", "Mediator", "{2448CA3F-A691-4C28-9BBB-C64CE7374A4A}"
EndProject
Project("{9A19103F-16F7-4668-BE54-9A1E7A4F7556}") = "Mediator", "Mediator\Mediator\Mediator.csproj", "{162FEFF1-575C-4ACD-9143-0FEE3C10A338}"
EndProject
Global
	GlobalSection(SolutionConfigurationPlatforms) = preSolution
		Debug|Any CPU = Debug|Any CPU
		Debug|arm64 = Debug|arm64
		Debug|x64 = Debug|x64
		Debug|x86 = Debug|x86
		Release|Any CPU = Release|Any CPU
		Release|arm64 = Release|arm64
		Release|x64 = Release|x64
		Release|x86 = Release|x86
	EndGlobalSection
	GlobalSection(ProjectConfigurationPlatforms) = postSolution
		{77E80206-E74E-4834-B7D3-40CBF30C3CFC}.Debug|Any CPU.ActiveCfg = Debug|x64
		{77E80206-E74E-4834-B7D3-40CBF30C3CFC}.Debug|Any CPU.Build.0 = Debug|x64
		{77E80206-E74E-4834-B7D3-40CBF30C3CFC}.Debug|arm64.ActiveCfg = Debug|x64
		{77E80206-E74E-4834-B7D3-40CBF30C3CFC}.Debug|arm64.Build.0 = Debug|x64
		{77E80206-E74E-4834-B7D3-40CBF30C3CFC}.Debug|x64.ActiveCfg = Debug|x64
		{77E80206-E74E-4834-B7D3-40CBF30C3CFC}.Debug|x64.Build.0 = Debug|x64
		{77E80206-E74E-4834-B7D3-40CBF30C3CFC}.Debug|x86.ActiveCfg = Debug|x64
		{77E80206-E74E-4834-B7D3-40CBF30C3CFC}.Debug|x86.Build.0 = Debug|x64
		{77E80206-E74E-4834-B7D3-40CBF30C3CFC}.Release|Any CPU.ActiveCfg = Release|x64
		{77E80206-E74E-4834-B7D3-40CBF30C3CFC}.Release|Any CPU.Build.0 = Release|x64
		{77E80206-E74E-4834-B7D3-40CBF30C3CFC}.Release|arm64.ActiveCfg = Release|x64
		{77E80206-E74E-4834-B7D3-40CBF30C3CFC}.Release|arm64.Build.0 = Release|x64
		{77E80206-E74E-4834-B7D3-40CBF30C3CFC}.Release|x64.ActiveCfg = Release|x64
		{77E80206-E74E-4834-B7D3-40CBF30C3CFC}.Release|x64.Build.0 = Release|x64
		{77E80206-E74E-4834-B7D3-40CBF30C3CFC}.Release|x86.ActiveCfg = Release|x64
		{77E80206-E74E-4834-B7D3-40CBF30C3CFC}.Release|x86.Build.0 = Release|x64
		{5ED88424-F7E3-4541-879E-D1E93FB38F59}.Debug|Any CPU.ActiveCfg = Debug|x64
		{5ED88424-F7E3-4541-879E-D1E93FB38F59}.Debug|Any CPU.Build.0 = Debug|x64
		{5ED88424-F7E3-4541-879E-D1E93FB38F59}.Debug|arm64.ActiveCfg = Debug|x64
		{5ED88424-F7E3-4541-879E-D1E93FB38F59}.Debug|arm64.Build.0 = Debug|x64
		{5ED88424-F7E3-4541-879E-D1E93FB38F59}.Debug|x64.ActiveCfg = Debug|x64
		{5ED88424-F7E3-4541-879E-D1E93FB38F59}.Debug|x64.Build.0 = Debug|x64
		{5ED88424-F7E3-4541-879E-D1E93FB38F59}.Debug|x86.ActiveCfg = Debug|x64
		{5ED88424-F7E3-4541-879E-D1E93FB38F59}.Debug|x86.Build.0 = Debug|x64
		{5ED88424-F7E3-4541-879E-D1E93FB38F59}.Release|Any CPU.ActiveCfg = Release|x64
		{5ED88424-F7E3-4541-879E-D1E93FB38F59}.Release|Any CPU.Build.0 = Release|x64
		{5ED88424-F7E3-4541-879E-D1E93FB38F59}.Release|arm64.ActiveCfg = Release|x64
		{5ED88424-F7E3-4541-879E-D1E93FB38F59}.Release|arm64.Build.0 = Release|x64
		{5ED88424-F7E3-4541-879E-D1E93FB38F59}.Release|x64.ActiveCfg = Release|x64
		{5ED88424-F7E3-4541-879E-D1E93FB38F59}.Release|x64.Build.0 = Release|x64
		{5ED88424-F7E3-4541-879E-D1E93FB38F59}.Release|x86.ActiveCfg = Release|x64
		{5ED88424-F7E3-4541-879E-D1E93FB38F59}.Release|x86.Build.0 = Release|x64
		{AF58E9B9-93EB-42F4-8322-65330B81AC63}.Debug|Any CPU.ActiveCfg = Debug|x64
		{AF58E9B9-93EB-42F4-8322-65330B81AC63}.Debug|Any CPU.Build.0 = Debug|x64
		{AF58E9B9-93EB-42F4-8322-65330B81AC63}.Debug|arm64.ActiveCfg = Debug|x64
		{AF58E9B9-93EB-42F4-8322-65330B81AC63}.Debug|arm64.Build.0 = Debug|x64
		{AF58E9B9-93EB-42F4-8322-65330B81AC63}.Debug|x64.ActiveCfg = Debug|x64
		{AF58E9B9-93EB-42F4-8322-65330B81AC63}.Debug|x64.Build.0 = Debug|x64
		{AF58E9B9-93EB-42F4-8322-65330B81AC63}.Debug|x86.ActiveCfg = Debug|x64
		{AF58E9B9-93EB-42F4-8322-65330B81AC63}.Debug|x86.Build.0 = Debug|x64
		{AF58E9B9-93EB-42F4-8322-65330B81AC63}.Release|Any CPU.ActiveCfg = Release|x64
		{AF58E9B9-93EB-42F4-8322-65330B81AC63}.Release|Any CPU.Build.0 = Release|x64
		{AF58E9B9-93EB-42F4-8322-65330B81AC63}.Release|arm64.ActiveCfg = Release|x64
		{AF58E9B9-93EB-42F4-8322-65330B81AC63}.Release|arm64.Build.0 = Release|x64
		{AF58E9B9-93EB-42F4-8322-65330B81AC63}.Release|x64.ActiveCfg = Release|x64
		{AF58E9B9-93EB-42F4-8322-65330B81AC63}.Release|x64.Build.0 = Release|x64
		{AF58E9B9-93EB-42F4-8322-65330B81AC63}.Release|x86.ActiveCfg = Release|x64
		{AF58E9B9-93EB-42F4-8322-65330B81AC63}.Release|x86.Build.0 = Release|x64
		{8C7FA97F-9C6B-4ACC-9AD0-91948633646B}.Debug|Any CPU.ActiveCfg = Debug|x64
		{8C7FA97F-9C6B-4ACC-9AD0-91948633646B}.Debug|Any CPU.Build.0 = Debug|x64
		{8C7FA97F-9C6B-4ACC-9AD0-91948633646B}.Debug|arm64.ActiveCfg = Debug|x64
		{8C7FA97F-9C6B-4ACC-9AD0-91948633646B}.Debug|arm64.Build.0 = Debug|x64
		{8C7FA97F-9C6B-4ACC-9AD0-91948633646B}.Debug|x64.ActiveCfg = Debug|x64
		{8C7FA97F-9C6B-4ACC-9AD0-91948633646B}.Debug|x64.Build.0 = Debug|x64
		{8C7FA97F-9C6B-4ACC-9AD0-91948633646B}.Debug|x86.ActiveCfg = Debug|x64
		{8C7FA97F-9C6B-4ACC-9AD0-91948633646B}.Debug|x86.Build.0 = Debug|x64
		{8C7FA97F-9C6B-4ACC-9AD0-91948633646B}.Release|Any CPU.ActiveCfg = Release|x64
		{8C7FA97F-9C6B-4ACC-9AD0-91948633646B}.Release|Any CPU.Build.0 = Release|x64
		{8C7FA97F-9C6B-4ACC-9AD0-91948633646B}.Release|arm64.ActiveCfg = Release|x64
		{8C7FA97F-9C6B-4ACC-9AD0-91948633646B}.Release|arm64.Build.0 = Release|x64
		{8C7FA97F-9C6B-4ACC-9AD0-91948633646B}.Release|x64.ActiveCfg = Release|x64
		{8C7FA97F-9C6B-4ACC-9AD0-91948633646B}.Release|x64.Build.0 = Release|x64
		{8C7FA97F-9C6B-4ACC-9AD0-91948633646B}.Release|x86.ActiveCfg = Release|x64
		{8C7FA97F-9C6B-4ACC-9AD0-91948633646B}.Release|x86.Build.0 = Release|x64
		{C6F1BA08-354D-4B0E-B2DD-D1ADD2793F10}.Debug|Any CPU.ActiveCfg = Debug|x64
		{C6F1BA08-354D-4B0E-B2DD-D1ADD2793F10}.Debug|Any CPU.Build.0 = Debug|x64
		{C6F1BA08-354D-4B0E-B2DD-D1ADD2793F10}.Debug|arm64.ActiveCfg = Debug|x64
		{C6F1BA08-354D-4B0E-B2DD-D1ADD2793F10}.Debug|arm64.Build.0 = Debug|x64
		{C6F1BA08-354D-4B0E-B2DD-D1ADD2793F10}.Debug|x64.ActiveCfg = Debug|x64
		{C6F1BA08-354D-4B0E-B2DD-D1ADD2793F10}.Debug|x64.Build.0 = Debug|x64
		{C6F1BA08-354D-4B0E-B2DD-D1ADD2793F10}.Debug|x86.ActiveCfg = Debug|x64
		{C6F1BA08-354D-4B0E-B2DD-D1ADD2793F10}.Debug|x86.Build.0 = Debug|x64
		{C6F1BA08-354D-4B0E-B2DD-D1ADD2793F10}.Release|Any CPU.ActiveCfg = Release|x64
		{C6F1BA08-354D-4B0E-B2DD-D1ADD2793F10}.Release|Any CPU.Build.0 = Release|x64
		{C6F1BA08-354D-4B0E-B2DD-D1ADD2793F10}.Release|arm64.ActiveCfg = Release|x64
		{C6F1BA08-354D-4B0E-B2DD-D1ADD2793F10}.Release|arm64.Build.0 = Release|x64
		{C6F1BA08-354D-4B0E-B2DD-D1ADD2793F10}.Release|x64.ActiveCfg = Release|x64
		{C6F1BA08-354D-4B0E-B2DD-D1ADD2793F10}.Release|x64.Build.0 = Release|x64
		{C6F1BA08-354D-4B0E-B2DD-D1ADD2793F10}.Release|x86.ActiveCfg = Release|x64
		{C6F1BA08-354D-4B0E-B2DD-D1ADD2793F10}.Release|x86.Build.0 = Release|x64
		{3E83322F-E834-4B52-B219-A5A33865F132}.Debug|Any CPU.ActiveCfg = Debug|Any CPU
		{3E83322F-E834-4B52-B219-A5A33865F132}.Debug|Any CPU.Build.0 = Debug|Any CPU
		{3E83322F-E834-4B52-B219-A5A33865F132}.Debug|arm64.ActiveCfg = Debug|Any CPU
		{3E83322F-E834-4B52-B219-A5A33865F132}.Debug|arm64.Build.0 = Debug|Any CPU
		{3E83322F-E834-4B52-B219-A5A33865F132}.Debug|x64.ActiveCfg = Debug|x64
		{3E83322F-E834-4B52-B219-A5A33865F132}.Debug|x64.Build.0 = Debug|x64
		{3E83322F-E834-4B52-B219-A5A33865F132}.Debug|x86.ActiveCfg = Debug|Any CPU
		{3E83322F-E834-4B52-B219-A5A33865F132}.Debug|x86.Build.0 = Debug|Any CPU
		{3E83322F-E834-4B52-B219-A5A33865F132}.Release|Any CPU.ActiveCfg = Release|Any CPU
		{3E83322F-E834-4B52-B219-A5A33865F132}.Release|Any CPU.Build.0 = Release|Any CPU
		{3E83322F-E834-4B52-B219-A5A33865F132}.Release|arm64.ActiveCfg = Release|Any CPU
		{3E83322F-E834-4B52-B219-A5A33865F132}.Release|arm64.Build.0 = Release|Any CPU
		{3E83322F-E834-4B52-B219-A5A33865F132}.Release|x64.ActiveCfg = Release|x64
		{3E83322F-E834-4B52-B219-A5A33865F132}.Release|x64.Build.0 = Release|x64
		{3E83322F-E834-4B52-B219-A5A33865F132}.Release|x86.ActiveCfg = Release|Any CPU
		{3E83322F-E834-4B52-B219-A5A33865F132}.Release|x86.Build.0 = Release|Any CPU
		{5CE390C8-BF60-4FA3-AF4B-48545BEA8B62}.Debug|Any CPU.ActiveCfg = Debug|x64
		{5CE390C8-BF60-4FA3-AF4B-48545BEA8B62}.Debug|Any CPU.Build.0 = Debug|x64
		{5CE390C8-BF60-4FA3-AF4B-48545BEA8B62}.Debug|arm64.ActiveCfg = Debug|x64
		{5CE390C8-BF60-4FA3-AF4B-48545BEA8B62}.Debug|arm64.Build.0 = Debug|x64
		{5CE390C8-BF60-4FA3-AF4B-48545BEA8B62}.Debug|x64.ActiveCfg = Debug|x64
		{5CE390C8-BF60-4FA3-AF4B-48545BEA8B62}.Debug|x64.Build.0 = Debug|x64
		{5CE390C8-BF60-4FA3-AF4B-48545BEA8B62}.Debug|x86.ActiveCfg = Debug|x64
		{5CE390C8-BF60-4FA3-AF4B-48545BEA8B62}.Debug|x86.Build.0 = Debug|x64
		{5CE390C8-BF60-4FA3-AF4B-48545BEA8B62}.Release|Any CPU.ActiveCfg = Release|x64
		{5CE390C8-BF60-4FA3-AF4B-48545BEA8B62}.Release|Any CPU.Build.0 = Release|x64
		{5CE390C8-BF60-4FA3-AF4B-48545BEA8B62}.Release|arm64.ActiveCfg = Release|x64
		{5CE390C8-BF60-4FA3-AF4B-48545BEA8B62}.Release|arm64.Build.0 = Release|x64
		{5CE390C8-BF60-4FA3-AF4B-48545BEA8B62}.Release|x64.ActiveCfg = Release|x64
		{5CE390C8-BF60-4FA3-AF4B-48545BEA8B62}.Release|x64.Build.0 = Release|x64
		{5CE390C8-BF60-4FA3-AF4B-48545BEA8B62}.Release|x86.ActiveCfg = Release|x64
		{5CE390C8-BF60-4FA3-AF4B-48545BEA8B62}.Release|x86.Build.0 = Release|x64
		{ABEF780C-1930-473B-8BC4-AACF56B68032}.Debug|Any CPU.ActiveCfg = Debug|x64
		{ABEF780C-1930-473B-8BC4-AACF56B68032}.Debug|Any CPU.Build.0 = Debug|x64
		{ABEF780C-1930-473B-8BC4-AACF56B68032}.Debug|arm64.ActiveCfg = Debug|x64
		{ABEF780C-1930-473B-8BC4-AACF56B68032}.Debug|arm64.Build.0 = Debug|x64
		{ABEF780C-1930-473B-8BC4-AACF56B68032}.Debug|x64.ActiveCfg = Debug|x64
		{ABEF780C-1930-473B-8BC4-AACF56B68032}.Debug|x64.Build.0 = Debug|x64
		{ABEF780C-1930-473B-8BC4-AACF56B68032}.Debug|x86.ActiveCfg = Debug|x64
		{ABEF780C-1930-473B-8BC4-AACF56B68032}.Debug|x86.Build.0 = Debug|x64
		{ABEF780C-1930-473B-8BC4-AACF56B68032}.Release|Any CPU.ActiveCfg = Release|x64
		{ABEF780C-1930-473B-8BC4-AACF56B68032}.Release|Any CPU.Build.0 = Release|x64
		{ABEF780C-1930-473B-8BC4-AACF56B68032}.Release|arm64.ActiveCfg = Release|x64
		{ABEF780C-1930-473B-8BC4-AACF56B68032}.Release|arm64.Build.0 = Release|x64
		{ABEF780C-1930-473B-8BC4-AACF56B68032}.Release|x64.ActiveCfg = Release|x64
		{ABEF780C-1930-473B-8BC4-AACF56B68032}.Release|x64.Build.0 = Release|x64
		{ABEF780C-1930-473B-8BC4-AACF56B68032}.Release|x86.ActiveCfg = Release|x64
		{ABEF780C-1930-473B-8BC4-AACF56B68032}.Release|x86.Build.0 = Release|x64
		{0D24A2FF-FEB0-4C8E-9EB1-AEB56DE7381A}.Debug|Any CPU.ActiveCfg = Debug|x64
		{0D24A2FF-FEB0-4C8E-9EB1-AEB56DE7381A}.Debug|Any CPU.Build.0 = Debug|x64
		{0D24A2FF-FEB0-4C8E-9EB1-AEB56DE7381A}.Debug|Any CPU.Deploy.0 = Debug|x64
		{0D24A2FF-FEB0-4C8E-9EB1-AEB56DE7381A}.Debug|arm64.ActiveCfg = Debug|x64
		{0D24A2FF-FEB0-4C8E-9EB1-AEB56DE7381A}.Debug|arm64.Build.0 = Debug|x64
		{0D24A2FF-FEB0-4C8E-9EB1-AEB56DE7381A}.Debug|arm64.Deploy.0 = Debug|x64
		{0D24A2FF-FEB0-4C8E-9EB1-AEB56DE7381A}.Debug|x64.ActiveCfg = Debug|x64
		{0D24A2FF-FEB0-4C8E-9EB1-AEB56DE7381A}.Debug|x64.Build.0 = Debug|x64
		{0D24A2FF-FEB0-4C8E-9EB1-AEB56DE7381A}.Debug|x64.Deploy.0 = Debug|x64
		{0D24A2FF-FEB0-4C8E-9EB1-AEB56DE7381A}.Debug|x86.ActiveCfg = Debug|x64
		{0D24A2FF-FEB0-4C8E-9EB1-AEB56DE7381A}.Debug|x86.Build.0 = Debug|x64
		{0D24A2FF-FEB0-4C8E-9EB1-AEB56DE7381A}.Debug|x86.Deploy.0 = Debug|x64
		{0D24A2FF-FEB0-4C8E-9EB1-AEB56DE7381A}.Release|Any CPU.ActiveCfg = Release|x64
		{0D24A2FF-FEB0-4C8E-9EB1-AEB56DE7381A}.Release|Any CPU.Build.0 = Release|x64
		{0D24A2FF-FEB0-4C8E-9EB1-AEB56DE7381A}.Release|Any CPU.Deploy.0 = Release|x64
		{0D24A2FF-FEB0-4C8E-9EB1-AEB56DE7381A}.Release|arm64.ActiveCfg = Release|x64
		{0D24A2FF-FEB0-4C8E-9EB1-AEB56DE7381A}.Release|arm64.Build.0 = Release|x64
		{0D24A2FF-FEB0-4C8E-9EB1-AEB56DE7381A}.Release|arm64.Deploy.0 = Release|x64
		{0D24A2FF-FEB0-4C8E-9EB1-AEB56DE7381A}.Release|x64.ActiveCfg = Release|x64
		{0D24A2FF-FEB0-4C8E-9EB1-AEB56DE7381A}.Release|x64.Build.0 = Release|x64
		{0D24A2FF-FEB0-4C8E-9EB1-AEB56DE7381A}.Release|x64.Deploy.0 = Release|x64
		{0D24A2FF-FEB0-4C8E-9EB1-AEB56DE7381A}.Release|x86.ActiveCfg = Release|x64
		{0D24A2FF-FEB0-4C8E-9EB1-AEB56DE7381A}.Release|x86.Build.0 = Release|x64
		{0D24A2FF-FEB0-4C8E-9EB1-AEB56DE7381A}.Release|x86.Deploy.0 = Release|x64
		{43FD8F03-59E0-4E64-A482-AB948E719335}.Debug|Any CPU.ActiveCfg = Debug|x64
		{43FD8F03-59E0-4E64-A482-AB948E719335}.Debug|arm64.ActiveCfg = Debug|x64
		{43FD8F03-59E0-4E64-A482-AB948E719335}.Debug|x64.ActiveCfg = Debug|x64
		{43FD8F03-59E0-4E64-A482-AB948E719335}.Debug|x64.Build.0 = Debug|x64
		{43FD8F03-59E0-4E64-A482-AB948E719335}.Debug|x86.ActiveCfg = Debug|x64
		{43FD8F03-59E0-4E64-A482-AB948E719335}.Release|Any CPU.ActiveCfg = Release|x64
		{43FD8F03-59E0-4E64-A482-AB948E719335}.Release|arm64.ActiveCfg = Release|x64
		{43FD8F03-59E0-4E64-A482-AB948E719335}.Release|x64.ActiveCfg = Release|x64
		{43FD8F03-59E0-4E64-A482-AB948E719335}.Release|x86.ActiveCfg = Release|x64
		{162FEFF1-575C-4ACD-9143-0FEE3C10A338}.Debug|Any CPU.ActiveCfg = Debug|x64
		{162FEFF1-575C-4ACD-9143-0FEE3C10A338}.Debug|Any CPU.Build.0 = Debug|x64
		{162FEFF1-575C-4ACD-9143-0FEE3C10A338}.Debug|Any CPU.Deploy.0 = Debug|x64
		{162FEFF1-575C-4ACD-9143-0FEE3C10A338}.Debug|arm64.ActiveCfg = Debug|arm64
		{162FEFF1-575C-4ACD-9143-0FEE3C10A338}.Debug|arm64.Build.0 = Debug|arm64
		{162FEFF1-575C-4ACD-9143-0FEE3C10A338}.Debug|arm64.Deploy.0 = Debug|arm64
		{162FEFF1-575C-4ACD-9143-0FEE3C10A338}.Debug|x64.ActiveCfg = Debug|x64
		{162FEFF1-575C-4ACD-9143-0FEE3C10A338}.Debug|x64.Build.0 = Debug|x64
		{162FEFF1-575C-4ACD-9143-0FEE3C10A338}.Debug|x64.Deploy.0 = Debug|x64
		{162FEFF1-575C-4ACD-9143-0FEE3C10A338}.Debug|x86.ActiveCfg = Debug|x86
		{162FEFF1-575C-4ACD-9143-0FEE3C10A338}.Debug|x86.Build.0 = Debug|x86
		{162FEFF1-575C-4ACD-9143-0FEE3C10A338}.Debug|x86.Deploy.0 = Debug|x86
		{162FEFF1-575C-4ACD-9143-0FEE3C10A338}.Release|Any CPU.ActiveCfg = Release|x64
		{162FEFF1-575C-4ACD-9143-0FEE3C10A338}.Release|Any CPU.Build.0 = Release|x64
		{162FEFF1-575C-4ACD-9143-0FEE3C10A338}.Release|Any CPU.Deploy.0 = Release|x64
		{162FEFF1-575C-4ACD-9143-0FEE3C10A338}.Release|arm64.ActiveCfg = Release|arm64
		{162FEFF1-575C-4ACD-9143-0FEE3C10A338}.Release|arm64.Build.0 = Release|arm64
		{162FEFF1-575C-4ACD-9143-0FEE3C10A338}.Release|arm64.Deploy.0 = Release|arm64
		{162FEFF1-575C-4ACD-9143-0FEE3C10A338}.Release|x64.ActiveCfg = Release|x64
		{162FEFF1-575C-4ACD-9143-0FEE3C10A338}.Release|x64.Build.0 = Release|x64
		{162FEFF1-575C-4ACD-9143-0FEE3C10A338}.Release|x64.Deploy.0 = Release|x64
		{162FEFF1-575C-4ACD-9143-0FEE3C10A338}.Release|x86.ActiveCfg = Release|x86
		{162FEFF1-575C-4ACD-9143-0FEE3C10A338}.Release|x86.Build.0 = Release|x86
		{162FEFF1-575C-4ACD-9143-0FEE3C10A338}.Release|x86.Deploy.0 = Release|x86
	EndGlobalSection
	GlobalSection(SolutionProperties) = preSolution
		HideSolutionNode = FALSE
	EndGlobalSection
	GlobalSection(NestedProjects) = preSolution
		{77E80206-E74E-4834-B7D3-40CBF30C3CFC} = {DC45EAC1-1CCC-4BEA-8C1C-EB0BFD6C4F5E}
		{5ED88424-F7E3-4541-879E-D1E93FB38F59} = {DC45EAC1-1CCC-4BEA-8C1C-EB0BFD6C4F5E}
		{18169FF4-5C33-49CD-BF92-BAF66E5BC2BA} = {1CC6F02C-CB9B-404C-A979-0C9D064C6D44}
		{AF58E9B9-93EB-42F4-8322-65330B81AC63} = {DC45EAC1-1CCC-4BEA-8C1C-EB0BFD6C4F5E}
		{8C7FA97F-9C6B-4ACC-9AD0-91948633646B} = {1CC6F02C-CB9B-404C-A979-0C9D064C6D44}
		{C6F1BA08-354D-4B0E-B2DD-D1ADD2793F10} = {DC45EAC1-1CCC-4BEA-8C1C-EB0BFD6C4F5E}
		{3E83322F-E834-4B52-B219-A5A33865F132} = {DA832325-FC3D-4097-AABB-51AE45950460}
		{5CE390C8-BF60-4FA3-AF4B-48545BEA8B62} = {DC45EAC1-1CCC-4BEA-8C1C-EB0BFD6C4F5E}
		{ABEF780C-1930-473B-8BC4-AACF56B68032} = {1CC6F02C-CB9B-404C-A979-0C9D064C6D44}
		{0D24A2FF-FEB0-4C8E-9EB1-AEB56DE7381A} = {DA832325-FC3D-4097-AABB-51AE45950460}
		{43FD8F03-59E0-4E64-A482-AB948E719335} = {DC45EAC1-1CCC-4BEA-8C1C-EB0BFD6C4F5E}
		{162FEFF1-575C-4ACD-9143-0FEE3C10A338} = {2448CA3F-A691-4C28-9BBB-C64CE7374A4A}
	EndGlobalSection
	GlobalSection(ExtensibilityGlobals) = postSolution
		SolutionGuid = {1F0D73AF-03B2-46C6-85FC-4001F40459D5}
	EndGlobalSection
EndGlobal
